
Microsoft Visual Studio Solution File, Format Version 12.00
# Visual Studio 14
VisualStudioVersion = 14.0.25420.1
MinimumVisualStudioVersion = 10.0.40219.1
Project("{FAE04EC0-301F-11D3-BF4B-00C04F79EFBC}") = "AbsoluteDemoPage.Droid", "AbsoluteDemoPage\AbsoluteDemoPage.Droid\AbsoluteDemoPage.Droid.csproj", "{D91BA8FA-DCBB-45D7-AA8D-B4C3733FB2AA}"
EndProject
Project("{FAE04EC0-301F-11D3-BF4B-00C04F79EFBC}") = "AbsoluteDemoPage.iOS", "AbsoluteDemoPage\AbsoluteDemoPage.iOS\AbsoluteDemoPage.iOS.csproj", "{F66A90A6-C992-4CBC-994D-F30CDCA9A729}"
EndProject
Project("{FAE04EC0-301F-11D3-BF4B-00C04F79EFBC}") = "AbsoluteDemoPage.WinPhone", "AbsoluteDemoPage\AbsoluteDemoPage.WinPhone\AbsoluteDemoPage.WinPhone.csproj", "{A3728478-272D-48D3-B23D-FBDF983C7BE0}"
EndProject
Project("{FAE04EC0-301F-11D3-BF4B-00C04F79EFBC}") = "AbsoluteDemoPage.Windows", "AbsoluteDemoPage\AbsoluteDemoPage.Windows\AbsoluteDemoPage.Windows.csproj", "{9BC91457-1F30-4BA9-8BD2-D9ACEFE4ABE6}"
EndProject
Project("{FAE04EC0-301F-11D3-BF4B-00C04F79EFBC}") = "AbsoluteDemoPage", "AbsoluteDemoPage\AbsoluteDemoPage\AbsoluteDemoPage.csproj", "{08231E92-49DB-4AF5-8100-33BC23918AAA}"
EndProject
Global
	GlobalSection(SolutionConfigurationPlatforms) = preSolution
		Ad-Hoc|Any CPU = Ad-Hoc|Any CPU
		Ad-Hoc|ARM = Ad-Hoc|ARM
		Ad-Hoc|iPhone = Ad-Hoc|iPhone
		Ad-Hoc|iPhoneSimulator = Ad-Hoc|iPhoneSimulator
		Ad-Hoc|x64 = Ad-Hoc|x64
		Ad-Hoc|x86 = Ad-Hoc|x86
		AppStore|Any CPU = AppStore|Any CPU
		AppStore|ARM = AppStore|ARM
		AppStore|iPhone = AppStore|iPhone
		AppStore|iPhoneSimulator = AppStore|iPhoneSimulator
		AppStore|x64 = AppStore|x64
		AppStore|x86 = AppStore|x86
		Debug|Any CPU = Debug|Any CPU
		Debug|ARM = Debug|ARM
		Debug|iPhone = Debug|iPhone
		Debug|iPhoneSimulator = Debug|iPhoneSimulator
		Debug|x64 = Debug|x64
		Debug|x86 = Debug|x86
		Release|Any CPU = Release|Any CPU
		Release|ARM = Release|ARM
		Release|iPhone = Release|iPhone
		Release|iPhoneSimulator = Release|iPhoneSimulator
		Release|x64 = Release|x64
		Release|x86 = Release|x86
	EndGlobalSection
	GlobalSection(ProjectConfigurationPlatforms) = postSolution
		{D91BA8FA-DCBB-45D7-AA8D-B4C3733FB2AA}.Ad-Hoc|Any CPU.ActiveCfg = Release|Any CPU
		{D91BA8FA-DCBB-45D7-AA8D-B4C3733FB2AA}.Ad-Hoc|Any CPU.Build.0 = Release|Any CPU
		{D91BA8FA-DCBB-45D7-AA8D-B4C3733FB2AA}.Ad-Hoc|Any CPU.Deploy.0 = Release|Any CPU
		{D91BA8FA-DCBB-45D7-AA8D-B4C3733FB2AA}.Ad-Hoc|ARM.ActiveCfg = Release|Any CPU
		{D91BA8FA-DCBB-45D7-AA8D-B4C3733FB2AA}.Ad-Hoc|ARM.Build.0 = Release|Any CPU
		{D91BA8FA-DCBB-45D7-AA8D-B4C3733FB2AA}.Ad-Hoc|ARM.Deploy.0 = Release|Any CPU
		{D91BA8FA-DCBB-45D7-AA8D-B4C3733FB2AA}.Ad-Hoc|iPhone.ActiveCfg = Release|Any CPU
		{D91BA8FA-DCBB-45D7-AA8D-B4C3733FB2AA}.Ad-Hoc|iPhone.Build.0 = Release|Any CPU
		{D91BA8FA-DCBB-45D7-AA8D-B4C3733FB2AA}.Ad-Hoc|iPhone.Deploy.0 = Release|Any CPU
		{D91BA8FA-DCBB-45D7-AA8D-B4C3733FB2AA}.Ad-Hoc|iPhoneSimulator.ActiveCfg = Release|Any CPU
		{D91BA8FA-DCBB-45D7-AA8D-B4C3733FB2AA}.Ad-Hoc|iPhoneSimulator.Build.0 = Release|Any CPU
		{D91BA8FA-DCBB-45D7-AA8D-B4C3733FB2AA}.Ad-Hoc|iPhoneSimulator.Deploy.0 = Release|Any CPU
		{D91BA8FA-DCBB-45D7-AA8D-B4C3733FB2AA}.Ad-Hoc|x64.ActiveCfg = Release|Any CPU
		{D91BA8FA-DCBB-45D7-AA8D-B4C3733FB2AA}.Ad-Hoc|x64.Build.0 = Release|Any CPU
		{D91BA8FA-DCBB-45D7-AA8D-B4C3733FB2AA}.Ad-Hoc|x64.Deploy.0 = Release|Any CPU
		{D91BA8FA-DCBB-45D7-AA8D-B4C3733FB2AA}.Ad-Hoc|x86.ActiveCfg = Release|Any CPU
		{D91BA8FA-DCBB-45D7-AA8D-B4C3733FB2AA}.Ad-Hoc|x86.Build.0 = Release|Any CPU
		{D91BA8FA-DCBB-45D7-AA8D-B4C3733FB2AA}.Ad-Hoc|x86.Deploy.0 = Release|Any CPU
		{D91BA8FA-DCBB-45D7-AA8D-B4C3733FB2AA}.AppStore|Any CPU.ActiveCfg = Release|Any CPU
		{D91BA8FA-DCBB-45D7-AA8D-B4C3733FB2AA}.AppStore|Any CPU.Build.0 = Release|Any CPU
		{D91BA8FA-DCBB-45D7-AA8D-B4C3733FB2AA}.AppStore|Any CPU.Deploy.0 = Release|Any CPU
		{D91BA8FA-DCBB-45D7-AA8D-B4C3733FB2AA}.AppStore|ARM.ActiveCfg = Release|Any CPU
		{D91BA8FA-DCBB-45D7-AA8D-B4C3733FB2AA}.AppStore|ARM.Build.0 = Release|Any CPU
		{D91BA8FA-DCBB-45D7-AA8D-B4C3733FB2AA}.AppStore|ARM.Deploy.0 = Release|Any CPU
		{D91BA8FA-DCBB-45D7-AA8D-B4C3733FB2AA}.AppStore|iPhone.ActiveCfg = Release|Any CPU
		{D91BA8FA-DCBB-45D7-AA8D-B4C3733FB2AA}.AppStore|iPhone.Build.0 = Release|Any CPU
		{D91BA8FA-DCBB-45D7-AA8D-B4C3733FB2AA}.AppStore|iPhone.Deploy.0 = Release|Any CPU
		{D91BA8FA-DCBB-45D7-AA8D-B4C3733FB2AA}.AppStore|iPhoneSimulator.ActiveCfg = Release|Any CPU
		{D91BA8FA-DCBB-45D7-AA8D-B4C3733FB2AA}.AppStore|iPhoneSimulator.Build.0 = Release|Any CPU
		{D91BA8FA-DCBB-45D7-AA8D-B4C3733FB2AA}.AppStore|iPhoneSimulator.Deploy.0 = Release|Any CPU
		{D91BA8FA-DCBB-45D7-AA8D-B4C3733FB2AA}.AppStore|x64.ActiveCfg = Release|Any CPU
		{D91BA8FA-DCBB-45D7-AA8D-B4C3733FB2AA}.AppStore|x64.Build.0 = Release|Any CPU
		{D91BA8FA-DCBB-45D7-AA8D-B4C3733FB2AA}.AppStore|x64.Deploy.0 = Release|Any CPU
		{D91BA8FA-DCBB-45D7-AA8D-B4C3733FB2AA}.AppStore|x86.ActiveCfg = Release|Any CPU
		{D91BA8FA-DCBB-45D7-AA8D-B4C3733FB2AA}.AppStore|x86.Build.0 = Release|Any CPU
		{D91BA8FA-DCBB-45D7-AA8D-B4C3733FB2AA}.AppStore|x86.Deploy.0 = Release|Any CPU
		{D91BA8FA-DCBB-45D7-AA8D-B4C3733FB2AA}.Debug|Any CPU.ActiveCfg = Debug|Any CPU
		{D91BA8FA-DCBB-45D7-AA8D-B4C3733FB2AA}.Debug|Any CPU.Build.0 = Debug|Any CPU
		{D91BA8FA-DCBB-45D7-AA8D-B4C3733FB2AA}.Debug|Any CPU.Deploy.0 = Debug|Any CPU
		{D91BA8FA-DCBB-45D7-AA8D-B4C3733FB2AA}.Debug|ARM.ActiveCfg = Debug|Any CPU
		{D91BA8FA-DCBB-45D7-AA8D-B4C3733FB2AA}.Debug|ARM.Build.0 = Debug|Any CPU
		{D91BA8FA-DCBB-45D7-AA8D-B4C3733FB2AA}.Debug|ARM.Deploy.0 = Debug|Any CPU
		{D91BA8FA-DCBB-45D7-AA8D-B4C3733FB2AA}.Debug|iPhone.ActiveCfg = Debug|Any CPU
		{D91BA8FA-DCBB-45D7-AA8D-B4C3733FB2AA}.Debug|iPhone.Build.0 = Debug|Any CPU
		{D91BA8FA-DCBB-45D7-AA8D-B4C3733FB2AA}.Debug|iPhone.Deploy.0 = Debug|Any CPU
		{D91BA8FA-DCBB-45D7-AA8D-B4C3733FB2AA}.Debug|iPhoneSimulator.ActiveCfg = Debug|Any CPU
		{D91BA8FA-DCBB-45D7-AA8D-B4C3733FB2AA}.Debug|iPhoneSimulator.Build.0 = Debug|Any CPU
		{D91BA8FA-DCBB-45D7-AA8D-B4C3733FB2AA}.Debug|iPhoneSimulator.Deploy.0 = Debug|Any CPU
		{D91BA8FA-DCBB-45D7-AA8D-B4C3733FB2AA}.Debug|x64.ActiveCfg = Debug|Any CPU
		{D91BA8FA-DCBB-45D7-AA8D-B4C3733FB2AA}.Debug|x64.Build.0 = Debug|Any CPU
		{D91BA8FA-DCBB-45D7-AA8D-B4C3733FB2AA}.Debug|x64.Deploy.0 = Debug|Any CPU
		{D91BA8FA-DCBB-45D7-AA8D-B4C3733FB2AA}.Debug|x86.ActiveCfg = Debug|Any CPU
		{D91BA8FA-DCBB-45D7-AA8D-B4C3733FB2AA}.Debug|x86.Build.0 = Debug|Any CPU
		{D91BA8FA-DCBB-45D7-AA8D-B4C3733FB2AA}.Debug|x86.Deploy.0 = Debug|Any CPU
		{D91BA8FA-DCBB-45D7-AA8D-B4C3733FB2AA}.Release|Any CPU.ActiveCfg = Release|Any CPU
		{D91BA8FA-DCBB-45D7-AA8D-B4C3733FB2AA}.Release|Any CPU.Build.0 = Release|Any CPU
		{D91BA8FA-DCBB-45D7-AA8D-B4C3733FB2AA}.Release|Any CPU.Deploy.0 = Release|Any CPU
		{D91BA8FA-DCBB-45D7-AA8D-B4C3733FB2AA}.Release|ARM.ActiveCfg = Release|Any CPU
		{D91BA8FA-DCBB-45D7-AA8D-B4C3733FB2AA}.Release|ARM.Build.0 = Release|Any CPU
		{D91BA8FA-DCBB-45D7-AA8D-B4C3733FB2AA}.Release|ARM.Deploy.0 = Release|Any CPU
		{D91BA8FA-DCBB-45D7-AA8D-B4C3733FB2AA}.Release|iPhone.ActiveCfg = Release|Any CPU
		{D91BA8FA-DCBB-45D7-AA8D-B4C3733FB2AA}.Release|iPhone.Build.0 = Release|Any CPU
		{D91BA8FA-DCBB-45D7-AA8D-B4C3733FB2AA}.Release|iPhone.Deploy.0 = Release|Any CPU
		{D91BA8FA-DCBB-45D7-AA8D-B4C3733FB2AA}.Release|iPhoneSimulator.ActiveCfg = Release|Any CPU
		{D91BA8FA-DCBB-45D7-AA8D-B4C3733FB2AA}.Release|iPhoneSimulator.Build.0 = Release|Any CPU
		{D91BA8FA-DCBB-45D7-AA8D-B4C3733FB2AA}.Release|iPhoneSimulator.Deploy.0 = Release|Any CPU
		{D91BA8FA-DCBB-45D7-AA8D-B4C3733FB2AA}.Release|x64.ActiveCfg = Release|Any CPU
		{D91BA8FA-DCBB-45D7-AA8D-B4C3733FB2AA}.Release|x64.Build.0 = Release|Any CPU
		{D91BA8FA-DCBB-45D7-AA8D-B4C3733FB2AA}.Release|x64.Deploy.0 = Release|Any CPU
		{D91BA8FA-DCBB-45D7-AA8D-B4C3733FB2AA}.Release|x86.ActiveCfg = Release|Any CPU
		{D91BA8FA-DCBB-45D7-AA8D-B4C3733FB2AA}.Release|x86.Build.0 = Release|Any CPU
		{D91BA8FA-DCBB-45D7-AA8D-B4C3733FB2AA}.Release|x86.Deploy.0 = Release|Any CPU
		{F66A90A6-C992-4CBC-994D-F30CDCA9A729}.Ad-Hoc|Any CPU.ActiveCfg = Ad-Hoc|iPhone
		{F66A90A6-C992-4CBC-994D-F30CDCA9A729}.Ad-Hoc|ARM.ActiveCfg = Ad-Hoc|iPhone
		{F66A90A6-C992-4CBC-994D-F30CDCA9A729}.Ad-Hoc|iPhone.ActiveCfg = Ad-Hoc|iPhone
		{F66A90A6-C992-4CBC-994D-F30CDCA9A729}.Ad-Hoc|iPhone.Build.0 = Ad-Hoc|iPhone
		{F66A90A6-C992-4CBC-994D-F30CDCA9A729}.Ad-Hoc|iPhoneSimulator.ActiveCfg = Ad-Hoc|iPhoneSimulator
		{F66A90A6-C992-4CBC-994D-F30CDCA9A729}.Ad-Hoc|iPhoneSimulator.Build.0 = Ad-Hoc|iPhoneSimulator
		{F66A90A6-C992-4CBC-994D-F30CDCA9A729}.Ad-Hoc|x64.ActiveCfg = Ad-Hoc|iPhone
		{F66A90A6-C992-4CBC-994D-F30CDCA9A729}.Ad-Hoc|x86.ActiveCfg = Ad-Hoc|iPhone
		{F66A90A6-C992-4CBC-994D-F30CDCA9A729}.AppStore|Any CPU.ActiveCfg = AppStore|iPhone
		{F66A90A6-C992-4CBC-994D-F30CDCA9A729}.AppStore|ARM.ActiveCfg = AppStore|iPhone
		{F66A90A6-C992-4CBC-994D-F30CDCA9A729}.AppStore|iPhone.ActiveCfg = AppStore|iPhone
		{F66A90A6-C992-4CBC-994D-F30CDCA9A729}.AppStore|iPhone.Build.0 = AppStore|iPhone
		{F66A90A6-C992-4CBC-994D-F30CDCA9A729}.AppStore|iPhoneSimulator.ActiveCfg = AppStore|iPhoneSimulator
		{F66A90A6-C992-4CBC-994D-F30CDCA9A729}.AppStore|iPhoneSimulator.Build.0 = AppStore|iPhoneSimulator
		{F66A90A6-C992-4CBC-994D-F30CDCA9A729}.AppStore|x64.ActiveCfg = AppStore|iPhone
		{F66A90A6-C992-4CBC-994D-F30CDCA9A729}.AppStore|x86.ActiveCfg = AppStore|iPhone
		{F66A90A6-C992-4CBC-994D-F30CDCA9A729}.Debug|Any CPU.ActiveCfg = Debug|iPhone
		{F66A90A6-C992-4CBC-994D-F30CDCA9A729}.Debug|ARM.ActiveCfg = Debug|iPhone
		{F66A90A6-C992-4CBC-994D-F30CDCA9A729}.Debug|iPhone.ActiveCfg = Debug|iPhone
		{F66A90A6-C992-4CBC-994D-F30CDCA9A729}.Debug|iPhone.Build.0 = Debug|iPhone
		{F66A90A6-C992-4CBC-994D-F30CDCA9A729}.Debug|iPhoneSimulator.ActiveCfg = Debug|iPhoneSimulator
		{F66A90A6-C992-4CBC-994D-F30CDCA9A729}.Debug|iPhoneSimulator.Build.0 = Debug|iPhoneSimulator
		{F66A90A6-C992-4CBC-994D-F30CDCA9A729}.Debug|x64.ActiveCfg = Debug|iPhone
		{F66A90A6-C992-4CBC-994D-F30CDCA9A729}.Debug|x86.ActiveCfg = Debug|iPhone
		{F66A90A6-C992-4CBC-994D-F30CDCA9A729}.Release|Any CPU.ActiveCfg = Release|iPhone
		{F66A90A6-C992-4CBC-994D-F30CDCA9A729}.Release|ARM.ActiveCfg = Release|iPhone
		{F66A90A6-C992-4CBC-994D-F30CDCA9A729}.Release|iPhone.ActiveCfg = Release|iPhone
		{F66A90A6-C992-4CBC-994D-F30CDCA9A729}.Release|iPhone.Build.0 = Release|iPhone
		{F66A90A6-C992-4CBC-994D-F30CDCA9A729}.Release|iPhoneSimulator.ActiveCfg = Release|iPhoneSimulator
		{F66A90A6-C992-4CBC-994D-F30CDCA9A729}.Release|iPhoneSimulator.Build.0 = Release|iPhoneSimulator
		{F66A90A6-C992-4CBC-994D-F30CDCA9A729}.Release|x64.ActiveCfg = Release|iPhone
		{F66A90A6-C992-4CBC-994D-F30CDCA9A729}.Release|x86.ActiveCfg = Release|iPhone
		{A3728478-272D-48D3-B23D-FBDF983C7BE0}.Ad-Hoc|Any CPU.ActiveCfg = Release|Any CPU
		{A3728478-272D-48D3-B23D-FBDF983C7BE0}.Ad-Hoc|Any CPU.Build.0 = Release|Any CPU
		{A3728478-272D-48D3-B23D-FBDF983C7BE0}.Ad-Hoc|Any CPU.Deploy.0 = Release|Any CPU
		{A3728478-272D-48D3-B23D-FBDF983C7BE0}.Ad-Hoc|ARM.ActiveCfg = Release|ARM
		{A3728478-272D-48D3-B23D-FBDF983C7BE0}.Ad-Hoc|ARM.Build.0 = Release|ARM
		{A3728478-272D-48D3-B23D-FBDF983C7BE0}.Ad-Hoc|ARM.Deploy.0 = Release|ARM
		{A3728478-272D-48D3-B23D-FBDF983C7BE0}.Ad-Hoc|iPhone.ActiveCfg = Release|Any CPU
		{A3728478-272D-48D3-B23D-FBDF983C7BE0}.Ad-Hoc|iPhone.Build.0 = Release|Any CPU
		{A3728478-272D-48D3-B23D-FBDF983C7BE0}.Ad-Hoc|iPhone.Deploy.0 = Release|Any CPU
		{A3728478-272D-48D3-B23D-FBDF983C7BE0}.Ad-Hoc|iPhoneSimulator.ActiveCfg = Release|Any CPU
		{A3728478-272D-48D3-B23D-FBDF983C7BE0}.Ad-Hoc|iPhoneSimulator.Build.0 = Release|Any CPU
		{A3728478-272D-48D3-B23D-FBDF983C7BE0}.Ad-Hoc|iPhoneSimulator.Deploy.0 = Release|Any CPU
		{A3728478-272D-48D3-B23D-FBDF983C7BE0}.Ad-Hoc|x64.ActiveCfg = Release|Any CPU
		{A3728478-272D-48D3-B23D-FBDF983C7BE0}.Ad-Hoc|x64.Build.0 = Release|Any CPU
		{A3728478-272D-48D3-B23D-FBDF983C7BE0}.Ad-Hoc|x64.Deploy.0 = Release|Any CPU
		{A3728478-272D-48D3-B23D-FBDF983C7BE0}.Ad-Hoc|x86.ActiveCfg = Release|x86
		{A3728478-272D-48D3-B23D-FBDF983C7BE0}.Ad-Hoc|x86.Build.0 = Release|x86
		{A3728478-272D-48D3-B23D-FBDF983C7BE0}.Ad-Hoc|x86.Deploy.0 = Release|x86
		{A3728478-272D-48D3-B23D-FBDF983C7BE0}.AppStore|Any CPU.ActiveCfg = Release|Any CPU
		{A3728478-272D-48D3-B23D-FBDF983C7BE0}.AppStore|Any CPU.Build.0 = Release|Any CPU
		{A3728478-272D-48D3-B23D-FBDF983C7BE0}.AppStore|Any CPU.Deploy.0 = Release|Any CPU
		{A3728478-272D-48D3-B23D-FBDF983C7BE0}.AppStore|ARM.ActiveCfg = Release|ARM
		{A3728478-272D-48D3-B23D-FBDF983C7BE0}.AppStore|ARM.Build.0 = Release|ARM
		{A3728478-272D-48D3-B23D-FBDF983C7BE0}.AppStore|ARM.Deploy.0 = Release|ARM
		{A3728478-272D-48D3-B23D-FBDF983C7BE0}.AppStore|iPhone.ActiveCfg = Release|Any CPU
		{A3728478-272D-48D3-B23D-FBDF983C7BE0}.AppStore|iPhone.Build.0 = Release|Any CPU
		{A3728478-272D-48D3-B23D-FBDF983C7BE0}.AppStore|iPhone.Deploy.0 = Release|Any CPU
		{A3728478-272D-48D3-B23D-FBDF983C7BE0}.AppStore|iPhoneSimulator.ActiveCfg = Release|Any CPU
		{A3728478-272D-48D3-B23D-FBDF983C7BE0}.AppStore|iPhoneSimulator.Build.0 = Release|Any CPU
		{A3728478-272D-48D3-B23D-FBDF983C7BE0}.AppStore|iPhoneSimulator.Deploy.0 = Release|Any CPU
		{A3728478-272D-48D3-B23D-FBDF983C7BE0}.AppStore|x64.ActiveCfg = Release|Any CPU
		{A3728478-272D-48D3-B23D-FBDF983C7BE0}.AppStore|x64.Build.0 = Release|Any CPU
		{A3728478-272D-48D3-B23D-FBDF983C7BE0}.AppStore|x64.Deploy.0 = Release|Any CPU
		{A3728478-272D-48D3-B23D-FBDF983C7BE0}.AppStore|x86.ActiveCfg = Release|x86
		{A3728478-272D-48D3-B23D-FBDF983C7BE0}.AppStore|x86.Build.0 = Release|x86
		{A3728478-272D-48D3-B23D-FBDF983C7BE0}.AppStore|x86.Deploy.0 = Release|x86
		{A3728478-272D-48D3-B23D-FBDF983C7BE0}.Debug|Any CPU.ActiveCfg = Debug|Any CPU
		{A3728478-272D-48D3-B23D-FBDF983C7BE0}.Debug|Any CPU.Build.0 = Debug|Any CPU
		{A3728478-272D-48D3-B23D-FBDF983C7BE0}.Debug|Any CPU.Deploy.0 = Debug|Any CPU
		{A3728478-272D-48D3-B23D-FBDF983C7BE0}.Debug|ARM.ActiveCfg = Debug|ARM
		{A3728478-272D-48D3-B23D-FBDF983C7BE0}.Debug|ARM.Build.0 = Debug|ARM
		{A3728478-272D-48D3-B23D-FBDF983C7BE0}.Debug|ARM.Deploy.0 = Debug|ARM
		{A3728478-272D-48D3-B23D-FBDF983C7BE0}.Debug|iPhone.ActiveCfg = Debug|Any CPU
		{A3728478-272D-48D3-B23D-FBDF983C7BE0}.Debug|iPhone.Build.0 = Debug|Any CPU
		{A3728478-272D-48D3-B23D-FBDF983C7BE0}.Debug|iPhone.Deploy.0 = Debug|Any CPU
		{A3728478-272D-48D3-B23D-FBDF983C7BE0}.Debug|iPhoneSimulator.ActiveCfg = Debug|Any CPU
		{A3728478-272D-48D3-B23D-FBDF983C7BE0}.Debug|iPhoneSimulator.Build.0 = Debug|Any CPU
		{A3728478-272D-48D3-B23D-FBDF983C7BE0}.Debug|iPhoneSimulator.Deploy.0 = Debug|Any CPU
		{A3728478-272D-48D3-B23D-FBDF983C7BE0}.Debug|x64.ActiveCfg = Debug|Any CPU
		{A3728478-272D-48D3-B23D-FBDF983C7BE0}.Debug|x64.Build.0 = Debug|Any CPU
		{A3728478-272D-48D3-B23D-FBDF983C7BE0}.Debug|x64.Deploy.0 = Debug|Any CPU
		{A3728478-272D-48D3-B23D-FBDF983C7BE0}.Debug|x86.ActiveCfg = Debug|x86
		{A3728478-272D-48D3-B23D-FBDF983C7BE0}.Debug|x86.Build.0 = Debug|x86
		{A3728478-272D-48D3-B23D-FBDF983C7BE0}.Debug|x86.Deploy.0 = Debug|x86
		{A3728478-272D-48D3-B23D-FBDF983C7BE0}.Release|Any CPU.ActiveCfg = Release|Any CPU
		{A3728478-272D-48D3-B23D-FBDF983C7BE0}.Release|Any CPU.Build.0 = Release|Any CPU
		{A3728478-272D-48D3-B23D-FBDF983C7BE0}.Release|Any CPU.Deploy.0 = Release|Any CPU
		{A3728478-272D-48D3-B23D-FBDF983C7BE0}.Release|ARM.ActiveCfg = Release|ARM
		{A3728478-272D-48D3-B23D-FBDF983C7BE0}.Release|ARM.Build.0 = Release|ARM
		{A3728478-272D-48D3-B23D-FBDF983C7BE0}.Release|ARM.Deploy.0 = Release|ARM
		{A3728478-272D-48D3-B23D-FBDF983C7BE0}.Release|iPhone.ActiveCfg = Release|Any CPU
		{A3728478-272D-48D3-B23D-FBDF983C7BE0}.Release|iPhone.Build.0 = Release|Any CPU
		{A3728478-272D-48D3-B23D-FBDF983C7BE0}.Release|iPhone.Deploy.0 = Release|Any CPU
		{A3728478-272D-48D3-B23D-FBDF983C7BE0}.Release|iPhoneSimulator.ActiveCfg = Release|Any CPU
		{A3728478-272D-48D3-B23D-FBDF983C7BE0}.Release|iPhoneSimulator.Build.0 = Release|Any CPU
		{A3728478-272D-48D3-B23D-FBDF983C7BE0}.Release|iPhoneSimulator.Deploy.0 = Release|Any CPU
		{A3728478-272D-48D3-B23D-FBDF983C7BE0}.Release|x64.ActiveCfg = Release|Any CPU
		{A3728478-272D-48D3-B23D-FBDF983C7BE0}.Release|x64.Build.0 = Release|Any CPU
		{A3728478-272D-48D3-B23D-FBDF983C7BE0}.Release|x64.Deploy.0 = Release|Any CPU
		{A3728478-272D-48D3-B23D-FBDF983C7BE0}.Release|x86.ActiveCfg = Release|x86
		{A3728478-272D-48D3-B23D-FBDF983C7BE0}.Release|x86.Build.0 = Release|x86
		{A3728478-272D-48D3-B23D-FBDF983C7BE0}.Release|x86.Deploy.0 = Release|x86
		{9BC91457-1F30-4BA9-8BD2-D9ACEFE4ABE6}.Ad-Hoc|Any CPU.ActiveCfg = Release|Any CPU
		{9BC91457-1F30-4BA9-8BD2-D9ACEFE4ABE6}.Ad-Hoc|Any CPU.Build.0 = Release|Any CPU
		{9BC91457-1F30-4BA9-8BD2-D9ACEFE4ABE6}.Ad-Hoc|Any CPU.Deploy.0 = Release|Any CPU
		{9BC91457-1F30-4BA9-8BD2-D9ACEFE4ABE6}.Ad-Hoc|ARM.ActiveCfg = Release|ARM
		{9BC91457-1F30-4BA9-8BD2-D9ACEFE4ABE6}.Ad-Hoc|ARM.Build.0 = Release|ARM
		{9BC91457-1F30-4BA9-8BD2-D9ACEFE4ABE6}.Ad-Hoc|ARM.Deploy.0 = Release|ARM
		{9BC91457-1F30-4BA9-8BD2-D9ACEFE4ABE6}.Ad-Hoc|iPhone.ActiveCfg = Release|Any CPU
		{9BC91457-1F30-4BA9-8BD2-D9ACEFE4ABE6}.Ad-Hoc|iPhone.Build.0 = Release|Any CPU
		{9BC91457-1F30-4BA9-8BD2-D9ACEFE4ABE6}.Ad-Hoc|iPhone.Deploy.0 = Release|Any CPU
		{9BC91457-1F30-4BA9-8BD2-D9ACEFE4ABE6}.Ad-Hoc|iPhoneSimulator.ActiveCfg = Release|Any CPU
		{9BC91457-1F30-4BA9-8BD2-D9ACEFE4ABE6}.Ad-Hoc|iPhoneSimulator.Build.0 = Release|Any CPU
		{9BC91457-1F30-4BA9-8BD2-D9ACEFE4ABE6}.Ad-Hoc|iPhoneSimulator.Deploy.0 = Release|Any CPU
		{9BC91457-1F30-4BA9-8BD2-D9ACEFE4ABE6}.Ad-Hoc|x64.ActiveCfg = Release|x64
		{9BC91457-1F30-4BA9-8BD2-D9ACEFE4ABE6}.Ad-Hoc|x64.Build.0 = Release|x64
		{9BC91457-1F30-4BA9-8BD2-D9ACEFE4ABE6}.Ad-Hoc|x64.Deploy.0 = Release|x64
		{9BC91457-1F30-4BA9-8BD2-D9ACEFE4ABE6}.Ad-Hoc|x86.ActiveCfg = Release|x86
		{9BC91457-1F30-4BA9-8BD2-D9ACEFE4ABE6}.Ad-Hoc|x86.Build.0 = Release|x86
		{9BC91457-1F30-4BA9-8BD2-D9ACEFE4ABE6}.Ad-Hoc|x86.Deploy.0 = Release|x86
		{9BC91457-1F30-4BA9-8BD2-D9ACEFE4ABE6}.AppStore|Any CPU.ActiveCfg = Release|Any CPU
		{9BC91457-1F30-4BA9-8BD2-D9ACEFE4ABE6}.AppStore|Any CPU.Build.0 = Release|Any CPU
		{9BC91457-1F30-4BA9-8BD2-D9ACEFE4ABE6}.AppStore|Any CPU.Deploy.0 = Release|Any CPU
		{9BC91457-1F30-4BA9-8BD2-D9ACEFE4ABE6}.AppStore|ARM.ActiveCfg = Release|ARM
		{9BC91457-1F30-4BA9-8BD2-D9ACEFE4ABE6}.AppStore|ARM.Build.0 = Release|ARM
		{9BC91457-1F30-4BA9-8BD2-D9ACEFE4ABE6}.AppStore|ARM.Deploy.0 = Release|ARM
		{9BC91457-1F30-4BA9-8BD2-D9ACEFE4ABE6}.AppStore|iPhone.ActiveCfg = Release|Any CPU
		{9BC91457-1F30-4BA9-8BD2-D9ACEFE4ABE6}.AppStore|iPhone.Build.0 = Release|Any CPU
		{9BC91457-1F30-4BA9-8BD2-D9ACEFE4ABE6}.AppStore|iPhone.Deploy.0 = Release|Any CPU
		{9BC91457-1F30-4BA9-8BD2-D9ACEFE4ABE6}.AppStore|iPhoneSimulator.ActiveCfg = Release|Any CPU
		{9BC91457-1F30-4BA9-8BD2-D9ACEFE4ABE6}.AppStore|iPhoneSimulator.Build.0 = Release|Any CPU
		{9BC91457-1F30-4BA9-8BD2-D9ACEFE4ABE6}.AppStore|iPhoneSimulator.Deploy.0 = Release|Any CPU
		{9BC91457-1F30-4BA9-8BD2-D9ACEFE4ABE6}.AppStore|x64.ActiveCfg = Release|x64
		{9BC91457-1F30-4BA9-8BD2-D9ACEFE4ABE6}.AppStore|x64.Build.0 = Release|x64
		{9BC91457-1F30-4BA9-8BD2-D9ACEFE4ABE6}.AppStore|x64.Deploy.0 = Release|x64
		{9BC91457-1F30-4BA9-8BD2-D9ACEFE4ABE6}.AppStore|x86.ActiveCfg = Release|x86
		{9BC91457-1F30-4BA9-8BD2-D9ACEFE4ABE6}.AppStore|x86.Build.0 = Release|x86
		{9BC91457-1F30-4BA9-8BD2-D9ACEFE4ABE6}.AppStore|x86.Deploy.0 = Release|x86
		{9BC91457-1F30-4BA9-8BD2-D9ACEFE4ABE6}.Debug|Any CPU.ActiveCfg = Debug|Any CPU
		{9BC91457-1F30-4BA9-8BD2-D9ACEFE4ABE6}.Debug|Any CPU.Build.0 = Debug|Any CPU
		{9BC91457-1F30-4BA9-8BD2-D9ACEFE4ABE6}.Debug|Any CPU.Deploy.0 = Debug|Any CPU
		{9BC91457-1F30-4BA9-8BD2-D9ACEFE4ABE6}.Debug|ARM.ActiveCfg = Debug|ARM
		{9BC91457-1F30-4BA9-8BD2-D9ACEFE4ABE6}.Debug|ARM.Build.0 = Debug|ARM
		{9BC91457-1F30-4BA9-8BD2-D9ACEFE4ABE6}.Debug|ARM.Deploy.0 = Debug|ARM
		{9BC91457-1F30-4BA9-8BD2-D9ACEFE4ABE6}.Debug|iPhone.ActiveCfg = Debug|Any CPU
		{9BC91457-1F30-4BA9-8BD2-D9ACEFE4ABE6}.Debug|iPhone.Build.0 = Debug|Any CPU
		{9BC91457-1F30-4BA9-8BD2-D9ACEFE4ABE6}.Debug|iPhone.Deploy.0 = Debug|Any CPU
		{9BC91457-1F30-4BA9-8BD2-D9ACEFE4ABE6}.Debug|iPhoneSimulator.ActiveCfg = Debug|Any CPU
		{9BC91457-1F30-4BA9-8BD2-D9ACEFE4ABE6}.Debug|iPhoneSimulator.Build.0 = Debug|Any CPU
		{9BC91457-1F30-4BA9-8BD2-D9ACEFE4ABE6}.Debug|iPhoneSimulator.Deploy.0 = Debug|Any CPU
		{9BC91457-1F30-4BA9-8BD2-D9ACEFE4ABE6}.Debug|x64.ActiveCfg = Debug|x64
		{9BC91457-1F30-4BA9-8BD2-D9ACEFE4ABE6}.Debug|x64.Build.0 = Debug|x64
		{9BC91457-1F30-4BA9-8BD2-D9ACEFE4ABE6}.Debug|x64.Deploy.0 = Debug|x64
		{9BC91457-1F30-4BA9-8BD2-D9ACEFE4ABE6}.Debug|x86.ActiveCfg = Debug|x86
		{9BC91457-1F30-4BA9-8BD2-D9ACEFE4ABE6}.Debug|x86.Build.0 = Debug|x86
		{9BC91457-1F30-4BA9-8BD2-D9ACEFE4ABE6}.Debug|x86.Deploy.0 = Debug|x86
		{9BC91457-1F30-4BA9-8BD2-D9ACEFE4ABE6}.Release|Any CPU.ActiveCfg = Release|Any CPU
		{9BC91457-1F30-4BA9-8BD2-D9ACEFE4ABE6}.Release|Any CPU.Build.0 = Release|Any CPU
		{9BC91457-1F30-4BA9-8BD2-D9ACEFE4ABE6}.Release|Any CPU.Deploy.0 = Release|Any CPU
		{9BC91457-1F30-4BA9-8BD2-D9ACEFE4ABE6}.Release|ARM.ActiveCfg = Release|ARM
		{9BC91457-1F30-4BA9-8BD2-D9ACEFE4ABE6}.Release|ARM.Build.0 = Release|ARM
		{9BC91457-1F30-4BA9-8BD2-D9ACEFE4ABE6}.Release|ARM.Deploy.0 = Release|ARM
		{9BC91457-1F30-4BA9-8BD2-D9ACEFE4ABE6}.Release|iPhone.ActiveCfg = Release|Any CPU
		{9BC91457-1F30-4BA9-8BD2-D9ACEFE4ABE6}.Release|iPhone.Build.0 = Release|Any CPU
		{9BC91457-1F30-4BA9-8BD2-D9ACEFE4ABE6}.Release|iPhone.Deploy.0 = Release|Any CPU
		{9BC91457-1F30-4BA9-8BD2-D9ACEFE4ABE6}.Release|iPhoneSimulator.ActiveCfg = Release|Any CPU
		{9BC91457-1F30-4BA9-8BD2-D9ACEFE4ABE6}.Release|iPhoneSimulator.Build.0 = Release|Any CPU
		{9BC91457-1F30-4BA9-8BD2-D9ACEFE4ABE6}.Release|iPhoneSimulator.Deploy.0 = Release|Any CPU
		{9BC91457-1F30-4BA9-8BD2-D9ACEFE4ABE6}.Release|x64.ActiveCfg = Release|x64
		{9BC91457-1F30-4BA9-8BD2-D9ACEFE4ABE6}.Release|x64.Build.0 = Release|x64
		{9BC91457-1F30-4BA9-8BD2-D9ACEFE4ABE6}.Release|x64.Deploy.0 = Release|x64
		{9BC91457-1F30-4BA9-8BD2-D9ACEFE4ABE6}.Release|x86.ActiveCfg = Release|x86
		{9BC91457-1F30-4BA9-8BD2-D9ACEFE4ABE6}.Release|x86.Build.0 = Release|x86
		{9BC91457-1F30-4BA9-8BD2-D9ACEFE4ABE6}.Release|x86.Deploy.0 = Release|x86
		{08231E92-49DB-4AF5-8100-33BC23918AAA}.Ad-Hoc|Any CPU.ActiveCfg = Release|Any CPU
		{08231E92-49DB-4AF5-8100-33BC23918AAA}.Ad-Hoc|Any CPU.Build.0 = Release|Any CPU
		{08231E92-49DB-4AF5-8100-33BC23918AAA}.Ad-Hoc|ARM.ActiveCfg = Release|Any CPU
		{08231E92-49DB-4AF5-8100-33BC23918AAA}.Ad-Hoc|ARM.Build.0 = Release|Any CPU
		{08231E92-49DB-4AF5-8100-33BC23918AAA}.Ad-Hoc|iPhone.ActiveCfg = Release|Any CPU
		{08231E92-49DB-4AF5-8100-33BC23918AAA}.Ad-Hoc|iPhone.Build.0 = Release|Any CPU
		{08231E92-49DB-4AF5-8100-33BC23918AAA}.Ad-Hoc|iPhoneSimulator.ActiveCfg = Release|Any CPU
		{08231E92-49DB-4AF5-8100-33BC23918AAA}.Ad-Hoc|iPhoneSimulator.Build.0 = Release|Any CPU
		{08231E92-49DB-4AF5-8100-33BC23918AAA}.Ad-Hoc|x64.ActiveCfg = Release|Any CPU
		{08231E92-49DB-4AF5-8100-33BC23918AAA}.Ad-Hoc|x64.Build.0 = Release|Any CPU
		{08231E92-49DB-4AF5-8100-33BC23918AAA}.Ad-Hoc|x86.ActiveCfg = Release|Any CPU
		{08231E92-49DB-4AF5-8100-33BC23918AAA}.Ad-Hoc|x86.Build.0 = Release|Any CPU
		{08231E92-49DB-4AF5-8100-33BC23918AAA}.AppStore|Any CPU.ActiveCfg = Release|Any CPU
		{08231E92-49DB-4AF5-8100-33BC23918AAA}.AppStore|Any CPU.Build.0 = Release|Any CPU
		{08231E92-49DB-4AF5-8100-33BC23918AAA}.AppStore|ARM.ActiveCfg = Release|Any CPU
		{08231E92-49DB-4AF5-8100-33BC23918AAA}.AppStore|ARM.Build.0 = Release|Any CPU
		{08231E92-49DB-4AF5-8100-33BC23918AAA}.AppStore|iPhone.ActiveCfg = Release|Any CPU
		{08231E92-49DB-4AF5-8100-33BC23918AAA}.AppStore|iPhone.Build.0 = Release|Any CPU
		{08231E92-49DB-4AF5-8100-33BC23918AAA}.AppStore|iPhoneSimulator.ActiveCfg = Release|Any CPU
		{08231E92-49DB-4AF5-8100-33BC23918AAA}.AppStore|iPhoneSimulator.Build.0 = Release|Any CPU
		{08231E92-49DB-4AF5-8100-33BC23918AAA}.AppStore|x64.ActiveCfg = Release|Any CPU
		{08231E92-49DB-4AF5-8100-33BC23918AAA}.AppStore|x64.Build.0 = Release|Any CPU
		{08231E92-49DB-4AF5-8100-33BC23918AAA}.AppStore|x86.ActiveCfg = Release|Any CPU
		{08231E92-49DB-4AF5-8100-33BC23918AAA}.AppStore|x86.Build.0 = Release|Any CPU
		{08231E92-49DB-4AF5-8100-33BC23918AAA}.Debug|Any CPU.ActiveCfg = Debug|Any CPU
		{08231E92-49DB-4AF5-8100-33BC23918AAA}.Debug|Any CPU.Build.0 = Debug|Any CPU
		{08231E92-49DB-4AF5-8100-33BC23918AAA}.Debug|ARM.ActiveCfg = Debug|Any CPU
		{08231E92-49DB-4AF5-8100-33BC23918AAA}.Debug|ARM.Build.0 = Debug|Any CPU
		{08231E92-49DB-4AF5-8100-33BC23918AAA}.Debug|iPhone.ActiveCfg = Debug|Any CPU
		{08231E92-49DB-4AF5-8100-33BC23918AAA}.Debug|iPhone.Build.0 = Debug|Any CPU
		{08231E92-49DB-4AF5-8100-33BC23918AAA}.Debug|iPhoneSimulator.ActiveCfg = Debug|Any CPU
		{08231E92-49DB-4AF5-8100-33BC23918AAA}.Debug|iPhoneSimulator.Build.0 = Debug|Any CPU
		{08231E92-49DB-4AF5-8100-33BC23918AAA}.Debug|x64.ActiveCfg = Debug|Any CPU
		{08231E92-49DB-4AF5-8100-33BC23918AAA}.Debug|x64.Build.0 = Debug|Any CPU
		{08231E92-49DB-4AF5-8100-33BC23918AAA}.Debug|x86.ActiveCfg = Debug|Any CPU
		{08231E92-49DB-4AF5-8100-33BC23918AAA}.Debug|x86.Build.0 = Debug|Any CPU
		{08231E92-49DB-4AF5-8100-33BC23918AAA}.Release|Any CPU.ActiveCfg = Release|Any CPU
		{08231E92-49DB-4AF5-8100-33BC23918AAA}.Release|Any CPU.Build.0 = Release|Any CPU
		{08231E92-49DB-4AF5-8100-33BC23918AAA}.Release|ARM.ActiveCfg = Release|Any CPU
		{08231E92-49DB-4AF5-8100-33BC23918AAA}.Release|ARM.Build.0 = Release|Any CPU
		{08231E92-49DB-4AF5-8100-33BC23918AAA}.Release|iPhone.ActiveCfg = Release|Any CPU
		{08231E92-49DB-4AF5-8100-33BC23918AAA}.Release|iPhone.Build.0 = Release|Any CPU
		{08231E92-49DB-4AF5-8100-33BC23918AAA}.Release|iPhoneSimulator.ActiveCfg = Release|Any CPU
		{08231E92-49DB-4AF5-8100-33BC23918AAA}.Release|iPhoneSimulator.Build.0 = Release|Any CPU
		{08231E92-49DB-4AF5-8100-33BC23918AAA}.Release|x64.ActiveCfg = Release|Any CPU
		{08231E92-49DB-4AF5-8100-33BC23918AAA}.Release|x64.Build.0 = Release|Any CPU
		{08231E92-49DB-4AF5-8100-33BC23918AAA}.Release|x86.ActiveCfg = Release|Any CPU
		{08231E92-49DB-4AF5-8100-33BC23918AAA}.Release|x86.Build.0 = Release|Any CPU
	EndGlobalSection
	GlobalSection(SolutionProperties) = preSolution
		HideSolutionNode = FALSE
	EndGlobalSection
EndGlobal
