
Microsoft Visual Studio Solution File, Format Version 12.00
# Visual Studio 14
VisualStudioVersion = 14.0.25420.1
MinimumVisualStudioVersion = 10.0.40219.1
Project("{FAE04EC0-301F-11D3-BF4B-00C04F79EFBC}") = "SliderTransformsPage.Droid", "SliderTransformsPage\SliderTransformsPage.Droid\SliderTransformsPage.Droid.csproj", "{2190D78D-1034-4A3B-B980-5C34B859DE72}"
EndProject
Project("{FAE04EC0-301F-11D3-BF4B-00C04F79EFBC}") = "SliderTransformsPage.iOS", "SliderTransformsPage\SliderTransformsPage.iOS\SliderTransformsPage.iOS.csproj", "{A779913C-32E5-46F3-A957-8718B1FFE0E9}"
EndProject
Project("{FAE04EC0-301F-11D3-BF4B-00C04F79EFBC}") = "SliderTransformsPage.WinPhone", "SliderTransformsPage\SliderTransformsPage.WinPhone\SliderTransformsPage.WinPhone.csproj", "{94EDC356-C0C8-4272-A223-BC92971B3A69}"
EndProject
Project("{FAE04EC0-301F-11D3-BF4B-00C04F79EFBC}") = "SliderTransformsPage.Windows", "SliderTransformsPage\SliderTransformsPage.Windows\SliderTransformsPage.Windows.csproj", "{5E1A0A6A-7621-4553-9908-64198E97067D}"
EndProject
Project("{FAE04EC0-301F-11D3-BF4B-00C04F79EFBC}") = "SliderTransformsPage", "SliderTransformsPage\SliderTransformsPage\SliderTransformsPage.csproj", "{D4B33B69-0C3F-4B96-AB67-4CCDC11EF2FC}"
EndProject
Global
	GlobalSection(SolutionConfigurationPlatforms) = preSolution
		Ad-Hoc|Any CPU = Ad-Hoc|Any CPU
		Ad-Hoc|ARM = Ad-Hoc|ARM
		Ad-Hoc|iPhone = Ad-Hoc|iPhone
		Ad-Hoc|iPhoneSimulator = Ad-Hoc|iPhoneSimulator
		Ad-Hoc|x64 = Ad-Hoc|x64
		Ad-Hoc|x86 = Ad-Hoc|x86
		AppStore|Any CPU = AppStore|Any CPU
		AppStore|ARM = AppStore|ARM
		AppStore|iPhone = AppStore|iPhone
		AppStore|iPhoneSimulator = AppStore|iPhoneSimulator
		AppStore|x64 = AppStore|x64
		AppStore|x86 = AppStore|x86
		Debug|Any CPU = Debug|Any CPU
		Debug|ARM = Debug|ARM
		Debug|iPhone = Debug|iPhone
		Debug|iPhoneSimulator = Debug|iPhoneSimulator
		Debug|x64 = Debug|x64
		Debug|x86 = Debug|x86
		Release|Any CPU = Release|Any CPU
		Release|ARM = Release|ARM
		Release|iPhone = Release|iPhone
		Release|iPhoneSimulator = Release|iPhoneSimulator
		Release|x64 = Release|x64
		Release|x86 = Release|x86
	EndGlobalSection
	GlobalSection(ProjectConfigurationPlatforms) = postSolution
		{2190D78D-1034-4A3B-B980-5C34B859DE72}.Ad-Hoc|Any CPU.ActiveCfg = Release|Any CPU
		{2190D78D-1034-4A3B-B980-5C34B859DE72}.Ad-Hoc|Any CPU.Build.0 = Release|Any CPU
		{2190D78D-1034-4A3B-B980-5C34B859DE72}.Ad-Hoc|Any CPU.Deploy.0 = Release|Any CPU
		{2190D78D-1034-4A3B-B980-5C34B859DE72}.Ad-Hoc|ARM.ActiveCfg = Release|Any CPU
		{2190D78D-1034-4A3B-B980-5C34B859DE72}.Ad-Hoc|ARM.Build.0 = Release|Any CPU
		{2190D78D-1034-4A3B-B980-5C34B859DE72}.Ad-Hoc|ARM.Deploy.0 = Release|Any CPU
		{2190D78D-1034-4A3B-B980-5C34B859DE72}.Ad-Hoc|iPhone.ActiveCfg = Release|Any CPU
		{2190D78D-1034-4A3B-B980-5C34B859DE72}.Ad-Hoc|iPhone.Build.0 = Release|Any CPU
		{2190D78D-1034-4A3B-B980-5C34B859DE72}.Ad-Hoc|iPhone.Deploy.0 = Release|Any CPU
		{2190D78D-1034-4A3B-B980-5C34B859DE72}.Ad-Hoc|iPhoneSimulator.ActiveCfg = Release|Any CPU
		{2190D78D-1034-4A3B-B980-5C34B859DE72}.Ad-Hoc|iPhoneSimulator.Build.0 = Release|Any CPU
		{2190D78D-1034-4A3B-B980-5C34B859DE72}.Ad-Hoc|iPhoneSimulator.Deploy.0 = Release|Any CPU
		{2190D78D-1034-4A3B-B980-5C34B859DE72}.Ad-Hoc|x64.ActiveCfg = Release|Any CPU
		{2190D78D-1034-4A3B-B980-5C34B859DE72}.Ad-Hoc|x64.Build.0 = Release|Any CPU
		{2190D78D-1034-4A3B-B980-5C34B859DE72}.Ad-Hoc|x64.Deploy.0 = Release|Any CPU
		{2190D78D-1034-4A3B-B980-5C34B859DE72}.Ad-Hoc|x86.ActiveCfg = Release|Any CPU
		{2190D78D-1034-4A3B-B980-5C34B859DE72}.Ad-Hoc|x86.Build.0 = Release|Any CPU
		{2190D78D-1034-4A3B-B980-5C34B859DE72}.Ad-Hoc|x86.Deploy.0 = Release|Any CPU
		{2190D78D-1034-4A3B-B980-5C34B859DE72}.AppStore|Any CPU.ActiveCfg = Release|Any CPU
		{2190D78D-1034-4A3B-B980-5C34B859DE72}.AppStore|Any CPU.Build.0 = Release|Any CPU
		{2190D78D-1034-4A3B-B980-5C34B859DE72}.AppStore|Any CPU.Deploy.0 = Release|Any CPU
		{2190D78D-1034-4A3B-B980-5C34B859DE72}.AppStore|ARM.ActiveCfg = Release|Any CPU
		{2190D78D-1034-4A3B-B980-5C34B859DE72}.AppStore|ARM.Build.0 = Release|Any CPU
		{2190D78D-1034-4A3B-B980-5C34B859DE72}.AppStore|ARM.Deploy.0 = Release|Any CPU
		{2190D78D-1034-4A3B-B980-5C34B859DE72}.AppStore|iPhone.ActiveCfg = Release|Any CPU
		{2190D78D-1034-4A3B-B980-5C34B859DE72}.AppStore|iPhone.Build.0 = Release|Any CPU
		{2190D78D-1034-4A3B-B980-5C34B859DE72}.AppStore|iPhone.Deploy.0 = Release|Any CPU
		{2190D78D-1034-4A3B-B980-5C34B859DE72}.AppStore|iPhoneSimulator.ActiveCfg = Release|Any CPU
		{2190D78D-1034-4A3B-B980-5C34B859DE72}.AppStore|iPhoneSimulator.Build.0 = Release|Any CPU
		{2190D78D-1034-4A3B-B980-5C34B859DE72}.AppStore|iPhoneSimulator.Deploy.0 = Release|Any CPU
		{2190D78D-1034-4A3B-B980-5C34B859DE72}.AppStore|x64.ActiveCfg = Release|Any CPU
		{2190D78D-1034-4A3B-B980-5C34B859DE72}.AppStore|x64.Build.0 = Release|Any CPU
		{2190D78D-1034-4A3B-B980-5C34B859DE72}.AppStore|x64.Deploy.0 = Release|Any CPU
		{2190D78D-1034-4A3B-B980-5C34B859DE72}.AppStore|x86.ActiveCfg = Release|Any CPU
		{2190D78D-1034-4A3B-B980-5C34B859DE72}.AppStore|x86.Build.0 = Release|Any CPU
		{2190D78D-1034-4A3B-B980-5C34B859DE72}.AppStore|x86.Deploy.0 = Release|Any CPU
		{2190D78D-1034-4A3B-B980-5C34B859DE72}.Debug|Any CPU.ActiveCfg = Debug|Any CPU
		{2190D78D-1034-4A3B-B980-5C34B859DE72}.Debug|Any CPU.Build.0 = Debug|Any CPU
		{2190D78D-1034-4A3B-B980-5C34B859DE72}.Debug|Any CPU.Deploy.0 = Debug|Any CPU
		{2190D78D-1034-4A3B-B980-5C34B859DE72}.Debug|ARM.ActiveCfg = Debug|Any CPU
		{2190D78D-1034-4A3B-B980-5C34B859DE72}.Debug|ARM.Build.0 = Debug|Any CPU
		{2190D78D-1034-4A3B-B980-5C34B859DE72}.Debug|ARM.Deploy.0 = Debug|Any CPU
		{2190D78D-1034-4A3B-B980-5C34B859DE72}.Debug|iPhone.ActiveCfg = Debug|Any CPU
		{2190D78D-1034-4A3B-B980-5C34B859DE72}.Debug|iPhone.Build.0 = Debug|Any CPU
		{2190D78D-1034-4A3B-B980-5C34B859DE72}.Debug|iPhone.Deploy.0 = Debug|Any CPU
		{2190D78D-1034-4A3B-B980-5C34B859DE72}.Debug|iPhoneSimulator.ActiveCfg = Debug|Any CPU
		{2190D78D-1034-4A3B-B980-5C34B859DE72}.Debug|iPhoneSimulator.Build.0 = Debug|Any CPU
		{2190D78D-1034-4A3B-B980-5C34B859DE72}.Debug|iPhoneSimulator.Deploy.0 = Debug|Any CPU
		{2190D78D-1034-4A3B-B980-5C34B859DE72}.Debug|x64.ActiveCfg = Debug|Any CPU
		{2190D78D-1034-4A3B-B980-5C34B859DE72}.Debug|x64.Build.0 = Debug|Any CPU
		{2190D78D-1034-4A3B-B980-5C34B859DE72}.Debug|x64.Deploy.0 = Debug|Any CPU
		{2190D78D-1034-4A3B-B980-5C34B859DE72}.Debug|x86.ActiveCfg = Debug|Any CPU
		{2190D78D-1034-4A3B-B980-5C34B859DE72}.Debug|x86.Build.0 = Debug|Any CPU
		{2190D78D-1034-4A3B-B980-5C34B859DE72}.Debug|x86.Deploy.0 = Debug|Any CPU
		{2190D78D-1034-4A3B-B980-5C34B859DE72}.Release|Any CPU.ActiveCfg = Release|Any CPU
		{2190D78D-1034-4A3B-B980-5C34B859DE72}.Release|Any CPU.Build.0 = Release|Any CPU
		{2190D78D-1034-4A3B-B980-5C34B859DE72}.Release|Any CPU.Deploy.0 = Release|Any CPU
		{2190D78D-1034-4A3B-B980-5C34B859DE72}.Release|ARM.ActiveCfg = Release|Any CPU
		{2190D78D-1034-4A3B-B980-5C34B859DE72}.Release|ARM.Build.0 = Release|Any CPU
		{2190D78D-1034-4A3B-B980-5C34B859DE72}.Release|ARM.Deploy.0 = Release|Any CPU
		{2190D78D-1034-4A3B-B980-5C34B859DE72}.Release|iPhone.ActiveCfg = Release|Any CPU
		{2190D78D-1034-4A3B-B980-5C34B859DE72}.Release|iPhone.Build.0 = Release|Any CPU
		{2190D78D-1034-4A3B-B980-5C34B859DE72}.Release|iPhone.Deploy.0 = Release|Any CPU
		{2190D78D-1034-4A3B-B980-5C34B859DE72}.Release|iPhoneSimulator.ActiveCfg = Release|Any CPU
		{2190D78D-1034-4A3B-B980-5C34B859DE72}.Release|iPhoneSimulator.Build.0 = Release|Any CPU
		{2190D78D-1034-4A3B-B980-5C34B859DE72}.Release|iPhoneSimulator.Deploy.0 = Release|Any CPU
		{2190D78D-1034-4A3B-B980-5C34B859DE72}.Release|x64.ActiveCfg = Release|Any CPU
		{2190D78D-1034-4A3B-B980-5C34B859DE72}.Release|x64.Build.0 = Release|Any CPU
		{2190D78D-1034-4A3B-B980-5C34B859DE72}.Release|x64.Deploy.0 = Release|Any CPU
		{2190D78D-1034-4A3B-B980-5C34B859DE72}.Release|x86.ActiveCfg = Release|Any CPU
		{2190D78D-1034-4A3B-B980-5C34B859DE72}.Release|x86.Build.0 = Release|Any CPU
		{2190D78D-1034-4A3B-B980-5C34B859DE72}.Release|x86.Deploy.0 = Release|Any CPU
		{A779913C-32E5-46F3-A957-8718B1FFE0E9}.Ad-Hoc|Any CPU.ActiveCfg = Ad-Hoc|iPhone
		{A779913C-32E5-46F3-A957-8718B1FFE0E9}.Ad-Hoc|ARM.ActiveCfg = Ad-Hoc|iPhone
		{A779913C-32E5-46F3-A957-8718B1FFE0E9}.Ad-Hoc|iPhone.ActiveCfg = Ad-Hoc|iPhone
		{A779913C-32E5-46F3-A957-8718B1FFE0E9}.Ad-Hoc|iPhone.Build.0 = Ad-Hoc|iPhone
		{A779913C-32E5-46F3-A957-8718B1FFE0E9}.Ad-Hoc|iPhoneSimulator.ActiveCfg = Ad-Hoc|iPhoneSimulator
		{A779913C-32E5-46F3-A957-8718B1FFE0E9}.Ad-Hoc|iPhoneSimulator.Build.0 = Ad-Hoc|iPhoneSimulator
		{A779913C-32E5-46F3-A957-8718B1FFE0E9}.Ad-Hoc|x64.ActiveCfg = Ad-Hoc|iPhone
		{A779913C-32E5-46F3-A957-8718B1FFE0E9}.Ad-Hoc|x86.ActiveCfg = Ad-Hoc|iPhone
		{A779913C-32E5-46F3-A957-8718B1FFE0E9}.AppStore|Any CPU.ActiveCfg = AppStore|iPhone
		{A779913C-32E5-46F3-A957-8718B1FFE0E9}.AppStore|ARM.ActiveCfg = AppStore|iPhone
		{A779913C-32E5-46F3-A957-8718B1FFE0E9}.AppStore|iPhone.ActiveCfg = AppStore|iPhone
		{A779913C-32E5-46F3-A957-8718B1FFE0E9}.AppStore|iPhone.Build.0 = AppStore|iPhone
		{A779913C-32E5-46F3-A957-8718B1FFE0E9}.AppStore|iPhoneSimulator.ActiveCfg = AppStore|iPhoneSimulator
		{A779913C-32E5-46F3-A957-8718B1FFE0E9}.AppStore|iPhoneSimulator.Build.0 = AppStore|iPhoneSimulator
		{A779913C-32E5-46F3-A957-8718B1FFE0E9}.AppStore|x64.ActiveCfg = AppStore|iPhone
		{A779913C-32E5-46F3-A957-8718B1FFE0E9}.AppStore|x86.ActiveCfg = AppStore|iPhone
		{A779913C-32E5-46F3-A957-8718B1FFE0E9}.Debug|Any CPU.ActiveCfg = Debug|iPhone
		{A779913C-32E5-46F3-A957-8718B1FFE0E9}.Debug|ARM.ActiveCfg = Debug|iPhone
		{A779913C-32E5-46F3-A957-8718B1FFE0E9}.Debug|iPhone.ActiveCfg = Debug|iPhone
		{A779913C-32E5-46F3-A957-8718B1FFE0E9}.Debug|iPhone.Build.0 = Debug|iPhone
		{A779913C-32E5-46F3-A957-8718B1FFE0E9}.Debug|iPhoneSimulator.ActiveCfg = Debug|iPhoneSimulator
		{A779913C-32E5-46F3-A957-8718B1FFE0E9}.Debug|iPhoneSimulator.Build.0 = Debug|iPhoneSimulator
		{A779913C-32E5-46F3-A957-8718B1FFE0E9}.Debug|x64.ActiveCfg = Debug|iPhone
		{A779913C-32E5-46F3-A957-8718B1FFE0E9}.Debug|x86.ActiveCfg = Debug|iPhone
		{A779913C-32E5-46F3-A957-8718B1FFE0E9}.Release|Any CPU.ActiveCfg = Release|iPhone
		{A779913C-32E5-46F3-A957-8718B1FFE0E9}.Release|ARM.ActiveCfg = Release|iPhone
		{A779913C-32E5-46F3-A957-8718B1FFE0E9}.Release|iPhone.ActiveCfg = Release|iPhone
		{A779913C-32E5-46F3-A957-8718B1FFE0E9}.Release|iPhone.Build.0 = Release|iPhone
		{A779913C-32E5-46F3-A957-8718B1FFE0E9}.Release|iPhoneSimulator.ActiveCfg = Release|iPhoneSimulator
		{A779913C-32E5-46F3-A957-8718B1FFE0E9}.Release|iPhoneSimulator.Build.0 = Release|iPhoneSimulator
		{A779913C-32E5-46F3-A957-8718B1FFE0E9}.Release|x64.ActiveCfg = Release|iPhone
		{A779913C-32E5-46F3-A957-8718B1FFE0E9}.Release|x86.ActiveCfg = Release|iPhone
		{94EDC356-C0C8-4272-A223-BC92971B3A69}.Ad-Hoc|Any CPU.ActiveCfg = Release|Any CPU
		{94EDC356-C0C8-4272-A223-BC92971B3A69}.Ad-Hoc|Any CPU.Build.0 = Release|Any CPU
		{94EDC356-C0C8-4272-A223-BC92971B3A69}.Ad-Hoc|Any CPU.Deploy.0 = Release|Any CPU
		{94EDC356-C0C8-4272-A223-BC92971B3A69}.Ad-Hoc|ARM.ActiveCfg = Release|ARM
		{94EDC356-C0C8-4272-A223-BC92971B3A69}.Ad-Hoc|ARM.Build.0 = Release|ARM
		{94EDC356-C0C8-4272-A223-BC92971B3A69}.Ad-Hoc|ARM.Deploy.0 = Release|ARM
		{94EDC356-C0C8-4272-A223-BC92971B3A69}.Ad-Hoc|iPhone.ActiveCfg = Release|Any CPU
		{94EDC356-C0C8-4272-A223-BC92971B3A69}.Ad-Hoc|iPhone.Build.0 = Release|Any CPU
		{94EDC356-C0C8-4272-A223-BC92971B3A69}.Ad-Hoc|iPhone.Deploy.0 = Release|Any CPU
		{94EDC356-C0C8-4272-A223-BC92971B3A69}.Ad-Hoc|iPhoneSimulator.ActiveCfg = Release|Any CPU
		{94EDC356-C0C8-4272-A223-BC92971B3A69}.Ad-Hoc|iPhoneSimulator.Build.0 = Release|Any CPU
		{94EDC356-C0C8-4272-A223-BC92971B3A69}.Ad-Hoc|iPhoneSimulator.Deploy.0 = Release|Any CPU
		{94EDC356-C0C8-4272-A223-BC92971B3A69}.Ad-Hoc|x64.ActiveCfg = Release|Any CPU
		{94EDC356-C0C8-4272-A223-BC92971B3A69}.Ad-Hoc|x64.Build.0 = Release|Any CPU
		{94EDC356-C0C8-4272-A223-BC92971B3A69}.Ad-Hoc|x64.Deploy.0 = Release|Any CPU
		{94EDC356-C0C8-4272-A223-BC92971B3A69}.Ad-Hoc|x86.ActiveCfg = Release|x86
		{94EDC356-C0C8-4272-A223-BC92971B3A69}.Ad-Hoc|x86.Build.0 = Release|x86
		{94EDC356-C0C8-4272-A223-BC92971B3A69}.Ad-Hoc|x86.Deploy.0 = Release|x86
		{94EDC356-C0C8-4272-A223-BC92971B3A69}.AppStore|Any CPU.ActiveCfg = Release|Any CPU
		{94EDC356-C0C8-4272-A223-BC92971B3A69}.AppStore|Any CPU.Build.0 = Release|Any CPU
		{94EDC356-C0C8-4272-A223-BC92971B3A69}.AppStore|Any CPU.Deploy.0 = Release|Any CPU
		{94EDC356-C0C8-4272-A223-BC92971B3A69}.AppStore|ARM.ActiveCfg = Release|ARM
		{94EDC356-C0C8-4272-A223-BC92971B3A69}.AppStore|ARM.Build.0 = Release|ARM
		{94EDC356-C0C8-4272-A223-BC92971B3A69}.AppStore|ARM.Deploy.0 = Release|ARM
		{94EDC356-C0C8-4272-A223-BC92971B3A69}.AppStore|iPhone.ActiveCfg = Release|Any CPU
		{94EDC356-C0C8-4272-A223-BC92971B3A69}.AppStore|iPhone.Build.0 = Release|Any CPU
		{94EDC356-C0C8-4272-A223-BC92971B3A69}.AppStore|iPhone.Deploy.0 = Release|Any CPU
		{94EDC356-C0C8-4272-A223-BC92971B3A69}.AppStore|iPhoneSimulator.ActiveCfg = Release|Any CPU
		{94EDC356-C0C8-4272-A223-BC92971B3A69}.AppStore|iPhoneSimulator.Build.0 = Release|Any CPU
		{94EDC356-C0C8-4272-A223-BC92971B3A69}.AppStore|iPhoneSimulator.Deploy.0 = Release|Any CPU
		{94EDC356-C0C8-4272-A223-BC92971B3A69}.AppStore|x64.ActiveCfg = Release|Any CPU
		{94EDC356-C0C8-4272-A223-BC92971B3A69}.AppStore|x64.Build.0 = Release|Any CPU
		{94EDC356-C0C8-4272-A223-BC92971B3A69}.AppStore|x64.Deploy.0 = Release|Any CPU
		{94EDC356-C0C8-4272-A223-BC92971B3A69}.AppStore|x86.ActiveCfg = Release|x86
		{94EDC356-C0C8-4272-A223-BC92971B3A69}.AppStore|x86.Build.0 = Release|x86
		{94EDC356-C0C8-4272-A223-BC92971B3A69}.AppStore|x86.Deploy.0 = Release|x86
		{94EDC356-C0C8-4272-A223-BC92971B3A69}.Debug|Any CPU.ActiveCfg = Debug|Any CPU
		{94EDC356-C0C8-4272-A223-BC92971B3A69}.Debug|Any CPU.Build.0 = Debug|Any CPU
		{94EDC356-C0C8-4272-A223-BC92971B3A69}.Debug|Any CPU.Deploy.0 = Debug|Any CPU
		{94EDC356-C0C8-4272-A223-BC92971B3A69}.Debug|ARM.ActiveCfg = Debug|ARM
		{94EDC356-C0C8-4272-A223-BC92971B3A69}.Debug|ARM.Build.0 = Debug|ARM
		{94EDC356-C0C8-4272-A223-BC92971B3A69}.Debug|ARM.Deploy.0 = Debug|ARM
		{94EDC356-C0C8-4272-A223-BC92971B3A69}.Debug|iPhone.ActiveCfg = Debug|Any CPU
		{94EDC356-C0C8-4272-A223-BC92971B3A69}.Debug|iPhone.Build.0 = Debug|Any CPU
		{94EDC356-C0C8-4272-A223-BC92971B3A69}.Debug|iPhone.Deploy.0 = Debug|Any CPU
		{94EDC356-C0C8-4272-A223-BC92971B3A69}.Debug|iPhoneSimulator.ActiveCfg = Debug|Any CPU
		{94EDC356-C0C8-4272-A223-BC92971B3A69}.Debug|iPhoneSimulator.Build.0 = Debug|Any CPU
		{94EDC356-C0C8-4272-A223-BC92971B3A69}.Debug|iPhoneSimulator.Deploy.0 = Debug|Any CPU
		{94EDC356-C0C8-4272-A223-BC92971B3A69}.Debug|x64.ActiveCfg = Debug|Any CPU
		{94EDC356-C0C8-4272-A223-BC92971B3A69}.Debug|x64.Build.0 = Debug|Any CPU
		{94EDC356-C0C8-4272-A223-BC92971B3A69}.Debug|x64.Deploy.0 = Debug|Any CPU
		{94EDC356-C0C8-4272-A223-BC92971B3A69}.Debug|x86.ActiveCfg = Debug|x86
		{94EDC356-C0C8-4272-A223-BC92971B3A69}.Debug|x86.Build.0 = Debug|x86
		{94EDC356-C0C8-4272-A223-BC92971B3A69}.Debug|x86.Deploy.0 = Debug|x86
		{94EDC356-C0C8-4272-A223-BC92971B3A69}.Release|Any CPU.ActiveCfg = Release|Any CPU
		{94EDC356-C0C8-4272-A223-BC92971B3A69}.Release|Any CPU.Build.0 = Release|Any CPU
		{94EDC356-C0C8-4272-A223-BC92971B3A69}.Release|Any CPU.Deploy.0 = Release|Any CPU
		{94EDC356-C0C8-4272-A223-BC92971B3A69}.Release|ARM.ActiveCfg = Release|ARM
		{94EDC356-C0C8-4272-A223-BC92971B3A69}.Release|ARM.Build.0 = Release|ARM
		{94EDC356-C0C8-4272-A223-BC92971B3A69}.Release|ARM.Deploy.0 = Release|ARM
		{94EDC356-C0C8-4272-A223-BC92971B3A69}.Release|iPhone.ActiveCfg = Release|Any CPU
		{94EDC356-C0C8-4272-A223-BC92971B3A69}.Release|iPhone.Build.0 = Release|Any CPU
		{94EDC356-C0C8-4272-A223-BC92971B3A69}.Release|iPhone.Deploy.0 = Release|Any CPU
		{94EDC356-C0C8-4272-A223-BC92971B3A69}.Release|iPhoneSimulator.ActiveCfg = Release|Any CPU
		{94EDC356-C0C8-4272-A223-BC92971B3A69}.Release|iPhoneSimulator.Build.0 = Release|Any CPU
		{94EDC356-C0C8-4272-A223-BC92971B3A69}.Release|iPhoneSimulator.Deploy.0 = Release|Any CPU
		{94EDC356-C0C8-4272-A223-BC92971B3A69}.Release|x64.ActiveCfg = Release|Any CPU
		{94EDC356-C0C8-4272-A223-BC92971B3A69}.Release|x64.Build.0 = Release|Any CPU
		{94EDC356-C0C8-4272-A223-BC92971B3A69}.Release|x64.Deploy.0 = Release|Any CPU
		{94EDC356-C0C8-4272-A223-BC92971B3A69}.Release|x86.ActiveCfg = Release|x86
		{94EDC356-C0C8-4272-A223-BC92971B3A69}.Release|x86.Build.0 = Release|x86
		{94EDC356-C0C8-4272-A223-BC92971B3A69}.Release|x86.Deploy.0 = Release|x86
		{5E1A0A6A-7621-4553-9908-64198E97067D}.Ad-Hoc|Any CPU.ActiveCfg = Release|Any CPU
		{5E1A0A6A-7621-4553-9908-64198E97067D}.Ad-Hoc|Any CPU.Build.0 = Release|Any CPU
		{5E1A0A6A-7621-4553-9908-64198E97067D}.Ad-Hoc|Any CPU.Deploy.0 = Release|Any CPU
		{5E1A0A6A-7621-4553-9908-64198E97067D}.Ad-Hoc|ARM.ActiveCfg = Release|ARM
		{5E1A0A6A-7621-4553-9908-64198E97067D}.Ad-Hoc|ARM.Build.0 = Release|ARM
		{5E1A0A6A-7621-4553-9908-64198E97067D}.Ad-Hoc|ARM.Deploy.0 = Release|ARM
		{5E1A0A6A-7621-4553-9908-64198E97067D}.Ad-Hoc|iPhone.ActiveCfg = Release|Any CPU
		{5E1A0A6A-7621-4553-9908-64198E97067D}.Ad-Hoc|iPhone.Build.0 = Release|Any CPU
		{5E1A0A6A-7621-4553-9908-64198E97067D}.Ad-Hoc|iPhone.Deploy.0 = Release|Any CPU
		{5E1A0A6A-7621-4553-9908-64198E97067D}.Ad-Hoc|iPhoneSimulator.ActiveCfg = Release|Any CPU
		{5E1A0A6A-7621-4553-9908-64198E97067D}.Ad-Hoc|iPhoneSimulator.Build.0 = Release|Any CPU
		{5E1A0A6A-7621-4553-9908-64198E97067D}.Ad-Hoc|iPhoneSimulator.Deploy.0 = Release|Any CPU
		{5E1A0A6A-7621-4553-9908-64198E97067D}.Ad-Hoc|x64.ActiveCfg = Release|x64
		{5E1A0A6A-7621-4553-9908-64198E97067D}.Ad-Hoc|x64.Build.0 = Release|x64
		{5E1A0A6A-7621-4553-9908-64198E97067D}.Ad-Hoc|x64.Deploy.0 = Release|x64
		{5E1A0A6A-7621-4553-9908-64198E97067D}.Ad-Hoc|x86.ActiveCfg = Release|x86
		{5E1A0A6A-7621-4553-9908-64198E97067D}.Ad-Hoc|x86.Build.0 = Release|x86
		{5E1A0A6A-7621-4553-9908-64198E97067D}.Ad-Hoc|x86.Deploy.0 = Release|x86
		{5E1A0A6A-7621-4553-9908-64198E97067D}.AppStore|Any CPU.ActiveCfg = Release|Any CPU
		{5E1A0A6A-7621-4553-9908-64198E97067D}.AppStore|Any CPU.Build.0 = Release|Any CPU
		{5E1A0A6A-7621-4553-9908-64198E97067D}.AppStore|Any CPU.Deploy.0 = Release|Any CPU
		{5E1A0A6A-7621-4553-9908-64198E97067D}.AppStore|ARM.ActiveCfg = Release|ARM
		{5E1A0A6A-7621-4553-9908-64198E97067D}.AppStore|ARM.Build.0 = Release|ARM
		{5E1A0A6A-7621-4553-9908-64198E97067D}.AppStore|ARM.Deploy.0 = Release|ARM
		{5E1A0A6A-7621-4553-9908-64198E97067D}.AppStore|iPhone.ActiveCfg = Release|Any CPU
		{5E1A0A6A-7621-4553-9908-64198E97067D}.AppStore|iPhone.Build.0 = Release|Any CPU
		{5E1A0A6A-7621-4553-9908-64198E97067D}.AppStore|iPhone.Deploy.0 = Release|Any CPU
		{5E1A0A6A-7621-4553-9908-64198E97067D}.AppStore|iPhoneSimulator.ActiveCfg = Release|Any CPU
		{5E1A0A6A-7621-4553-9908-64198E97067D}.AppStore|iPhoneSimulator.Build.0 = Release|Any CPU
		{5E1A0A6A-7621-4553-9908-64198E97067D}.AppStore|iPhoneSimulator.Deploy.0 = Release|Any CPU
		{5E1A0A6A-7621-4553-9908-64198E97067D}.AppStore|x64.ActiveCfg = Release|x64
		{5E1A0A6A-7621-4553-9908-64198E97067D}.AppStore|x64.Build.0 = Release|x64
		{5E1A0A6A-7621-4553-9908-64198E97067D}.AppStore|x64.Deploy.0 = Release|x64
		{5E1A0A6A-7621-4553-9908-64198E97067D}.AppStore|x86.ActiveCfg = Release|x86
		{5E1A0A6A-7621-4553-9908-64198E97067D}.AppStore|x86.Build.0 = Release|x86
		{5E1A0A6A-7621-4553-9908-64198E97067D}.AppStore|x86.Deploy.0 = Release|x86
		{5E1A0A6A-7621-4553-9908-64198E97067D}.Debug|Any CPU.ActiveCfg = Debug|Any CPU
		{5E1A0A6A-7621-4553-9908-64198E97067D}.Debug|Any CPU.Build.0 = Debug|Any CPU
		{5E1A0A6A-7621-4553-9908-64198E97067D}.Debug|Any CPU.Deploy.0 = Debug|Any CPU
		{5E1A0A6A-7621-4553-9908-64198E97067D}.Debug|ARM.ActiveCfg = Debug|ARM
		{5E1A0A6A-7621-4553-9908-64198E97067D}.Debug|ARM.Build.0 = Debug|ARM
		{5E1A0A6A-7621-4553-9908-64198E97067D}.Debug|ARM.Deploy.0 = Debug|ARM
		{5E1A0A6A-7621-4553-9908-64198E97067D}.Debug|iPhone.ActiveCfg = Debug|Any CPU
		{5E1A0A6A-7621-4553-9908-64198E97067D}.Debug|iPhone.Build.0 = Debug|Any CPU
		{5E1A0A6A-7621-4553-9908-64198E97067D}.Debug|iPhone.Deploy.0 = Debug|Any CPU
		{5E1A0A6A-7621-4553-9908-64198E97067D}.Debug|iPhoneSimulator.ActiveCfg = Debug|Any CPU
		{5E1A0A6A-7621-4553-9908-64198E97067D}.Debug|iPhoneSimulator.Build.0 = Debug|Any CPU
		{5E1A0A6A-7621-4553-9908-64198E97067D}.Debug|iPhoneSimulator.Deploy.0 = Debug|Any CPU
		{5E1A0A6A-7621-4553-9908-64198E97067D}.Debug|x64.ActiveCfg = Debug|x64
		{5E1A0A6A-7621-4553-9908-64198E97067D}.Debug|x64.Build.0 = Debug|x64
		{5E1A0A6A-7621-4553-9908-64198E97067D}.Debug|x64.Deploy.0 = Debug|x64
		{5E1A0A6A-7621-4553-9908-64198E97067D}.Debug|x86.ActiveCfg = Debug|x86
		{5E1A0A6A-7621-4553-9908-64198E97067D}.Debug|x86.Build.0 = Debug|x86
		{5E1A0A6A-7621-4553-9908-64198E97067D}.Debug|x86.Deploy.0 = Debug|x86
		{5E1A0A6A-7621-4553-9908-64198E97067D}.Release|Any CPU.ActiveCfg = Release|Any CPU
		{5E1A0A6A-7621-4553-9908-64198E97067D}.Release|Any CPU.Build.0 = Release|Any CPU
		{5E1A0A6A-7621-4553-9908-64198E97067D}.Release|Any CPU.Deploy.0 = Release|Any CPU
		{5E1A0A6A-7621-4553-9908-64198E97067D}.Release|ARM.ActiveCfg = Release|ARM
		{5E1A0A6A-7621-4553-9908-64198E97067D}.Release|ARM.Build.0 = Release|ARM
		{5E1A0A6A-7621-4553-9908-64198E97067D}.Release|ARM.Deploy.0 = Release|ARM
		{5E1A0A6A-7621-4553-9908-64198E97067D}.Release|iPhone.ActiveCfg = Release|Any CPU
		{5E1A0A6A-7621-4553-9908-64198E97067D}.Release|iPhone.Build.0 = Release|Any CPU
		{5E1A0A6A-7621-4553-9908-64198E97067D}.Release|iPhone.Deploy.0 = Release|Any CPU
		{5E1A0A6A-7621-4553-9908-64198E97067D}.Release|iPhoneSimulator.ActiveCfg = Release|Any CPU
		{5E1A0A6A-7621-4553-9908-64198E97067D}.Release|iPhoneSimulator.Build.0 = Release|Any CPU
		{5E1A0A6A-7621-4553-9908-64198E97067D}.Release|iPhoneSimulator.Deploy.0 = Release|Any CPU
		{5E1A0A6A-7621-4553-9908-64198E97067D}.Release|x64.ActiveCfg = Release|x64
		{5E1A0A6A-7621-4553-9908-64198E97067D}.Release|x64.Build.0 = Release|x64
		{5E1A0A6A-7621-4553-9908-64198E97067D}.Release|x64.Deploy.0 = Release|x64
		{5E1A0A6A-7621-4553-9908-64198E97067D}.Release|x86.ActiveCfg = Release|x86
		{5E1A0A6A-7621-4553-9908-64198E97067D}.Release|x86.Build.0 = Release|x86
		{5E1A0A6A-7621-4553-9908-64198E97067D}.Release|x86.Deploy.0 = Release|x86
		{D4B33B69-0C3F-4B96-AB67-4CCDC11EF2FC}.Ad-Hoc|Any CPU.ActiveCfg = Release|Any CPU
		{D4B33B69-0C3F-4B96-AB67-4CCDC11EF2FC}.Ad-Hoc|Any CPU.Build.0 = Release|Any CPU
		{D4B33B69-0C3F-4B96-AB67-4CCDC11EF2FC}.Ad-Hoc|ARM.ActiveCfg = Release|Any CPU
		{D4B33B69-0C3F-4B96-AB67-4CCDC11EF2FC}.Ad-Hoc|ARM.Build.0 = Release|Any CPU
		{D4B33B69-0C3F-4B96-AB67-4CCDC11EF2FC}.Ad-Hoc|iPhone.ActiveCfg = Release|Any CPU
		{D4B33B69-0C3F-4B96-AB67-4CCDC11EF2FC}.Ad-Hoc|iPhone.Build.0 = Release|Any CPU
		{D4B33B69-0C3F-4B96-AB67-4CCDC11EF2FC}.Ad-Hoc|iPhoneSimulator.ActiveCfg = Release|Any CPU
		{D4B33B69-0C3F-4B96-AB67-4CCDC11EF2FC}.Ad-Hoc|iPhoneSimulator.Build.0 = Release|Any CPU
		{D4B33B69-0C3F-4B96-AB67-4CCDC11EF2FC}.Ad-Hoc|x64.ActiveCfg = Release|Any CPU
		{D4B33B69-0C3F-4B96-AB67-4CCDC11EF2FC}.Ad-Hoc|x64.Build.0 = Release|Any CPU
		{D4B33B69-0C3F-4B96-AB67-4CCDC11EF2FC}.Ad-Hoc|x86.ActiveCfg = Release|Any CPU
		{D4B33B69-0C3F-4B96-AB67-4CCDC11EF2FC}.Ad-Hoc|x86.Build.0 = Release|Any CPU
		{D4B33B69-0C3F-4B96-AB67-4CCDC11EF2FC}.AppStore|Any CPU.ActiveCfg = Release|Any CPU
		{D4B33B69-0C3F-4B96-AB67-4CCDC11EF2FC}.AppStore|Any CPU.Build.0 = Release|Any CPU
		{D4B33B69-0C3F-4B96-AB67-4CCDC11EF2FC}.AppStore|ARM.ActiveCfg = Release|Any CPU
		{D4B33B69-0C3F-4B96-AB67-4CCDC11EF2FC}.AppStore|ARM.Build.0 = Release|Any CPU
		{D4B33B69-0C3F-4B96-AB67-4CCDC11EF2FC}.AppStore|iPhone.ActiveCfg = Release|Any CPU
		{D4B33B69-0C3F-4B96-AB67-4CCDC11EF2FC}.AppStore|iPhone.Build.0 = Release|Any CPU
		{D4B33B69-0C3F-4B96-AB67-4CCDC11EF2FC}.AppStore|iPhoneSimulator.ActiveCfg = Release|Any CPU
		{D4B33B69-0C3F-4B96-AB67-4CCDC11EF2FC}.AppStore|iPhoneSimulator.Build.0 = Release|Any CPU
		{D4B33B69-0C3F-4B96-AB67-4CCDC11EF2FC}.AppStore|x64.ActiveCfg = Release|Any CPU
		{D4B33B69-0C3F-4B96-AB67-4CCDC11EF2FC}.AppStore|x64.Build.0 = Release|Any CPU
		{D4B33B69-0C3F-4B96-AB67-4CCDC11EF2FC}.AppStore|x86.ActiveCfg = Release|Any CPU
		{D4B33B69-0C3F-4B96-AB67-4CCDC11EF2FC}.AppStore|x86.Build.0 = Release|Any CPU
		{D4B33B69-0C3F-4B96-AB67-4CCDC11EF2FC}.Debug|Any CPU.ActiveCfg = Debug|Any CPU
		{D4B33B69-0C3F-4B96-AB67-4CCDC11EF2FC}.Debug|Any CPU.Build.0 = Debug|Any CPU
		{D4B33B69-0C3F-4B96-AB67-4CCDC11EF2FC}.Debug|ARM.ActiveCfg = Debug|Any CPU
		{D4B33B69-0C3F-4B96-AB67-4CCDC11EF2FC}.Debug|ARM.Build.0 = Debug|Any CPU
		{D4B33B69-0C3F-4B96-AB67-4CCDC11EF2FC}.Debug|iPhone.ActiveCfg = Debug|Any CPU
		{D4B33B69-0C3F-4B96-AB67-4CCDC11EF2FC}.Debug|iPhone.Build.0 = Debug|Any CPU
		{D4B33B69-0C3F-4B96-AB67-4CCDC11EF2FC}.Debug|iPhoneSimulator.ActiveCfg = Debug|Any CPU
		{D4B33B69-0C3F-4B96-AB67-4CCDC11EF2FC}.Debug|iPhoneSimulator.Build.0 = Debug|Any CPU
		{D4B33B69-0C3F-4B96-AB67-4CCDC11EF2FC}.Debug|x64.ActiveCfg = Debug|Any CPU
		{D4B33B69-0C3F-4B96-AB67-4CCDC11EF2FC}.Debug|x64.Build.0 = Debug|Any CPU
		{D4B33B69-0C3F-4B96-AB67-4CCDC11EF2FC}.Debug|x86.ActiveCfg = Debug|Any CPU
		{D4B33B69-0C3F-4B96-AB67-4CCDC11EF2FC}.Debug|x86.Build.0 = Debug|Any CPU
		{D4B33B69-0C3F-4B96-AB67-4CCDC11EF2FC}.Release|Any CPU.ActiveCfg = Release|Any CPU
		{D4B33B69-0C3F-4B96-AB67-4CCDC11EF2FC}.Release|Any CPU.Build.0 = Release|Any CPU
		{D4B33B69-0C3F-4B96-AB67-4CCDC11EF2FC}.Release|ARM.ActiveCfg = Release|Any CPU
		{D4B33B69-0C3F-4B96-AB67-4CCDC11EF2FC}.Release|ARM.Build.0 = Release|Any CPU
		{D4B33B69-0C3F-4B96-AB67-4CCDC11EF2FC}.Release|iPhone.ActiveCfg = Release|Any CPU
		{D4B33B69-0C3F-4B96-AB67-4CCDC11EF2FC}.Release|iPhone.Build.0 = Release|Any CPU
		{D4B33B69-0C3F-4B96-AB67-4CCDC11EF2FC}.Release|iPhoneSimulator.ActiveCfg = Release|Any CPU
		{D4B33B69-0C3F-4B96-AB67-4CCDC11EF2FC}.Release|iPhoneSimulator.Build.0 = Release|Any CPU
		{D4B33B69-0C3F-4B96-AB67-4CCDC11EF2FC}.Release|x64.ActiveCfg = Release|Any CPU
		{D4B33B69-0C3F-4B96-AB67-4CCDC11EF2FC}.Release|x64.Build.0 = Release|Any CPU
		{D4B33B69-0C3F-4B96-AB67-4CCDC11EF2FC}.Release|x86.ActiveCfg = Release|Any CPU
		{D4B33B69-0C3F-4B96-AB67-4CCDC11EF2FC}.Release|x86.Build.0 = Release|Any CPU
	EndGlobalSection
	GlobalSection(SolutionProperties) = preSolution
		HideSolutionNode = FALSE
	EndGlobalSection
EndGlobal
