
Microsoft Visual Studio Solution File, Format Version 12.00
# Visual Studio 14
VisualStudioVersion = 14.0.25420.1
MinimumVisualStudioVersion = 10.0.40219.1
Project("{FAE04EC0-301F-11D3-BF4B-00C04F79EFBC}") = "SharedResourcesPage.Droid", "SharedResourcesPage\SharedResourcesPage.Droid\SharedResourcesPage.Droid.csproj", "{B309EBCD-53E0-48C7-9748-45124C0AC94B}"
EndProject
Project("{FAE04EC0-301F-11D3-BF4B-00C04F79EFBC}") = "SharedResourcesPage.iOS", "SharedResourcesPage\SharedResourcesPage.iOS\SharedResourcesPage.iOS.csproj", "{124B30EF-91BF-46AF-BEB3-8E91D604B769}"
EndProject
Project("{FAE04EC0-301F-11D3-BF4B-00C04F79EFBC}") = "SharedResourcesPage.WinPhone", "SharedResourcesPage\SharedResourcesPage.WinPhone\SharedResourcesPage.WinPhone.csproj", "{50DDE8C8-04F7-4838-B869-1CF612B75505}"
EndProject
Project("{FAE04EC0-301F-11D3-BF4B-00C04F79EFBC}") = "SharedResourcesPage.Windows", "SharedResourcesPage\SharedResourcesPage.Windows\SharedResourcesPage.Windows.csproj", "{6CEEDC95-B210-411C-BB56-199DFD0F35E1}"
EndProject
Project("{FAE04EC0-301F-11D3-BF4B-00C04F79EFBC}") = "SharedResourcesPage", "SharedResourcesPage\SharedResourcesPage\SharedResourcesPage.csproj", "{ECFFF14E-A025-4ABF-A9A9-EBC8FC354AFE}"
EndProject
Global
	GlobalSection(SolutionConfigurationPlatforms) = preSolution
		Ad-Hoc|Any CPU = Ad-Hoc|Any CPU
		Ad-Hoc|ARM = Ad-Hoc|ARM
		Ad-Hoc|iPhone = Ad-Hoc|iPhone
		Ad-Hoc|iPhoneSimulator = Ad-Hoc|iPhoneSimulator
		Ad-Hoc|x64 = Ad-Hoc|x64
		Ad-Hoc|x86 = Ad-Hoc|x86
		AppStore|Any CPU = AppStore|Any CPU
		AppStore|ARM = AppStore|ARM
		AppStore|iPhone = AppStore|iPhone
		AppStore|iPhoneSimulator = AppStore|iPhoneSimulator
		AppStore|x64 = AppStore|x64
		AppStore|x86 = AppStore|x86
		Debug|Any CPU = Debug|Any CPU
		Debug|ARM = Debug|ARM
		Debug|iPhone = Debug|iPhone
		Debug|iPhoneSimulator = Debug|iPhoneSimulator
		Debug|x64 = Debug|x64
		Debug|x86 = Debug|x86
		Release|Any CPU = Release|Any CPU
		Release|ARM = Release|ARM
		Release|iPhone = Release|iPhone
		Release|iPhoneSimulator = Release|iPhoneSimulator
		Release|x64 = Release|x64
		Release|x86 = Release|x86
	EndGlobalSection
	GlobalSection(ProjectConfigurationPlatforms) = postSolution
		{B309EBCD-53E0-48C7-9748-45124C0AC94B}.Ad-Hoc|Any CPU.ActiveCfg = Release|Any CPU
		{B309EBCD-53E0-48C7-9748-45124C0AC94B}.Ad-Hoc|Any CPU.Build.0 = Release|Any CPU
		{B309EBCD-53E0-48C7-9748-45124C0AC94B}.Ad-Hoc|Any CPU.Deploy.0 = Release|Any CPU
		{B309EBCD-53E0-48C7-9748-45124C0AC94B}.Ad-Hoc|ARM.ActiveCfg = Release|Any CPU
		{B309EBCD-53E0-48C7-9748-45124C0AC94B}.Ad-Hoc|ARM.Build.0 = Release|Any CPU
		{B309EBCD-53E0-48C7-9748-45124C0AC94B}.Ad-Hoc|ARM.Deploy.0 = Release|Any CPU
		{B309EBCD-53E0-48C7-9748-45124C0AC94B}.Ad-Hoc|iPhone.ActiveCfg = Release|Any CPU
		{B309EBCD-53E0-48C7-9748-45124C0AC94B}.Ad-Hoc|iPhone.Build.0 = Release|Any CPU
		{B309EBCD-53E0-48C7-9748-45124C0AC94B}.Ad-Hoc|iPhone.Deploy.0 = Release|Any CPU
		{B309EBCD-53E0-48C7-9748-45124C0AC94B}.Ad-Hoc|iPhoneSimulator.ActiveCfg = Release|Any CPU
		{B309EBCD-53E0-48C7-9748-45124C0AC94B}.Ad-Hoc|iPhoneSimulator.Build.0 = Release|Any CPU
		{B309EBCD-53E0-48C7-9748-45124C0AC94B}.Ad-Hoc|iPhoneSimulator.Deploy.0 = Release|Any CPU
		{B309EBCD-53E0-48C7-9748-45124C0AC94B}.Ad-Hoc|x64.ActiveCfg = Release|Any CPU
		{B309EBCD-53E0-48C7-9748-45124C0AC94B}.Ad-Hoc|x64.Build.0 = Release|Any CPU
		{B309EBCD-53E0-48C7-9748-45124C0AC94B}.Ad-Hoc|x64.Deploy.0 = Release|Any CPU
		{B309EBCD-53E0-48C7-9748-45124C0AC94B}.Ad-Hoc|x86.ActiveCfg = Release|Any CPU
		{B309EBCD-53E0-48C7-9748-45124C0AC94B}.Ad-Hoc|x86.Build.0 = Release|Any CPU
		{B309EBCD-53E0-48C7-9748-45124C0AC94B}.Ad-Hoc|x86.Deploy.0 = Release|Any CPU
		{B309EBCD-53E0-48C7-9748-45124C0AC94B}.AppStore|Any CPU.ActiveCfg = Release|Any CPU
		{B309EBCD-53E0-48C7-9748-45124C0AC94B}.AppStore|Any CPU.Build.0 = Release|Any CPU
		{B309EBCD-53E0-48C7-9748-45124C0AC94B}.AppStore|Any CPU.Deploy.0 = Release|Any CPU
		{B309EBCD-53E0-48C7-9748-45124C0AC94B}.AppStore|ARM.ActiveCfg = Release|Any CPU
		{B309EBCD-53E0-48C7-9748-45124C0AC94B}.AppStore|ARM.Build.0 = Release|Any CPU
		{B309EBCD-53E0-48C7-9748-45124C0AC94B}.AppStore|ARM.Deploy.0 = Release|Any CPU
		{B309EBCD-53E0-48C7-9748-45124C0AC94B}.AppStore|iPhone.ActiveCfg = Release|Any CPU
		{B309EBCD-53E0-48C7-9748-45124C0AC94B}.AppStore|iPhone.Build.0 = Release|Any CPU
		{B309EBCD-53E0-48C7-9748-45124C0AC94B}.AppStore|iPhone.Deploy.0 = Release|Any CPU
		{B309EBCD-53E0-48C7-9748-45124C0AC94B}.AppStore|iPhoneSimulator.ActiveCfg = Release|Any CPU
		{B309EBCD-53E0-48C7-9748-45124C0AC94B}.AppStore|iPhoneSimulator.Build.0 = Release|Any CPU
		{B309EBCD-53E0-48C7-9748-45124C0AC94B}.AppStore|iPhoneSimulator.Deploy.0 = Release|Any CPU
		{B309EBCD-53E0-48C7-9748-45124C0AC94B}.AppStore|x64.ActiveCfg = Release|Any CPU
		{B309EBCD-53E0-48C7-9748-45124C0AC94B}.AppStore|x64.Build.0 = Release|Any CPU
		{B309EBCD-53E0-48C7-9748-45124C0AC94B}.AppStore|x64.Deploy.0 = Release|Any CPU
		{B309EBCD-53E0-48C7-9748-45124C0AC94B}.AppStore|x86.ActiveCfg = Release|Any CPU
		{B309EBCD-53E0-48C7-9748-45124C0AC94B}.AppStore|x86.Build.0 = Release|Any CPU
		{B309EBCD-53E0-48C7-9748-45124C0AC94B}.AppStore|x86.Deploy.0 = Release|Any CPU
		{B309EBCD-53E0-48C7-9748-45124C0AC94B}.Debug|Any CPU.ActiveCfg = Debug|Any CPU
		{B309EBCD-53E0-48C7-9748-45124C0AC94B}.Debug|Any CPU.Build.0 = Debug|Any CPU
		{B309EBCD-53E0-48C7-9748-45124C0AC94B}.Debug|Any CPU.Deploy.0 = Debug|Any CPU
		{B309EBCD-53E0-48C7-9748-45124C0AC94B}.Debug|ARM.ActiveCfg = Debug|Any CPU
		{B309EBCD-53E0-48C7-9748-45124C0AC94B}.Debug|ARM.Build.0 = Debug|Any CPU
		{B309EBCD-53E0-48C7-9748-45124C0AC94B}.Debug|ARM.Deploy.0 = Debug|Any CPU
		{B309EBCD-53E0-48C7-9748-45124C0AC94B}.Debug|iPhone.ActiveCfg = Debug|Any CPU
		{B309EBCD-53E0-48C7-9748-45124C0AC94B}.Debug|iPhone.Build.0 = Debug|Any CPU
		{B309EBCD-53E0-48C7-9748-45124C0AC94B}.Debug|iPhone.Deploy.0 = Debug|Any CPU
		{B309EBCD-53E0-48C7-9748-45124C0AC94B}.Debug|iPhoneSimulator.ActiveCfg = Debug|Any CPU
		{B309EBCD-53E0-48C7-9748-45124C0AC94B}.Debug|iPhoneSimulator.Build.0 = Debug|Any CPU
		{B309EBCD-53E0-48C7-9748-45124C0AC94B}.Debug|iPhoneSimulator.Deploy.0 = Debug|Any CPU
		{B309EBCD-53E0-48C7-9748-45124C0AC94B}.Debug|x64.ActiveCfg = Debug|Any CPU
		{B309EBCD-53E0-48C7-9748-45124C0AC94B}.Debug|x64.Build.0 = Debug|Any CPU
		{B309EBCD-53E0-48C7-9748-45124C0AC94B}.Debug|x64.Deploy.0 = Debug|Any CPU
		{B309EBCD-53E0-48C7-9748-45124C0AC94B}.Debug|x86.ActiveCfg = Debug|Any CPU
		{B309EBCD-53E0-48C7-9748-45124C0AC94B}.Debug|x86.Build.0 = Debug|Any CPU
		{B309EBCD-53E0-48C7-9748-45124C0AC94B}.Debug|x86.Deploy.0 = Debug|Any CPU
		{B309EBCD-53E0-48C7-9748-45124C0AC94B}.Release|Any CPU.ActiveCfg = Release|Any CPU
		{B309EBCD-53E0-48C7-9748-45124C0AC94B}.Release|Any CPU.Build.0 = Release|Any CPU
		{B309EBCD-53E0-48C7-9748-45124C0AC94B}.Release|Any CPU.Deploy.0 = Release|Any CPU
		{B309EBCD-53E0-48C7-9748-45124C0AC94B}.Release|ARM.ActiveCfg = Release|Any CPU
		{B309EBCD-53E0-48C7-9748-45124C0AC94B}.Release|ARM.Build.0 = Release|Any CPU
		{B309EBCD-53E0-48C7-9748-45124C0AC94B}.Release|ARM.Deploy.0 = Release|Any CPU
		{B309EBCD-53E0-48C7-9748-45124C0AC94B}.Release|iPhone.ActiveCfg = Release|Any CPU
		{B309EBCD-53E0-48C7-9748-45124C0AC94B}.Release|iPhone.Build.0 = Release|Any CPU
		{B309EBCD-53E0-48C7-9748-45124C0AC94B}.Release|iPhone.Deploy.0 = Release|Any CPU
		{B309EBCD-53E0-48C7-9748-45124C0AC94B}.Release|iPhoneSimulator.ActiveCfg = Release|Any CPU
		{B309EBCD-53E0-48C7-9748-45124C0AC94B}.Release|iPhoneSimulator.Build.0 = Release|Any CPU
		{B309EBCD-53E0-48C7-9748-45124C0AC94B}.Release|iPhoneSimulator.Deploy.0 = Release|Any CPU
		{B309EBCD-53E0-48C7-9748-45124C0AC94B}.Release|x64.ActiveCfg = Release|Any CPU
		{B309EBCD-53E0-48C7-9748-45124C0AC94B}.Release|x64.Build.0 = Release|Any CPU
		{B309EBCD-53E0-48C7-9748-45124C0AC94B}.Release|x64.Deploy.0 = Release|Any CPU
		{B309EBCD-53E0-48C7-9748-45124C0AC94B}.Release|x86.ActiveCfg = Release|Any CPU
		{B309EBCD-53E0-48C7-9748-45124C0AC94B}.Release|x86.Build.0 = Release|Any CPU
		{B309EBCD-53E0-48C7-9748-45124C0AC94B}.Release|x86.Deploy.0 = Release|Any CPU
		{124B30EF-91BF-46AF-BEB3-8E91D604B769}.Ad-Hoc|Any CPU.ActiveCfg = Ad-Hoc|iPhone
		{124B30EF-91BF-46AF-BEB3-8E91D604B769}.Ad-Hoc|ARM.ActiveCfg = Ad-Hoc|iPhone
		{124B30EF-91BF-46AF-BEB3-8E91D604B769}.Ad-Hoc|iPhone.ActiveCfg = Ad-Hoc|iPhone
		{124B30EF-91BF-46AF-BEB3-8E91D604B769}.Ad-Hoc|iPhone.Build.0 = Ad-Hoc|iPhone
		{124B30EF-91BF-46AF-BEB3-8E91D604B769}.Ad-Hoc|iPhoneSimulator.ActiveCfg = Ad-Hoc|iPhoneSimulator
		{124B30EF-91BF-46AF-BEB3-8E91D604B769}.Ad-Hoc|iPhoneSimulator.Build.0 = Ad-Hoc|iPhoneSimulator
		{124B30EF-91BF-46AF-BEB3-8E91D604B769}.Ad-Hoc|x64.ActiveCfg = Ad-Hoc|iPhone
		{124B30EF-91BF-46AF-BEB3-8E91D604B769}.Ad-Hoc|x86.ActiveCfg = Ad-Hoc|iPhone
		{124B30EF-91BF-46AF-BEB3-8E91D604B769}.AppStore|Any CPU.ActiveCfg = AppStore|iPhone
		{124B30EF-91BF-46AF-BEB3-8E91D604B769}.AppStore|ARM.ActiveCfg = AppStore|iPhone
		{124B30EF-91BF-46AF-BEB3-8E91D604B769}.AppStore|iPhone.ActiveCfg = AppStore|iPhone
		{124B30EF-91BF-46AF-BEB3-8E91D604B769}.AppStore|iPhone.Build.0 = AppStore|iPhone
		{124B30EF-91BF-46AF-BEB3-8E91D604B769}.AppStore|iPhoneSimulator.ActiveCfg = AppStore|iPhoneSimulator
		{124B30EF-91BF-46AF-BEB3-8E91D604B769}.AppStore|iPhoneSimulator.Build.0 = AppStore|iPhoneSimulator
		{124B30EF-91BF-46AF-BEB3-8E91D604B769}.AppStore|x64.ActiveCfg = AppStore|iPhone
		{124B30EF-91BF-46AF-BEB3-8E91D604B769}.AppStore|x86.ActiveCfg = AppStore|iPhone
		{124B30EF-91BF-46AF-BEB3-8E91D604B769}.Debug|Any CPU.ActiveCfg = Debug|iPhone
		{124B30EF-91BF-46AF-BEB3-8E91D604B769}.Debug|ARM.ActiveCfg = Debug|iPhone
		{124B30EF-91BF-46AF-BEB3-8E91D604B769}.Debug|iPhone.ActiveCfg = Debug|iPhone
		{124B30EF-91BF-46AF-BEB3-8E91D604B769}.Debug|iPhone.Build.0 = Debug|iPhone
		{124B30EF-91BF-46AF-BEB3-8E91D604B769}.Debug|iPhoneSimulator.ActiveCfg = Debug|iPhoneSimulator
		{124B30EF-91BF-46AF-BEB3-8E91D604B769}.Debug|iPhoneSimulator.Build.0 = Debug|iPhoneSimulator
		{124B30EF-91BF-46AF-BEB3-8E91D604B769}.Debug|x64.ActiveCfg = Debug|iPhone
		{124B30EF-91BF-46AF-BEB3-8E91D604B769}.Debug|x86.ActiveCfg = Debug|iPhone
		{124B30EF-91BF-46AF-BEB3-8E91D604B769}.Release|Any CPU.ActiveCfg = Release|iPhone
		{124B30EF-91BF-46AF-BEB3-8E91D604B769}.Release|ARM.ActiveCfg = Release|iPhone
		{124B30EF-91BF-46AF-BEB3-8E91D604B769}.Release|iPhone.ActiveCfg = Release|iPhone
		{124B30EF-91BF-46AF-BEB3-8E91D604B769}.Release|iPhone.Build.0 = Release|iPhone
		{124B30EF-91BF-46AF-BEB3-8E91D604B769}.Release|iPhoneSimulator.ActiveCfg = Release|iPhoneSimulator
		{124B30EF-91BF-46AF-BEB3-8E91D604B769}.Release|iPhoneSimulator.Build.0 = Release|iPhoneSimulator
		{124B30EF-91BF-46AF-BEB3-8E91D604B769}.Release|x64.ActiveCfg = Release|iPhone
		{124B30EF-91BF-46AF-BEB3-8E91D604B769}.Release|x86.ActiveCfg = Release|iPhone
		{50DDE8C8-04F7-4838-B869-1CF612B75505}.Ad-Hoc|Any CPU.ActiveCfg = Release|Any CPU
		{50DDE8C8-04F7-4838-B869-1CF612B75505}.Ad-Hoc|Any CPU.Build.0 = Release|Any CPU
		{50DDE8C8-04F7-4838-B869-1CF612B75505}.Ad-Hoc|Any CPU.Deploy.0 = Release|Any CPU
		{50DDE8C8-04F7-4838-B869-1CF612B75505}.Ad-Hoc|ARM.ActiveCfg = Release|ARM
		{50DDE8C8-04F7-4838-B869-1CF612B75505}.Ad-Hoc|ARM.Build.0 = Release|ARM
		{50DDE8C8-04F7-4838-B869-1CF612B75505}.Ad-Hoc|ARM.Deploy.0 = Release|ARM
		{50DDE8C8-04F7-4838-B869-1CF612B75505}.Ad-Hoc|iPhone.ActiveCfg = Release|Any CPU
		{50DDE8C8-04F7-4838-B869-1CF612B75505}.Ad-Hoc|iPhone.Build.0 = Release|Any CPU
		{50DDE8C8-04F7-4838-B869-1CF612B75505}.Ad-Hoc|iPhone.Deploy.0 = Release|Any CPU
		{50DDE8C8-04F7-4838-B869-1CF612B75505}.Ad-Hoc|iPhoneSimulator.ActiveCfg = Release|Any CPU
		{50DDE8C8-04F7-4838-B869-1CF612B75505}.Ad-Hoc|iPhoneSimulator.Build.0 = Release|Any CPU
		{50DDE8C8-04F7-4838-B869-1CF612B75505}.Ad-Hoc|iPhoneSimulator.Deploy.0 = Release|Any CPU
		{50DDE8C8-04F7-4838-B869-1CF612B75505}.Ad-Hoc|x64.ActiveCfg = Release|Any CPU
		{50DDE8C8-04F7-4838-B869-1CF612B75505}.Ad-Hoc|x64.Build.0 = Release|Any CPU
		{50DDE8C8-04F7-4838-B869-1CF612B75505}.Ad-Hoc|x64.Deploy.0 = Release|Any CPU
		{50DDE8C8-04F7-4838-B869-1CF612B75505}.Ad-Hoc|x86.ActiveCfg = Release|x86
		{50DDE8C8-04F7-4838-B869-1CF612B75505}.Ad-Hoc|x86.Build.0 = Release|x86
		{50DDE8C8-04F7-4838-B869-1CF612B75505}.Ad-Hoc|x86.Deploy.0 = Release|x86
		{50DDE8C8-04F7-4838-B869-1CF612B75505}.AppStore|Any CPU.ActiveCfg = Release|Any CPU
		{50DDE8C8-04F7-4838-B869-1CF612B75505}.AppStore|Any CPU.Build.0 = Release|Any CPU
		{50DDE8C8-04F7-4838-B869-1CF612B75505}.AppStore|Any CPU.Deploy.0 = Release|Any CPU
		{50DDE8C8-04F7-4838-B869-1CF612B75505}.AppStore|ARM.ActiveCfg = Release|ARM
		{50DDE8C8-04F7-4838-B869-1CF612B75505}.AppStore|ARM.Build.0 = Release|ARM
		{50DDE8C8-04F7-4838-B869-1CF612B75505}.AppStore|ARM.Deploy.0 = Release|ARM
		{50DDE8C8-04F7-4838-B869-1CF612B75505}.AppStore|iPhone.ActiveCfg = Release|Any CPU
		{50DDE8C8-04F7-4838-B869-1CF612B75505}.AppStore|iPhone.Build.0 = Release|Any CPU
		{50DDE8C8-04F7-4838-B869-1CF612B75505}.AppStore|iPhone.Deploy.0 = Release|Any CPU
		{50DDE8C8-04F7-4838-B869-1CF612B75505}.AppStore|iPhoneSimulator.ActiveCfg = Release|Any CPU
		{50DDE8C8-04F7-4838-B869-1CF612B75505}.AppStore|iPhoneSimulator.Build.0 = Release|Any CPU
		{50DDE8C8-04F7-4838-B869-1CF612B75505}.AppStore|iPhoneSimulator.Deploy.0 = Release|Any CPU
		{50DDE8C8-04F7-4838-B869-1CF612B75505}.AppStore|x64.ActiveCfg = Release|Any CPU
		{50DDE8C8-04F7-4838-B869-1CF612B75505}.AppStore|x64.Build.0 = Release|Any CPU
		{50DDE8C8-04F7-4838-B869-1CF612B75505}.AppStore|x64.Deploy.0 = Release|Any CPU
		{50DDE8C8-04F7-4838-B869-1CF612B75505}.AppStore|x86.ActiveCfg = Release|x86
		{50DDE8C8-04F7-4838-B869-1CF612B75505}.AppStore|x86.Build.0 = Release|x86
		{50DDE8C8-04F7-4838-B869-1CF612B75505}.AppStore|x86.Deploy.0 = Release|x86
		{50DDE8C8-04F7-4838-B869-1CF612B75505}.Debug|Any CPU.ActiveCfg = Debug|Any CPU
		{50DDE8C8-04F7-4838-B869-1CF612B75505}.Debug|Any CPU.Build.0 = Debug|Any CPU
		{50DDE8C8-04F7-4838-B869-1CF612B75505}.Debug|Any CPU.Deploy.0 = Debug|Any CPU
		{50DDE8C8-04F7-4838-B869-1CF612B75505}.Debug|ARM.ActiveCfg = Debug|ARM
		{50DDE8C8-04F7-4838-B869-1CF612B75505}.Debug|ARM.Build.0 = Debug|ARM
		{50DDE8C8-04F7-4838-B869-1CF612B75505}.Debug|ARM.Deploy.0 = Debug|ARM
		{50DDE8C8-04F7-4838-B869-1CF612B75505}.Debug|iPhone.ActiveCfg = Debug|Any CPU
		{50DDE8C8-04F7-4838-B869-1CF612B75505}.Debug|iPhone.Build.0 = Debug|Any CPU
		{50DDE8C8-04F7-4838-B869-1CF612B75505}.Debug|iPhone.Deploy.0 = Debug|Any CPU
		{50DDE8C8-04F7-4838-B869-1CF612B75505}.Debug|iPhoneSimulator.ActiveCfg = Debug|Any CPU
		{50DDE8C8-04F7-4838-B869-1CF612B75505}.Debug|iPhoneSimulator.Build.0 = Debug|Any CPU
		{50DDE8C8-04F7-4838-B869-1CF612B75505}.Debug|iPhoneSimulator.Deploy.0 = Debug|Any CPU
		{50DDE8C8-04F7-4838-B869-1CF612B75505}.Debug|x64.ActiveCfg = Debug|Any CPU
		{50DDE8C8-04F7-4838-B869-1CF612B75505}.Debug|x64.Build.0 = Debug|Any CPU
		{50DDE8C8-04F7-4838-B869-1CF612B75505}.Debug|x64.Deploy.0 = Debug|Any CPU
		{50DDE8C8-04F7-4838-B869-1CF612B75505}.Debug|x86.ActiveCfg = Debug|x86
		{50DDE8C8-04F7-4838-B869-1CF612B75505}.Debug|x86.Build.0 = Debug|x86
		{50DDE8C8-04F7-4838-B869-1CF612B75505}.Debug|x86.Deploy.0 = Debug|x86
		{50DDE8C8-04F7-4838-B869-1CF612B75505}.Release|Any CPU.ActiveCfg = Release|Any CPU
		{50DDE8C8-04F7-4838-B869-1CF612B75505}.Release|Any CPU.Build.0 = Release|Any CPU
		{50DDE8C8-04F7-4838-B869-1CF612B75505}.Release|Any CPU.Deploy.0 = Release|Any CPU
		{50DDE8C8-04F7-4838-B869-1CF612B75505}.Release|ARM.ActiveCfg = Release|ARM
		{50DDE8C8-04F7-4838-B869-1CF612B75505}.Release|ARM.Build.0 = Release|ARM
		{50DDE8C8-04F7-4838-B869-1CF612B75505}.Release|ARM.Deploy.0 = Release|ARM
		{50DDE8C8-04F7-4838-B869-1CF612B75505}.Release|iPhone.ActiveCfg = Release|Any CPU
		{50DDE8C8-04F7-4838-B869-1CF612B75505}.Release|iPhone.Build.0 = Release|Any CPU
		{50DDE8C8-04F7-4838-B869-1CF612B75505}.Release|iPhone.Deploy.0 = Release|Any CPU
		{50DDE8C8-04F7-4838-B869-1CF612B75505}.Release|iPhoneSimulator.ActiveCfg = Release|Any CPU
		{50DDE8C8-04F7-4838-B869-1CF612B75505}.Release|iPhoneSimulator.Build.0 = Release|Any CPU
		{50DDE8C8-04F7-4838-B869-1CF612B75505}.Release|iPhoneSimulator.Deploy.0 = Release|Any CPU
		{50DDE8C8-04F7-4838-B869-1CF612B75505}.Release|x64.ActiveCfg = Release|Any CPU
		{50DDE8C8-04F7-4838-B869-1CF612B75505}.Release|x64.Build.0 = Release|Any CPU
		{50DDE8C8-04F7-4838-B869-1CF612B75505}.Release|x64.Deploy.0 = Release|Any CPU
		{50DDE8C8-04F7-4838-B869-1CF612B75505}.Release|x86.ActiveCfg = Release|x86
		{50DDE8C8-04F7-4838-B869-1CF612B75505}.Release|x86.Build.0 = Release|x86
		{50DDE8C8-04F7-4838-B869-1CF612B75505}.Release|x86.Deploy.0 = Release|x86
		{6CEEDC95-B210-411C-BB56-199DFD0F35E1}.Ad-Hoc|Any CPU.ActiveCfg = Release|Any CPU
		{6CEEDC95-B210-411C-BB56-199DFD0F35E1}.Ad-Hoc|Any CPU.Build.0 = Release|Any CPU
		{6CEEDC95-B210-411C-BB56-199DFD0F35E1}.Ad-Hoc|Any CPU.Deploy.0 = Release|Any CPU
		{6CEEDC95-B210-411C-BB56-199DFD0F35E1}.Ad-Hoc|ARM.ActiveCfg = Release|ARM
		{6CEEDC95-B210-411C-BB56-199DFD0F35E1}.Ad-Hoc|ARM.Build.0 = Release|ARM
		{6CEEDC95-B210-411C-BB56-199DFD0F35E1}.Ad-Hoc|ARM.Deploy.0 = Release|ARM
		{6CEEDC95-B210-411C-BB56-199DFD0F35E1}.Ad-Hoc|iPhone.ActiveCfg = Release|Any CPU
		{6CEEDC95-B210-411C-BB56-199DFD0F35E1}.Ad-Hoc|iPhone.Build.0 = Release|Any CPU
		{6CEEDC95-B210-411C-BB56-199DFD0F35E1}.Ad-Hoc|iPhone.Deploy.0 = Release|Any CPU
		{6CEEDC95-B210-411C-BB56-199DFD0F35E1}.Ad-Hoc|iPhoneSimulator.ActiveCfg = Release|Any CPU
		{6CEEDC95-B210-411C-BB56-199DFD0F35E1}.Ad-Hoc|iPhoneSimulator.Build.0 = Release|Any CPU
		{6CEEDC95-B210-411C-BB56-199DFD0F35E1}.Ad-Hoc|iPhoneSimulator.Deploy.0 = Release|Any CPU
		{6CEEDC95-B210-411C-BB56-199DFD0F35E1}.Ad-Hoc|x64.ActiveCfg = Release|x64
		{6CEEDC95-B210-411C-BB56-199DFD0F35E1}.Ad-Hoc|x64.Build.0 = Release|x64
		{6CEEDC95-B210-411C-BB56-199DFD0F35E1}.Ad-Hoc|x64.Deploy.0 = Release|x64
		{6CEEDC95-B210-411C-BB56-199DFD0F35E1}.Ad-Hoc|x86.ActiveCfg = Release|x86
		{6CEEDC95-B210-411C-BB56-199DFD0F35E1}.Ad-Hoc|x86.Build.0 = Release|x86
		{6CEEDC95-B210-411C-BB56-199DFD0F35E1}.Ad-Hoc|x86.Deploy.0 = Release|x86
		{6CEEDC95-B210-411C-BB56-199DFD0F35E1}.AppStore|Any CPU.ActiveCfg = Release|Any CPU
		{6CEEDC95-B210-411C-BB56-199DFD0F35E1}.AppStore|Any CPU.Build.0 = Release|Any CPU
		{6CEEDC95-B210-411C-BB56-199DFD0F35E1}.AppStore|Any CPU.Deploy.0 = Release|Any CPU
		{6CEEDC95-B210-411C-BB56-199DFD0F35E1}.AppStore|ARM.ActiveCfg = Release|ARM
		{6CEEDC95-B210-411C-BB56-199DFD0F35E1}.AppStore|ARM.Build.0 = Release|ARM
		{6CEEDC95-B210-411C-BB56-199DFD0F35E1}.AppStore|ARM.Deploy.0 = Release|ARM
		{6CEEDC95-B210-411C-BB56-199DFD0F35E1}.AppStore|iPhone.ActiveCfg = Release|Any CPU
		{6CEEDC95-B210-411C-BB56-199DFD0F35E1}.AppStore|iPhone.Build.0 = Release|Any CPU
		{6CEEDC95-B210-411C-BB56-199DFD0F35E1}.AppStore|iPhone.Deploy.0 = Release|Any CPU
		{6CEEDC95-B210-411C-BB56-199DFD0F35E1}.AppStore|iPhoneSimulator.ActiveCfg = Release|Any CPU
		{6CEEDC95-B210-411C-BB56-199DFD0F35E1}.AppStore|iPhoneSimulator.Build.0 = Release|Any CPU
		{6CEEDC95-B210-411C-BB56-199DFD0F35E1}.AppStore|iPhoneSimulator.Deploy.0 = Release|Any CPU
		{6CEEDC95-B210-411C-BB56-199DFD0F35E1}.AppStore|x64.ActiveCfg = Release|x64
		{6CEEDC95-B210-411C-BB56-199DFD0F35E1}.AppStore|x64.Build.0 = Release|x64
		{6CEEDC95-B210-411C-BB56-199DFD0F35E1}.AppStore|x64.Deploy.0 = Release|x64
		{6CEEDC95-B210-411C-BB56-199DFD0F35E1}.AppStore|x86.ActiveCfg = Release|x86
		{6CEEDC95-B210-411C-BB56-199DFD0F35E1}.AppStore|x86.Build.0 = Release|x86
		{6CEEDC95-B210-411C-BB56-199DFD0F35E1}.AppStore|x86.Deploy.0 = Release|x86
		{6CEEDC95-B210-411C-BB56-199DFD0F35E1}.Debug|Any CPU.ActiveCfg = Debug|Any CPU
		{6CEEDC95-B210-411C-BB56-199DFD0F35E1}.Debug|Any CPU.Build.0 = Debug|Any CPU
		{6CEEDC95-B210-411C-BB56-199DFD0F35E1}.Debug|Any CPU.Deploy.0 = Debug|Any CPU
		{6CEEDC95-B210-411C-BB56-199DFD0F35E1}.Debug|ARM.ActiveCfg = Debug|ARM
		{6CEEDC95-B210-411C-BB56-199DFD0F35E1}.Debug|ARM.Build.0 = Debug|ARM
		{6CEEDC95-B210-411C-BB56-199DFD0F35E1}.Debug|ARM.Deploy.0 = Debug|ARM
		{6CEEDC95-B210-411C-BB56-199DFD0F35E1}.Debug|iPhone.ActiveCfg = Debug|Any CPU
		{6CEEDC95-B210-411C-BB56-199DFD0F35E1}.Debug|iPhone.Build.0 = Debug|Any CPU
		{6CEEDC95-B210-411C-BB56-199DFD0F35E1}.Debug|iPhone.Deploy.0 = Debug|Any CPU
		{6CEEDC95-B210-411C-BB56-199DFD0F35E1}.Debug|iPhoneSimulator.ActiveCfg = Debug|Any CPU
		{6CEEDC95-B210-411C-BB56-199DFD0F35E1}.Debug|iPhoneSimulator.Build.0 = Debug|Any CPU
		{6CEEDC95-B210-411C-BB56-199DFD0F35E1}.Debug|iPhoneSimulator.Deploy.0 = Debug|Any CPU
		{6CEEDC95-B210-411C-BB56-199DFD0F35E1}.Debug|x64.ActiveCfg = Debug|x64
		{6CEEDC95-B210-411C-BB56-199DFD0F35E1}.Debug|x64.Build.0 = Debug|x64
		{6CEEDC95-B210-411C-BB56-199DFD0F35E1}.Debug|x64.Deploy.0 = Debug|x64
		{6CEEDC95-B210-411C-BB56-199DFD0F35E1}.Debug|x86.ActiveCfg = Debug|x86
		{6CEEDC95-B210-411C-BB56-199DFD0F35E1}.Debug|x86.Build.0 = Debug|x86
		{6CEEDC95-B210-411C-BB56-199DFD0F35E1}.Debug|x86.Deploy.0 = Debug|x86
		{6CEEDC95-B210-411C-BB56-199DFD0F35E1}.Release|Any CPU.ActiveCfg = Release|Any CPU
		{6CEEDC95-B210-411C-BB56-199DFD0F35E1}.Release|Any CPU.Build.0 = Release|Any CPU
		{6CEEDC95-B210-411C-BB56-199DFD0F35E1}.Release|Any CPU.Deploy.0 = Release|Any CPU
		{6CEEDC95-B210-411C-BB56-199DFD0F35E1}.Release|ARM.ActiveCfg = Release|ARM
		{6CEEDC95-B210-411C-BB56-199DFD0F35E1}.Release|ARM.Build.0 = Release|ARM
		{6CEEDC95-B210-411C-BB56-199DFD0F35E1}.Release|ARM.Deploy.0 = Release|ARM
		{6CEEDC95-B210-411C-BB56-199DFD0F35E1}.Release|iPhone.ActiveCfg = Release|Any CPU
		{6CEEDC95-B210-411C-BB56-199DFD0F35E1}.Release|iPhone.Build.0 = Release|Any CPU
		{6CEEDC95-B210-411C-BB56-199DFD0F35E1}.Release|iPhone.Deploy.0 = Release|Any CPU
		{6CEEDC95-B210-411C-BB56-199DFD0F35E1}.Release|iPhoneSimulator.ActiveCfg = Release|Any CPU
		{6CEEDC95-B210-411C-BB56-199DFD0F35E1}.Release|iPhoneSimulator.Build.0 = Release|Any CPU
		{6CEEDC95-B210-411C-BB56-199DFD0F35E1}.Release|iPhoneSimulator.Deploy.0 = Release|Any CPU
		{6CEEDC95-B210-411C-BB56-199DFD0F35E1}.Release|x64.ActiveCfg = Release|x64
		{6CEEDC95-B210-411C-BB56-199DFD0F35E1}.Release|x64.Build.0 = Release|x64
		{6CEEDC95-B210-411C-BB56-199DFD0F35E1}.Release|x64.Deploy.0 = Release|x64
		{6CEEDC95-B210-411C-BB56-199DFD0F35E1}.Release|x86.ActiveCfg = Release|x86
		{6CEEDC95-B210-411C-BB56-199DFD0F35E1}.Release|x86.Build.0 = Release|x86
		{6CEEDC95-B210-411C-BB56-199DFD0F35E1}.Release|x86.Deploy.0 = Release|x86
		{ECFFF14E-A025-4ABF-A9A9-EBC8FC354AFE}.Ad-Hoc|Any CPU.ActiveCfg = Release|Any CPU
		{ECFFF14E-A025-4ABF-A9A9-EBC8FC354AFE}.Ad-Hoc|Any CPU.Build.0 = Release|Any CPU
		{ECFFF14E-A025-4ABF-A9A9-EBC8FC354AFE}.Ad-Hoc|ARM.ActiveCfg = Release|Any CPU
		{ECFFF14E-A025-4ABF-A9A9-EBC8FC354AFE}.Ad-Hoc|ARM.Build.0 = Release|Any CPU
		{ECFFF14E-A025-4ABF-A9A9-EBC8FC354AFE}.Ad-Hoc|iPhone.ActiveCfg = Release|Any CPU
		{ECFFF14E-A025-4ABF-A9A9-EBC8FC354AFE}.Ad-Hoc|iPhone.Build.0 = Release|Any CPU
		{ECFFF14E-A025-4ABF-A9A9-EBC8FC354AFE}.Ad-Hoc|iPhoneSimulator.ActiveCfg = Release|Any CPU
		{ECFFF14E-A025-4ABF-A9A9-EBC8FC354AFE}.Ad-Hoc|iPhoneSimulator.Build.0 = Release|Any CPU
		{ECFFF14E-A025-4ABF-A9A9-EBC8FC354AFE}.Ad-Hoc|x64.ActiveCfg = Release|Any CPU
		{ECFFF14E-A025-4ABF-A9A9-EBC8FC354AFE}.Ad-Hoc|x64.Build.0 = Release|Any CPU
		{ECFFF14E-A025-4ABF-A9A9-EBC8FC354AFE}.Ad-Hoc|x86.ActiveCfg = Release|Any CPU
		{ECFFF14E-A025-4ABF-A9A9-EBC8FC354AFE}.Ad-Hoc|x86.Build.0 = Release|Any CPU
		{ECFFF14E-A025-4ABF-A9A9-EBC8FC354AFE}.AppStore|Any CPU.ActiveCfg = Release|Any CPU
		{ECFFF14E-A025-4ABF-A9A9-EBC8FC354AFE}.AppStore|Any CPU.Build.0 = Release|Any CPU
		{ECFFF14E-A025-4ABF-A9A9-EBC8FC354AFE}.AppStore|ARM.ActiveCfg = Release|Any CPU
		{ECFFF14E-A025-4ABF-A9A9-EBC8FC354AFE}.AppStore|ARM.Build.0 = Release|Any CPU
		{ECFFF14E-A025-4ABF-A9A9-EBC8FC354AFE}.AppStore|iPhone.ActiveCfg = Release|Any CPU
		{ECFFF14E-A025-4ABF-A9A9-EBC8FC354AFE}.AppStore|iPhone.Build.0 = Release|Any CPU
		{ECFFF14E-A025-4ABF-A9A9-EBC8FC354AFE}.AppStore|iPhoneSimulator.ActiveCfg = Release|Any CPU
		{ECFFF14E-A025-4ABF-A9A9-EBC8FC354AFE}.AppStore|iPhoneSimulator.Build.0 = Release|Any CPU
		{ECFFF14E-A025-4ABF-A9A9-EBC8FC354AFE}.AppStore|x64.ActiveCfg = Release|Any CPU
		{ECFFF14E-A025-4ABF-A9A9-EBC8FC354AFE}.AppStore|x64.Build.0 = Release|Any CPU
		{ECFFF14E-A025-4ABF-A9A9-EBC8FC354AFE}.AppStore|x86.ActiveCfg = Release|Any CPU
		{ECFFF14E-A025-4ABF-A9A9-EBC8FC354AFE}.AppStore|x86.Build.0 = Release|Any CPU
		{ECFFF14E-A025-4ABF-A9A9-EBC8FC354AFE}.Debug|Any CPU.ActiveCfg = Debug|Any CPU
		{ECFFF14E-A025-4ABF-A9A9-EBC8FC354AFE}.Debug|Any CPU.Build.0 = Debug|Any CPU
		{ECFFF14E-A025-4ABF-A9A9-EBC8FC354AFE}.Debug|ARM.ActiveCfg = Debug|Any CPU
		{ECFFF14E-A025-4ABF-A9A9-EBC8FC354AFE}.Debug|ARM.Build.0 = Debug|Any CPU
		{ECFFF14E-A025-4ABF-A9A9-EBC8FC354AFE}.Debug|iPhone.ActiveCfg = Debug|Any CPU
		{ECFFF14E-A025-4ABF-A9A9-EBC8FC354AFE}.Debug|iPhone.Build.0 = Debug|Any CPU
		{ECFFF14E-A025-4ABF-A9A9-EBC8FC354AFE}.Debug|iPhoneSimulator.ActiveCfg = Debug|Any CPU
		{ECFFF14E-A025-4ABF-A9A9-EBC8FC354AFE}.Debug|iPhoneSimulator.Build.0 = Debug|Any CPU
		{ECFFF14E-A025-4ABF-A9A9-EBC8FC354AFE}.Debug|x64.ActiveCfg = Debug|Any CPU
		{ECFFF14E-A025-4ABF-A9A9-EBC8FC354AFE}.Debug|x64.Build.0 = Debug|Any CPU
		{ECFFF14E-A025-4ABF-A9A9-EBC8FC354AFE}.Debug|x86.ActiveCfg = Debug|Any CPU
		{ECFFF14E-A025-4ABF-A9A9-EBC8FC354AFE}.Debug|x86.Build.0 = Debug|Any CPU
		{ECFFF14E-A025-4ABF-A9A9-EBC8FC354AFE}.Release|Any CPU.ActiveCfg = Release|Any CPU
		{ECFFF14E-A025-4ABF-A9A9-EBC8FC354AFE}.Release|Any CPU.Build.0 = Release|Any CPU
		{ECFFF14E-A025-4ABF-A9A9-EBC8FC354AFE}.Release|ARM.ActiveCfg = Release|Any CPU
		{ECFFF14E-A025-4ABF-A9A9-EBC8FC354AFE}.Release|ARM.Build.0 = Release|Any CPU
		{ECFFF14E-A025-4ABF-A9A9-EBC8FC354AFE}.Release|iPhone.ActiveCfg = Release|Any CPU
		{ECFFF14E-A025-4ABF-A9A9-EBC8FC354AFE}.Release|iPhone.Build.0 = Release|Any CPU
		{ECFFF14E-A025-4ABF-A9A9-EBC8FC354AFE}.Release|iPhoneSimulator.ActiveCfg = Release|Any CPU
		{ECFFF14E-A025-4ABF-A9A9-EBC8FC354AFE}.Release|iPhoneSimulator.Build.0 = Release|Any CPU
		{ECFFF14E-A025-4ABF-A9A9-EBC8FC354AFE}.Release|x64.ActiveCfg = Release|Any CPU
		{ECFFF14E-A025-4ABF-A9A9-EBC8FC354AFE}.Release|x64.Build.0 = Release|Any CPU
		{ECFFF14E-A025-4ABF-A9A9-EBC8FC354AFE}.Release|x86.ActiveCfg = Release|Any CPU
		{ECFFF14E-A025-4ABF-A9A9-EBC8FC354AFE}.Release|x86.Build.0 = Release|Any CPU
	EndGlobalSection
	GlobalSection(SolutionProperties) = preSolution
		HideSolutionNode = FALSE
	EndGlobalSection
EndGlobal
