
Microsoft Visual Studio Solution File, Format Version 12.00
# Visual Studio 14
VisualStudioVersion = 14.0.25420.1
MinimumVisualStudioVersion = 10.0.40219.1
Project("{FAE04EC0-301F-11D3-BF4B-00C04F79EFBC}") = "ListViewDemoPage.Droid", "ListViewDemoPage\ListViewDemoPage.Droid\ListViewDemoPage.Droid.csproj", "{48D2404C-569C-4310-8924-C266F6F9299E}"
EndProject
Project("{FAE04EC0-301F-11D3-BF4B-00C04F79EFBC}") = "ListViewDemoPage.iOS", "ListViewDemoPage\ListViewDemoPage.iOS\ListViewDemoPage.iOS.csproj", "{5B8C3471-7BB1-42F7-83F3-2D7D062714DB}"
EndProject
Project("{FAE04EC0-301F-11D3-BF4B-00C04F79EFBC}") = "ListViewDemoPage.WinPhone", "ListViewDemoPage\ListViewDemoPage.WinPhone\ListViewDemoPage.WinPhone.csproj", "{8452942B-A9F3-409F-A97E-2E5E229F3EF3}"
EndProject
Project("{FAE04EC0-301F-11D3-BF4B-00C04F79EFBC}") = "ListViewDemoPage.Windows", "ListViewDemoPage\ListViewDemoPage.Windows\ListViewDemoPage.Windows.csproj", "{411A8EA6-8D4C-46E1-927F-BFB8A0882A90}"
EndProject
Project("{FAE04EC0-301F-11D3-BF4B-00C04F79EFBC}") = "ListViewDemoPage", "ListViewDemoPage\ListViewDemoPage\ListViewDemoPage.csproj", "{8A278F22-1A16-4AB0-A558-FF169824F81E}"
EndProject
Global
	GlobalSection(SolutionConfigurationPlatforms) = preSolution
		Ad-Hoc|Any CPU = Ad-Hoc|Any CPU
		Ad-Hoc|ARM = Ad-Hoc|ARM
		Ad-Hoc|iPhone = Ad-Hoc|iPhone
		Ad-Hoc|iPhoneSimulator = Ad-Hoc|iPhoneSimulator
		Ad-Hoc|x64 = Ad-Hoc|x64
		Ad-Hoc|x86 = Ad-Hoc|x86
		AppStore|Any CPU = AppStore|Any CPU
		AppStore|ARM = AppStore|ARM
		AppStore|iPhone = AppStore|iPhone
		AppStore|iPhoneSimulator = AppStore|iPhoneSimulator
		AppStore|x64 = AppStore|x64
		AppStore|x86 = AppStore|x86
		Debug|Any CPU = Debug|Any CPU
		Debug|ARM = Debug|ARM
		Debug|iPhone = Debug|iPhone
		Debug|iPhoneSimulator = Debug|iPhoneSimulator
		Debug|x64 = Debug|x64
		Debug|x86 = Debug|x86
		Release|Any CPU = Release|Any CPU
		Release|ARM = Release|ARM
		Release|iPhone = Release|iPhone
		Release|iPhoneSimulator = Release|iPhoneSimulator
		Release|x64 = Release|x64
		Release|x86 = Release|x86
	EndGlobalSection
	GlobalSection(ProjectConfigurationPlatforms) = postSolution
		{48D2404C-569C-4310-8924-C266F6F9299E}.Ad-Hoc|Any CPU.ActiveCfg = Release|Any CPU
		{48D2404C-569C-4310-8924-C266F6F9299E}.Ad-Hoc|Any CPU.Build.0 = Release|Any CPU
		{48D2404C-569C-4310-8924-C266F6F9299E}.Ad-Hoc|Any CPU.Deploy.0 = Release|Any CPU
		{48D2404C-569C-4310-8924-C266F6F9299E}.Ad-Hoc|ARM.ActiveCfg = Release|Any CPU
		{48D2404C-569C-4310-8924-C266F6F9299E}.Ad-Hoc|ARM.Build.0 = Release|Any CPU
		{48D2404C-569C-4310-8924-C266F6F9299E}.Ad-Hoc|ARM.Deploy.0 = Release|Any CPU
		{48D2404C-569C-4310-8924-C266F6F9299E}.Ad-Hoc|iPhone.ActiveCfg = Release|Any CPU
		{48D2404C-569C-4310-8924-C266F6F9299E}.Ad-Hoc|iPhone.Build.0 = Release|Any CPU
		{48D2404C-569C-4310-8924-C266F6F9299E}.Ad-Hoc|iPhone.Deploy.0 = Release|Any CPU
		{48D2404C-569C-4310-8924-C266F6F9299E}.Ad-Hoc|iPhoneSimulator.ActiveCfg = Release|Any CPU
		{48D2404C-569C-4310-8924-C266F6F9299E}.Ad-Hoc|iPhoneSimulator.Build.0 = Release|Any CPU
		{48D2404C-569C-4310-8924-C266F6F9299E}.Ad-Hoc|iPhoneSimulator.Deploy.0 = Release|Any CPU
		{48D2404C-569C-4310-8924-C266F6F9299E}.Ad-Hoc|x64.ActiveCfg = Release|Any CPU
		{48D2404C-569C-4310-8924-C266F6F9299E}.Ad-Hoc|x64.Build.0 = Release|Any CPU
		{48D2404C-569C-4310-8924-C266F6F9299E}.Ad-Hoc|x64.Deploy.0 = Release|Any CPU
		{48D2404C-569C-4310-8924-C266F6F9299E}.Ad-Hoc|x86.ActiveCfg = Release|Any CPU
		{48D2404C-569C-4310-8924-C266F6F9299E}.Ad-Hoc|x86.Build.0 = Release|Any CPU
		{48D2404C-569C-4310-8924-C266F6F9299E}.Ad-Hoc|x86.Deploy.0 = Release|Any CPU
		{48D2404C-569C-4310-8924-C266F6F9299E}.AppStore|Any CPU.ActiveCfg = Release|Any CPU
		{48D2404C-569C-4310-8924-C266F6F9299E}.AppStore|Any CPU.Build.0 = Release|Any CPU
		{48D2404C-569C-4310-8924-C266F6F9299E}.AppStore|Any CPU.Deploy.0 = Release|Any CPU
		{48D2404C-569C-4310-8924-C266F6F9299E}.AppStore|ARM.ActiveCfg = Release|Any CPU
		{48D2404C-569C-4310-8924-C266F6F9299E}.AppStore|ARM.Build.0 = Release|Any CPU
		{48D2404C-569C-4310-8924-C266F6F9299E}.AppStore|ARM.Deploy.0 = Release|Any CPU
		{48D2404C-569C-4310-8924-C266F6F9299E}.AppStore|iPhone.ActiveCfg = Release|Any CPU
		{48D2404C-569C-4310-8924-C266F6F9299E}.AppStore|iPhone.Build.0 = Release|Any CPU
		{48D2404C-569C-4310-8924-C266F6F9299E}.AppStore|iPhone.Deploy.0 = Release|Any CPU
		{48D2404C-569C-4310-8924-C266F6F9299E}.AppStore|iPhoneSimulator.ActiveCfg = Release|Any CPU
		{48D2404C-569C-4310-8924-C266F6F9299E}.AppStore|iPhoneSimulator.Build.0 = Release|Any CPU
		{48D2404C-569C-4310-8924-C266F6F9299E}.AppStore|iPhoneSimulator.Deploy.0 = Release|Any CPU
		{48D2404C-569C-4310-8924-C266F6F9299E}.AppStore|x64.ActiveCfg = Release|Any CPU
		{48D2404C-569C-4310-8924-C266F6F9299E}.AppStore|x64.Build.0 = Release|Any CPU
		{48D2404C-569C-4310-8924-C266F6F9299E}.AppStore|x64.Deploy.0 = Release|Any CPU
		{48D2404C-569C-4310-8924-C266F6F9299E}.AppStore|x86.ActiveCfg = Release|Any CPU
		{48D2404C-569C-4310-8924-C266F6F9299E}.AppStore|x86.Build.0 = Release|Any CPU
		{48D2404C-569C-4310-8924-C266F6F9299E}.AppStore|x86.Deploy.0 = Release|Any CPU
		{48D2404C-569C-4310-8924-C266F6F9299E}.Debug|Any CPU.ActiveCfg = Debug|Any CPU
		{48D2404C-569C-4310-8924-C266F6F9299E}.Debug|Any CPU.Build.0 = Debug|Any CPU
		{48D2404C-569C-4310-8924-C266F6F9299E}.Debug|Any CPU.Deploy.0 = Debug|Any CPU
		{48D2404C-569C-4310-8924-C266F6F9299E}.Debug|ARM.ActiveCfg = Debug|Any CPU
		{48D2404C-569C-4310-8924-C266F6F9299E}.Debug|ARM.Build.0 = Debug|Any CPU
		{48D2404C-569C-4310-8924-C266F6F9299E}.Debug|ARM.Deploy.0 = Debug|Any CPU
		{48D2404C-569C-4310-8924-C266F6F9299E}.Debug|iPhone.ActiveCfg = Debug|Any CPU
		{48D2404C-569C-4310-8924-C266F6F9299E}.Debug|iPhone.Build.0 = Debug|Any CPU
		{48D2404C-569C-4310-8924-C266F6F9299E}.Debug|iPhone.Deploy.0 = Debug|Any CPU
		{48D2404C-569C-4310-8924-C266F6F9299E}.Debug|iPhoneSimulator.ActiveCfg = Debug|Any CPU
		{48D2404C-569C-4310-8924-C266F6F9299E}.Debug|iPhoneSimulator.Build.0 = Debug|Any CPU
		{48D2404C-569C-4310-8924-C266F6F9299E}.Debug|iPhoneSimulator.Deploy.0 = Debug|Any CPU
		{48D2404C-569C-4310-8924-C266F6F9299E}.Debug|x64.ActiveCfg = Debug|Any CPU
		{48D2404C-569C-4310-8924-C266F6F9299E}.Debug|x64.Build.0 = Debug|Any CPU
		{48D2404C-569C-4310-8924-C266F6F9299E}.Debug|x64.Deploy.0 = Debug|Any CPU
		{48D2404C-569C-4310-8924-C266F6F9299E}.Debug|x86.ActiveCfg = Debug|Any CPU
		{48D2404C-569C-4310-8924-C266F6F9299E}.Debug|x86.Build.0 = Debug|Any CPU
		{48D2404C-569C-4310-8924-C266F6F9299E}.Debug|x86.Deploy.0 = Debug|Any CPU
		{48D2404C-569C-4310-8924-C266F6F9299E}.Release|Any CPU.ActiveCfg = Release|Any CPU
		{48D2404C-569C-4310-8924-C266F6F9299E}.Release|Any CPU.Build.0 = Release|Any CPU
		{48D2404C-569C-4310-8924-C266F6F9299E}.Release|Any CPU.Deploy.0 = Release|Any CPU
		{48D2404C-569C-4310-8924-C266F6F9299E}.Release|ARM.ActiveCfg = Release|Any CPU
		{48D2404C-569C-4310-8924-C266F6F9299E}.Release|ARM.Build.0 = Release|Any CPU
		{48D2404C-569C-4310-8924-C266F6F9299E}.Release|ARM.Deploy.0 = Release|Any CPU
		{48D2404C-569C-4310-8924-C266F6F9299E}.Release|iPhone.ActiveCfg = Release|Any CPU
		{48D2404C-569C-4310-8924-C266F6F9299E}.Release|iPhone.Build.0 = Release|Any CPU
		{48D2404C-569C-4310-8924-C266F6F9299E}.Release|iPhone.Deploy.0 = Release|Any CPU
		{48D2404C-569C-4310-8924-C266F6F9299E}.Release|iPhoneSimulator.ActiveCfg = Release|Any CPU
		{48D2404C-569C-4310-8924-C266F6F9299E}.Release|iPhoneSimulator.Build.0 = Release|Any CPU
		{48D2404C-569C-4310-8924-C266F6F9299E}.Release|iPhoneSimulator.Deploy.0 = Release|Any CPU
		{48D2404C-569C-4310-8924-C266F6F9299E}.Release|x64.ActiveCfg = Release|Any CPU
		{48D2404C-569C-4310-8924-C266F6F9299E}.Release|x64.Build.0 = Release|Any CPU
		{48D2404C-569C-4310-8924-C266F6F9299E}.Release|x64.Deploy.0 = Release|Any CPU
		{48D2404C-569C-4310-8924-C266F6F9299E}.Release|x86.ActiveCfg = Release|Any CPU
		{48D2404C-569C-4310-8924-C266F6F9299E}.Release|x86.Build.0 = Release|Any CPU
		{48D2404C-569C-4310-8924-C266F6F9299E}.Release|x86.Deploy.0 = Release|Any CPU
		{5B8C3471-7BB1-42F7-83F3-2D7D062714DB}.Ad-Hoc|Any CPU.ActiveCfg = Ad-Hoc|iPhone
		{5B8C3471-7BB1-42F7-83F3-2D7D062714DB}.Ad-Hoc|ARM.ActiveCfg = Ad-Hoc|iPhone
		{5B8C3471-7BB1-42F7-83F3-2D7D062714DB}.Ad-Hoc|iPhone.ActiveCfg = Ad-Hoc|iPhone
		{5B8C3471-7BB1-42F7-83F3-2D7D062714DB}.Ad-Hoc|iPhone.Build.0 = Ad-Hoc|iPhone
		{5B8C3471-7BB1-42F7-83F3-2D7D062714DB}.Ad-Hoc|iPhoneSimulator.ActiveCfg = Ad-Hoc|iPhoneSimulator
		{5B8C3471-7BB1-42F7-83F3-2D7D062714DB}.Ad-Hoc|iPhoneSimulator.Build.0 = Ad-Hoc|iPhoneSimulator
		{5B8C3471-7BB1-42F7-83F3-2D7D062714DB}.Ad-Hoc|x64.ActiveCfg = Ad-Hoc|iPhone
		{5B8C3471-7BB1-42F7-83F3-2D7D062714DB}.Ad-Hoc|x86.ActiveCfg = Ad-Hoc|iPhone
		{5B8C3471-7BB1-42F7-83F3-2D7D062714DB}.AppStore|Any CPU.ActiveCfg = AppStore|iPhone
		{5B8C3471-7BB1-42F7-83F3-2D7D062714DB}.AppStore|ARM.ActiveCfg = AppStore|iPhone
		{5B8C3471-7BB1-42F7-83F3-2D7D062714DB}.AppStore|iPhone.ActiveCfg = AppStore|iPhone
		{5B8C3471-7BB1-42F7-83F3-2D7D062714DB}.AppStore|iPhone.Build.0 = AppStore|iPhone
		{5B8C3471-7BB1-42F7-83F3-2D7D062714DB}.AppStore|iPhoneSimulator.ActiveCfg = AppStore|iPhoneSimulator
		{5B8C3471-7BB1-42F7-83F3-2D7D062714DB}.AppStore|iPhoneSimulator.Build.0 = AppStore|iPhoneSimulator
		{5B8C3471-7BB1-42F7-83F3-2D7D062714DB}.AppStore|x64.ActiveCfg = AppStore|iPhone
		{5B8C3471-7BB1-42F7-83F3-2D7D062714DB}.AppStore|x86.ActiveCfg = AppStore|iPhone
		{5B8C3471-7BB1-42F7-83F3-2D7D062714DB}.Debug|Any CPU.ActiveCfg = Debug|iPhone
		{5B8C3471-7BB1-42F7-83F3-2D7D062714DB}.Debug|ARM.ActiveCfg = Debug|iPhone
		{5B8C3471-7BB1-42F7-83F3-2D7D062714DB}.Debug|iPhone.ActiveCfg = Debug|iPhone
		{5B8C3471-7BB1-42F7-83F3-2D7D062714DB}.Debug|iPhone.Build.0 = Debug|iPhone
		{5B8C3471-7BB1-42F7-83F3-2D7D062714DB}.Debug|iPhoneSimulator.ActiveCfg = Debug|iPhoneSimulator
		{5B8C3471-7BB1-42F7-83F3-2D7D062714DB}.Debug|iPhoneSimulator.Build.0 = Debug|iPhoneSimulator
		{5B8C3471-7BB1-42F7-83F3-2D7D062714DB}.Debug|x64.ActiveCfg = Debug|iPhone
		{5B8C3471-7BB1-42F7-83F3-2D7D062714DB}.Debug|x86.ActiveCfg = Debug|iPhone
		{5B8C3471-7BB1-42F7-83F3-2D7D062714DB}.Release|Any CPU.ActiveCfg = Release|iPhone
		{5B8C3471-7BB1-42F7-83F3-2D7D062714DB}.Release|ARM.ActiveCfg = Release|iPhone
		{5B8C3471-7BB1-42F7-83F3-2D7D062714DB}.Release|iPhone.ActiveCfg = Release|iPhone
		{5B8C3471-7BB1-42F7-83F3-2D7D062714DB}.Release|iPhone.Build.0 = Release|iPhone
		{5B8C3471-7BB1-42F7-83F3-2D7D062714DB}.Release|iPhoneSimulator.ActiveCfg = Release|iPhoneSimulator
		{5B8C3471-7BB1-42F7-83F3-2D7D062714DB}.Release|iPhoneSimulator.Build.0 = Release|iPhoneSimulator
		{5B8C3471-7BB1-42F7-83F3-2D7D062714DB}.Release|x64.ActiveCfg = Release|iPhone
		{5B8C3471-7BB1-42F7-83F3-2D7D062714DB}.Release|x86.ActiveCfg = Release|iPhone
		{8452942B-A9F3-409F-A97E-2E5E229F3EF3}.Ad-Hoc|Any CPU.ActiveCfg = Release|Any CPU
		{8452942B-A9F3-409F-A97E-2E5E229F3EF3}.Ad-Hoc|Any CPU.Build.0 = Release|Any CPU
		{8452942B-A9F3-409F-A97E-2E5E229F3EF3}.Ad-Hoc|Any CPU.Deploy.0 = Release|Any CPU
		{8452942B-A9F3-409F-A97E-2E5E229F3EF3}.Ad-Hoc|ARM.ActiveCfg = Release|ARM
		{8452942B-A9F3-409F-A97E-2E5E229F3EF3}.Ad-Hoc|ARM.Build.0 = Release|ARM
		{8452942B-A9F3-409F-A97E-2E5E229F3EF3}.Ad-Hoc|ARM.Deploy.0 = Release|ARM
		{8452942B-A9F3-409F-A97E-2E5E229F3EF3}.Ad-Hoc|iPhone.ActiveCfg = Release|Any CPU
		{8452942B-A9F3-409F-A97E-2E5E229F3EF3}.Ad-Hoc|iPhone.Build.0 = Release|Any CPU
		{8452942B-A9F3-409F-A97E-2E5E229F3EF3}.Ad-Hoc|iPhone.Deploy.0 = Release|Any CPU
		{8452942B-A9F3-409F-A97E-2E5E229F3EF3}.Ad-Hoc|iPhoneSimulator.ActiveCfg = Release|Any CPU
		{8452942B-A9F3-409F-A97E-2E5E229F3EF3}.Ad-Hoc|iPhoneSimulator.Build.0 = Release|Any CPU
		{8452942B-A9F3-409F-A97E-2E5E229F3EF3}.Ad-Hoc|iPhoneSimulator.Deploy.0 = Release|Any CPU
		{8452942B-A9F3-409F-A97E-2E5E229F3EF3}.Ad-Hoc|x64.ActiveCfg = Release|Any CPU
		{8452942B-A9F3-409F-A97E-2E5E229F3EF3}.Ad-Hoc|x64.Build.0 = Release|Any CPU
		{8452942B-A9F3-409F-A97E-2E5E229F3EF3}.Ad-Hoc|x64.Deploy.0 = Release|Any CPU
		{8452942B-A9F3-409F-A97E-2E5E229F3EF3}.Ad-Hoc|x86.ActiveCfg = Release|x86
		{8452942B-A9F3-409F-A97E-2E5E229F3EF3}.Ad-Hoc|x86.Build.0 = Release|x86
		{8452942B-A9F3-409F-A97E-2E5E229F3EF3}.Ad-Hoc|x86.Deploy.0 = Release|x86
		{8452942B-A9F3-409F-A97E-2E5E229F3EF3}.AppStore|Any CPU.ActiveCfg = Release|Any CPU
		{8452942B-A9F3-409F-A97E-2E5E229F3EF3}.AppStore|Any CPU.Build.0 = Release|Any CPU
		{8452942B-A9F3-409F-A97E-2E5E229F3EF3}.AppStore|Any CPU.Deploy.0 = Release|Any CPU
		{8452942B-A9F3-409F-A97E-2E5E229F3EF3}.AppStore|ARM.ActiveCfg = Release|ARM
		{8452942B-A9F3-409F-A97E-2E5E229F3EF3}.AppStore|ARM.Build.0 = Release|ARM
		{8452942B-A9F3-409F-A97E-2E5E229F3EF3}.AppStore|ARM.Deploy.0 = Release|ARM
		{8452942B-A9F3-409F-A97E-2E5E229F3EF3}.AppStore|iPhone.ActiveCfg = Release|Any CPU
		{8452942B-A9F3-409F-A97E-2E5E229F3EF3}.AppStore|iPhone.Build.0 = Release|Any CPU
		{8452942B-A9F3-409F-A97E-2E5E229F3EF3}.AppStore|iPhone.Deploy.0 = Release|Any CPU
		{8452942B-A9F3-409F-A97E-2E5E229F3EF3}.AppStore|iPhoneSimulator.ActiveCfg = Release|Any CPU
		{8452942B-A9F3-409F-A97E-2E5E229F3EF3}.AppStore|iPhoneSimulator.Build.0 = Release|Any CPU
		{8452942B-A9F3-409F-A97E-2E5E229F3EF3}.AppStore|iPhoneSimulator.Deploy.0 = Release|Any CPU
		{8452942B-A9F3-409F-A97E-2E5E229F3EF3}.AppStore|x64.ActiveCfg = Release|Any CPU
		{8452942B-A9F3-409F-A97E-2E5E229F3EF3}.AppStore|x64.Build.0 = Release|Any CPU
		{8452942B-A9F3-409F-A97E-2E5E229F3EF3}.AppStore|x64.Deploy.0 = Release|Any CPU
		{8452942B-A9F3-409F-A97E-2E5E229F3EF3}.AppStore|x86.ActiveCfg = Release|x86
		{8452942B-A9F3-409F-A97E-2E5E229F3EF3}.AppStore|x86.Build.0 = Release|x86
		{8452942B-A9F3-409F-A97E-2E5E229F3EF3}.AppStore|x86.Deploy.0 = Release|x86
		{8452942B-A9F3-409F-A97E-2E5E229F3EF3}.Debug|Any CPU.ActiveCfg = Debug|Any CPU
		{8452942B-A9F3-409F-A97E-2E5E229F3EF3}.Debug|Any CPU.Build.0 = Debug|Any CPU
		{8452942B-A9F3-409F-A97E-2E5E229F3EF3}.Debug|Any CPU.Deploy.0 = Debug|Any CPU
		{8452942B-A9F3-409F-A97E-2E5E229F3EF3}.Debug|ARM.ActiveCfg = Debug|ARM
		{8452942B-A9F3-409F-A97E-2E5E229F3EF3}.Debug|ARM.Build.0 = Debug|ARM
		{8452942B-A9F3-409F-A97E-2E5E229F3EF3}.Debug|ARM.Deploy.0 = Debug|ARM
		{8452942B-A9F3-409F-A97E-2E5E229F3EF3}.Debug|iPhone.ActiveCfg = Debug|Any CPU
		{8452942B-A9F3-409F-A97E-2E5E229F3EF3}.Debug|iPhone.Build.0 = Debug|Any CPU
		{8452942B-A9F3-409F-A97E-2E5E229F3EF3}.Debug|iPhone.Deploy.0 = Debug|Any CPU
		{8452942B-A9F3-409F-A97E-2E5E229F3EF3}.Debug|iPhoneSimulator.ActiveCfg = Debug|Any CPU
		{8452942B-A9F3-409F-A97E-2E5E229F3EF3}.Debug|iPhoneSimulator.Build.0 = Debug|Any CPU
		{8452942B-A9F3-409F-A97E-2E5E229F3EF3}.Debug|iPhoneSimulator.Deploy.0 = Debug|Any CPU
		{8452942B-A9F3-409F-A97E-2E5E229F3EF3}.Debug|x64.ActiveCfg = Debug|Any CPU
		{8452942B-A9F3-409F-A97E-2E5E229F3EF3}.Debug|x64.Build.0 = Debug|Any CPU
		{8452942B-A9F3-409F-A97E-2E5E229F3EF3}.Debug|x64.Deploy.0 = Debug|Any CPU
		{8452942B-A9F3-409F-A97E-2E5E229F3EF3}.Debug|x86.ActiveCfg = Debug|x86
		{8452942B-A9F3-409F-A97E-2E5E229F3EF3}.Debug|x86.Build.0 = Debug|x86
		{8452942B-A9F3-409F-A97E-2E5E229F3EF3}.Debug|x86.Deploy.0 = Debug|x86
		{8452942B-A9F3-409F-A97E-2E5E229F3EF3}.Release|Any CPU.ActiveCfg = Release|Any CPU
		{8452942B-A9F3-409F-A97E-2E5E229F3EF3}.Release|Any CPU.Build.0 = Release|Any CPU
		{8452942B-A9F3-409F-A97E-2E5E229F3EF3}.Release|Any CPU.Deploy.0 = Release|Any CPU
		{8452942B-A9F3-409F-A97E-2E5E229F3EF3}.Release|ARM.ActiveCfg = Release|ARM
		{8452942B-A9F3-409F-A97E-2E5E229F3EF3}.Release|ARM.Build.0 = Release|ARM
		{8452942B-A9F3-409F-A97E-2E5E229F3EF3}.Release|ARM.Deploy.0 = Release|ARM
		{8452942B-A9F3-409F-A97E-2E5E229F3EF3}.Release|iPhone.ActiveCfg = Release|Any CPU
		{8452942B-A9F3-409F-A97E-2E5E229F3EF3}.Release|iPhone.Build.0 = Release|Any CPU
		{8452942B-A9F3-409F-A97E-2E5E229F3EF3}.Release|iPhone.Deploy.0 = Release|Any CPU
		{8452942B-A9F3-409F-A97E-2E5E229F3EF3}.Release|iPhoneSimulator.ActiveCfg = Release|Any CPU
		{8452942B-A9F3-409F-A97E-2E5E229F3EF3}.Release|iPhoneSimulator.Build.0 = Release|Any CPU
		{8452942B-A9F3-409F-A97E-2E5E229F3EF3}.Release|iPhoneSimulator.Deploy.0 = Release|Any CPU
		{8452942B-A9F3-409F-A97E-2E5E229F3EF3}.Release|x64.ActiveCfg = Release|Any CPU
		{8452942B-A9F3-409F-A97E-2E5E229F3EF3}.Release|x64.Build.0 = Release|Any CPU
		{8452942B-A9F3-409F-A97E-2E5E229F3EF3}.Release|x64.Deploy.0 = Release|Any CPU
		{8452942B-A9F3-409F-A97E-2E5E229F3EF3}.Release|x86.ActiveCfg = Release|x86
		{8452942B-A9F3-409F-A97E-2E5E229F3EF3}.Release|x86.Build.0 = Release|x86
		{8452942B-A9F3-409F-A97E-2E5E229F3EF3}.Release|x86.Deploy.0 = Release|x86
		{411A8EA6-8D4C-46E1-927F-BFB8A0882A90}.Ad-Hoc|Any CPU.ActiveCfg = Release|Any CPU
		{411A8EA6-8D4C-46E1-927F-BFB8A0882A90}.Ad-Hoc|Any CPU.Build.0 = Release|Any CPU
		{411A8EA6-8D4C-46E1-927F-BFB8A0882A90}.Ad-Hoc|Any CPU.Deploy.0 = Release|Any CPU
		{411A8EA6-8D4C-46E1-927F-BFB8A0882A90}.Ad-Hoc|ARM.ActiveCfg = Release|ARM
		{411A8EA6-8D4C-46E1-927F-BFB8A0882A90}.Ad-Hoc|ARM.Build.0 = Release|ARM
		{411A8EA6-8D4C-46E1-927F-BFB8A0882A90}.Ad-Hoc|ARM.Deploy.0 = Release|ARM
		{411A8EA6-8D4C-46E1-927F-BFB8A0882A90}.Ad-Hoc|iPhone.ActiveCfg = Release|Any CPU
		{411A8EA6-8D4C-46E1-927F-BFB8A0882A90}.Ad-Hoc|iPhone.Build.0 = Release|Any CPU
		{411A8EA6-8D4C-46E1-927F-BFB8A0882A90}.Ad-Hoc|iPhone.Deploy.0 = Release|Any CPU
		{411A8EA6-8D4C-46E1-927F-BFB8A0882A90}.Ad-Hoc|iPhoneSimulator.ActiveCfg = Release|Any CPU
		{411A8EA6-8D4C-46E1-927F-BFB8A0882A90}.Ad-Hoc|iPhoneSimulator.Build.0 = Release|Any CPU
		{411A8EA6-8D4C-46E1-927F-BFB8A0882A90}.Ad-Hoc|iPhoneSimulator.Deploy.0 = Release|Any CPU
		{411A8EA6-8D4C-46E1-927F-BFB8A0882A90}.Ad-Hoc|x64.ActiveCfg = Release|x64
		{411A8EA6-8D4C-46E1-927F-BFB8A0882A90}.Ad-Hoc|x64.Build.0 = Release|x64
		{411A8EA6-8D4C-46E1-927F-BFB8A0882A90}.Ad-Hoc|x64.Deploy.0 = Release|x64
		{411A8EA6-8D4C-46E1-927F-BFB8A0882A90}.Ad-Hoc|x86.ActiveCfg = Release|x86
		{411A8EA6-8D4C-46E1-927F-BFB8A0882A90}.Ad-Hoc|x86.Build.0 = Release|x86
		{411A8EA6-8D4C-46E1-927F-BFB8A0882A90}.Ad-Hoc|x86.Deploy.0 = Release|x86
		{411A8EA6-8D4C-46E1-927F-BFB8A0882A90}.AppStore|Any CPU.ActiveCfg = Release|Any CPU
		{411A8EA6-8D4C-46E1-927F-BFB8A0882A90}.AppStore|Any CPU.Build.0 = Release|Any CPU
		{411A8EA6-8D4C-46E1-927F-BFB8A0882A90}.AppStore|Any CPU.Deploy.0 = Release|Any CPU
		{411A8EA6-8D4C-46E1-927F-BFB8A0882A90}.AppStore|ARM.ActiveCfg = Release|ARM
		{411A8EA6-8D4C-46E1-927F-BFB8A0882A90}.AppStore|ARM.Build.0 = Release|ARM
		{411A8EA6-8D4C-46E1-927F-BFB8A0882A90}.AppStore|ARM.Deploy.0 = Release|ARM
		{411A8EA6-8D4C-46E1-927F-BFB8A0882A90}.AppStore|iPhone.ActiveCfg = Release|Any CPU
		{411A8EA6-8D4C-46E1-927F-BFB8A0882A90}.AppStore|iPhone.Build.0 = Release|Any CPU
		{411A8EA6-8D4C-46E1-927F-BFB8A0882A90}.AppStore|iPhone.Deploy.0 = Release|Any CPU
		{411A8EA6-8D4C-46E1-927F-BFB8A0882A90}.AppStore|iPhoneSimulator.ActiveCfg = Release|Any CPU
		{411A8EA6-8D4C-46E1-927F-BFB8A0882A90}.AppStore|iPhoneSimulator.Build.0 = Release|Any CPU
		{411A8EA6-8D4C-46E1-927F-BFB8A0882A90}.AppStore|iPhoneSimulator.Deploy.0 = Release|Any CPU
		{411A8EA6-8D4C-46E1-927F-BFB8A0882A90}.AppStore|x64.ActiveCfg = Release|x64
		{411A8EA6-8D4C-46E1-927F-BFB8A0882A90}.AppStore|x64.Build.0 = Release|x64
		{411A8EA6-8D4C-46E1-927F-BFB8A0882A90}.AppStore|x64.Deploy.0 = Release|x64
		{411A8EA6-8D4C-46E1-927F-BFB8A0882A90}.AppStore|x86.ActiveCfg = Release|x86
		{411A8EA6-8D4C-46E1-927F-BFB8A0882A90}.AppStore|x86.Build.0 = Release|x86
		{411A8EA6-8D4C-46E1-927F-BFB8A0882A90}.AppStore|x86.Deploy.0 = Release|x86
		{411A8EA6-8D4C-46E1-927F-BFB8A0882A90}.Debug|Any CPU.ActiveCfg = Debug|Any CPU
		{411A8EA6-8D4C-46E1-927F-BFB8A0882A90}.Debug|Any CPU.Build.0 = Debug|Any CPU
		{411A8EA6-8D4C-46E1-927F-BFB8A0882A90}.Debug|Any CPU.Deploy.0 = Debug|Any CPU
		{411A8EA6-8D4C-46E1-927F-BFB8A0882A90}.Debug|ARM.ActiveCfg = Debug|ARM
		{411A8EA6-8D4C-46E1-927F-BFB8A0882A90}.Debug|ARM.Build.0 = Debug|ARM
		{411A8EA6-8D4C-46E1-927F-BFB8A0882A90}.Debug|ARM.Deploy.0 = Debug|ARM
		{411A8EA6-8D4C-46E1-927F-BFB8A0882A90}.Debug|iPhone.ActiveCfg = Debug|Any CPU
		{411A8EA6-8D4C-46E1-927F-BFB8A0882A90}.Debug|iPhone.Build.0 = Debug|Any CPU
		{411A8EA6-8D4C-46E1-927F-BFB8A0882A90}.Debug|iPhone.Deploy.0 = Debug|Any CPU
		{411A8EA6-8D4C-46E1-927F-BFB8A0882A90}.Debug|iPhoneSimulator.ActiveCfg = Debug|Any CPU
		{411A8EA6-8D4C-46E1-927F-BFB8A0882A90}.Debug|iPhoneSimulator.Build.0 = Debug|Any CPU
		{411A8EA6-8D4C-46E1-927F-BFB8A0882A90}.Debug|iPhoneSimulator.Deploy.0 = Debug|Any CPU
		{411A8EA6-8D4C-46E1-927F-BFB8A0882A90}.Debug|x64.ActiveCfg = Debug|x64
		{411A8EA6-8D4C-46E1-927F-BFB8A0882A90}.Debug|x64.Build.0 = Debug|x64
		{411A8EA6-8D4C-46E1-927F-BFB8A0882A90}.Debug|x64.Deploy.0 = Debug|x64
		{411A8EA6-8D4C-46E1-927F-BFB8A0882A90}.Debug|x86.ActiveCfg = Debug|x86
		{411A8EA6-8D4C-46E1-927F-BFB8A0882A90}.Debug|x86.Build.0 = Debug|x86
		{411A8EA6-8D4C-46E1-927F-BFB8A0882A90}.Debug|x86.Deploy.0 = Debug|x86
		{411A8EA6-8D4C-46E1-927F-BFB8A0882A90}.Release|Any CPU.ActiveCfg = Release|Any CPU
		{411A8EA6-8D4C-46E1-927F-BFB8A0882A90}.Release|Any CPU.Build.0 = Release|Any CPU
		{411A8EA6-8D4C-46E1-927F-BFB8A0882A90}.Release|Any CPU.Deploy.0 = Release|Any CPU
		{411A8EA6-8D4C-46E1-927F-BFB8A0882A90}.Release|ARM.ActiveCfg = Release|ARM
		{411A8EA6-8D4C-46E1-927F-BFB8A0882A90}.Release|ARM.Build.0 = Release|ARM
		{411A8EA6-8D4C-46E1-927F-BFB8A0882A90}.Release|ARM.Deploy.0 = Release|ARM
		{411A8EA6-8D4C-46E1-927F-BFB8A0882A90}.Release|iPhone.ActiveCfg = Release|Any CPU
		{411A8EA6-8D4C-46E1-927F-BFB8A0882A90}.Release|iPhone.Build.0 = Release|Any CPU
		{411A8EA6-8D4C-46E1-927F-BFB8A0882A90}.Release|iPhone.Deploy.0 = Release|Any CPU
		{411A8EA6-8D4C-46E1-927F-BFB8A0882A90}.Release|iPhoneSimulator.ActiveCfg = Release|Any CPU
		{411A8EA6-8D4C-46E1-927F-BFB8A0882A90}.Release|iPhoneSimulator.Build.0 = Release|Any CPU
		{411A8EA6-8D4C-46E1-927F-BFB8A0882A90}.Release|iPhoneSimulator.Deploy.0 = Release|Any CPU
		{411A8EA6-8D4C-46E1-927F-BFB8A0882A90}.Release|x64.ActiveCfg = Release|x64
		{411A8EA6-8D4C-46E1-927F-BFB8A0882A90}.Release|x64.Build.0 = Release|x64
		{411A8EA6-8D4C-46E1-927F-BFB8A0882A90}.Release|x64.Deploy.0 = Release|x64
		{411A8EA6-8D4C-46E1-927F-BFB8A0882A90}.Release|x86.ActiveCfg = Release|x86
		{411A8EA6-8D4C-46E1-927F-BFB8A0882A90}.Release|x86.Build.0 = Release|x86
		{411A8EA6-8D4C-46E1-927F-BFB8A0882A90}.Release|x86.Deploy.0 = Release|x86
		{8A278F22-1A16-4AB0-A558-FF169824F81E}.Ad-Hoc|Any CPU.ActiveCfg = Release|Any CPU
		{8A278F22-1A16-4AB0-A558-FF169824F81E}.Ad-Hoc|Any CPU.Build.0 = Release|Any CPU
		{8A278F22-1A16-4AB0-A558-FF169824F81E}.Ad-Hoc|ARM.ActiveCfg = Release|Any CPU
		{8A278F22-1A16-4AB0-A558-FF169824F81E}.Ad-Hoc|ARM.Build.0 = Release|Any CPU
		{8A278F22-1A16-4AB0-A558-FF169824F81E}.Ad-Hoc|iPhone.ActiveCfg = Release|Any CPU
		{8A278F22-1A16-4AB0-A558-FF169824F81E}.Ad-Hoc|iPhone.Build.0 = Release|Any CPU
		{8A278F22-1A16-4AB0-A558-FF169824F81E}.Ad-Hoc|iPhoneSimulator.ActiveCfg = Release|Any CPU
		{8A278F22-1A16-4AB0-A558-FF169824F81E}.Ad-Hoc|iPhoneSimulator.Build.0 = Release|Any CPU
		{8A278F22-1A16-4AB0-A558-FF169824F81E}.Ad-Hoc|x64.ActiveCfg = Release|Any CPU
		{8A278F22-1A16-4AB0-A558-FF169824F81E}.Ad-Hoc|x64.Build.0 = Release|Any CPU
		{8A278F22-1A16-4AB0-A558-FF169824F81E}.Ad-Hoc|x86.ActiveCfg = Release|Any CPU
		{8A278F22-1A16-4AB0-A558-FF169824F81E}.Ad-Hoc|x86.Build.0 = Release|Any CPU
		{8A278F22-1A16-4AB0-A558-FF169824F81E}.AppStore|Any CPU.ActiveCfg = Release|Any CPU
		{8A278F22-1A16-4AB0-A558-FF169824F81E}.AppStore|Any CPU.Build.0 = Release|Any CPU
		{8A278F22-1A16-4AB0-A558-FF169824F81E}.AppStore|ARM.ActiveCfg = Release|Any CPU
		{8A278F22-1A16-4AB0-A558-FF169824F81E}.AppStore|ARM.Build.0 = Release|Any CPU
		{8A278F22-1A16-4AB0-A558-FF169824F81E}.AppStore|iPhone.ActiveCfg = Release|Any CPU
		{8A278F22-1A16-4AB0-A558-FF169824F81E}.AppStore|iPhone.Build.0 = Release|Any CPU
		{8A278F22-1A16-4AB0-A558-FF169824F81E}.AppStore|iPhoneSimulator.ActiveCfg = Release|Any CPU
		{8A278F22-1A16-4AB0-A558-FF169824F81E}.AppStore|iPhoneSimulator.Build.0 = Release|Any CPU
		{8A278F22-1A16-4AB0-A558-FF169824F81E}.AppStore|x64.ActiveCfg = Release|Any CPU
		{8A278F22-1A16-4AB0-A558-FF169824F81E}.AppStore|x64.Build.0 = Release|Any CPU
		{8A278F22-1A16-4AB0-A558-FF169824F81E}.AppStore|x86.ActiveCfg = Release|Any CPU
		{8A278F22-1A16-4AB0-A558-FF169824F81E}.AppStore|x86.Build.0 = Release|Any CPU
		{8A278F22-1A16-4AB0-A558-FF169824F81E}.Debug|Any CPU.ActiveCfg = Debug|Any CPU
		{8A278F22-1A16-4AB0-A558-FF169824F81E}.Debug|Any CPU.Build.0 = Debug|Any CPU
		{8A278F22-1A16-4AB0-A558-FF169824F81E}.Debug|ARM.ActiveCfg = Debug|Any CPU
		{8A278F22-1A16-4AB0-A558-FF169824F81E}.Debug|ARM.Build.0 = Debug|Any CPU
		{8A278F22-1A16-4AB0-A558-FF169824F81E}.Debug|iPhone.ActiveCfg = Debug|Any CPU
		{8A278F22-1A16-4AB0-A558-FF169824F81E}.Debug|iPhone.Build.0 = Debug|Any CPU
		{8A278F22-1A16-4AB0-A558-FF169824F81E}.Debug|iPhoneSimulator.ActiveCfg = Debug|Any CPU
		{8A278F22-1A16-4AB0-A558-FF169824F81E}.Debug|iPhoneSimulator.Build.0 = Debug|Any CPU
		{8A278F22-1A16-4AB0-A558-FF169824F81E}.Debug|x64.ActiveCfg = Debug|Any CPU
		{8A278F22-1A16-4AB0-A558-FF169824F81E}.Debug|x64.Build.0 = Debug|Any CPU
		{8A278F22-1A16-4AB0-A558-FF169824F81E}.Debug|x86.ActiveCfg = Debug|Any CPU
		{8A278F22-1A16-4AB0-A558-FF169824F81E}.Debug|x86.Build.0 = Debug|Any CPU
		{8A278F22-1A16-4AB0-A558-FF169824F81E}.Release|Any CPU.ActiveCfg = Release|Any CPU
		{8A278F22-1A16-4AB0-A558-FF169824F81E}.Release|Any CPU.Build.0 = Release|Any CPU
		{8A278F22-1A16-4AB0-A558-FF169824F81E}.Release|ARM.ActiveCfg = Release|Any CPU
		{8A278F22-1A16-4AB0-A558-FF169824F81E}.Release|ARM.Build.0 = Release|Any CPU
		{8A278F22-1A16-4AB0-A558-FF169824F81E}.Release|iPhone.ActiveCfg = Release|Any CPU
		{8A278F22-1A16-4AB0-A558-FF169824F81E}.Release|iPhone.Build.0 = Release|Any CPU
		{8A278F22-1A16-4AB0-A558-FF169824F81E}.Release|iPhoneSimulator.ActiveCfg = Release|Any CPU
		{8A278F22-1A16-4AB0-A558-FF169824F81E}.Release|iPhoneSimulator.Build.0 = Release|Any CPU
		{8A278F22-1A16-4AB0-A558-FF169824F81E}.Release|x64.ActiveCfg = Release|Any CPU
		{8A278F22-1A16-4AB0-A558-FF169824F81E}.Release|x64.Build.0 = Release|Any CPU
		{8A278F22-1A16-4AB0-A558-FF169824F81E}.Release|x86.ActiveCfg = Release|Any CPU
		{8A278F22-1A16-4AB0-A558-FF169824F81E}.Release|x86.Build.0 = Release|Any CPU
	EndGlobalSection
	GlobalSection(SolutionProperties) = preSolution
		HideSolutionNode = FALSE
	EndGlobalSection
EndGlobal
