
Microsoft Visual Studio Solution File, Format Version 12.00
# Visual Studio 14
VisualStudioVersion = 14.0.25420.1
MinimumVisualStudioVersion = 10.0.40219.1
Project("{FAE04EC0-301F-11D3-BF4B-00C04F79EFBC}") = "MiniExtensionOpgave.Droid", "MiniExtensionOpgave\MiniExtensionOpgave.Droid\MiniExtensionOpgave.Droid.csproj", "{228AEBA5-5D3F-49F6-B6D5-BC2AAE6688F5}"
EndProject
Project("{FAE04EC0-301F-11D3-BF4B-00C04F79EFBC}") = "MiniExtensionOpgave.iOS", "MiniExtensionOpgave\MiniExtensionOpgave.iOS\MiniExtensionOpgave.iOS.csproj", "{4BC81863-38EA-445B-9E08-E3F259E46539}"
EndProject
Project("{FAE04EC0-301F-11D3-BF4B-00C04F79EFBC}") = "MiniExtensionOpgave.WinPhone", "MiniExtensionOpgave\MiniExtensionOpgave.WinPhone\MiniExtensionOpgave.WinPhone.csproj", "{7F7F9DE7-BCB2-44B6-B3BD-D5FEE2CB0284}"
EndProject
Project("{FAE04EC0-301F-11D3-BF4B-00C04F79EFBC}") = "MiniExtensionOpgave.Windows", "MiniExtensionOpgave\MiniExtensionOpgave.Windows\MiniExtensionOpgave.Windows.csproj", "{2AAFE0F7-5879-48FD-BDE6-234C197F93F3}"
EndProject
Project("{FAE04EC0-301F-11D3-BF4B-00C04F79EFBC}") = "MiniExtensionOpgave", "MiniExtensionOpgave\MiniExtensionOpgave\MiniExtensionOpgave.csproj", "{D46F647A-2A6A-43C8-80F6-7541D3F3BCA7}"
EndProject
Global
	GlobalSection(SolutionConfigurationPlatforms) = preSolution
		Ad-Hoc|Any CPU = Ad-Hoc|Any CPU
		Ad-Hoc|ARM = Ad-Hoc|ARM
		Ad-Hoc|iPhone = Ad-Hoc|iPhone
		Ad-Hoc|iPhoneSimulator = Ad-Hoc|iPhoneSimulator
		Ad-Hoc|x64 = Ad-Hoc|x64
		Ad-Hoc|x86 = Ad-Hoc|x86
		AppStore|Any CPU = AppStore|Any CPU
		AppStore|ARM = AppStore|ARM
		AppStore|iPhone = AppStore|iPhone
		AppStore|iPhoneSimulator = AppStore|iPhoneSimulator
		AppStore|x64 = AppStore|x64
		AppStore|x86 = AppStore|x86
		Debug|Any CPU = Debug|Any CPU
		Debug|ARM = Debug|ARM
		Debug|iPhone = Debug|iPhone
		Debug|iPhoneSimulator = Debug|iPhoneSimulator
		Debug|x64 = Debug|x64
		Debug|x86 = Debug|x86
		Release|Any CPU = Release|Any CPU
		Release|ARM = Release|ARM
		Release|iPhone = Release|iPhone
		Release|iPhoneSimulator = Release|iPhoneSimulator
		Release|x64 = Release|x64
		Release|x86 = Release|x86
	EndGlobalSection
	GlobalSection(ProjectConfigurationPlatforms) = postSolution
		{228AEBA5-5D3F-49F6-B6D5-BC2AAE6688F5}.Ad-Hoc|Any CPU.ActiveCfg = Release|Any CPU
		{228AEBA5-5D3F-49F6-B6D5-BC2AAE6688F5}.Ad-Hoc|Any CPU.Build.0 = Release|Any CPU
		{228AEBA5-5D3F-49F6-B6D5-BC2AAE6688F5}.Ad-Hoc|Any CPU.Deploy.0 = Release|Any CPU
		{228AEBA5-5D3F-49F6-B6D5-BC2AAE6688F5}.Ad-Hoc|ARM.ActiveCfg = Release|Any CPU
		{228AEBA5-5D3F-49F6-B6D5-BC2AAE6688F5}.Ad-Hoc|ARM.Build.0 = Release|Any CPU
		{228AEBA5-5D3F-49F6-B6D5-BC2AAE6688F5}.Ad-Hoc|ARM.Deploy.0 = Release|Any CPU
		{228AEBA5-5D3F-49F6-B6D5-BC2AAE6688F5}.Ad-Hoc|iPhone.ActiveCfg = Release|Any CPU
		{228AEBA5-5D3F-49F6-B6D5-BC2AAE6688F5}.Ad-Hoc|iPhone.Build.0 = Release|Any CPU
		{228AEBA5-5D3F-49F6-B6D5-BC2AAE6688F5}.Ad-Hoc|iPhone.Deploy.0 = Release|Any CPU
		{228AEBA5-5D3F-49F6-B6D5-BC2AAE6688F5}.Ad-Hoc|iPhoneSimulator.ActiveCfg = Release|Any CPU
		{228AEBA5-5D3F-49F6-B6D5-BC2AAE6688F5}.Ad-Hoc|iPhoneSimulator.Build.0 = Release|Any CPU
		{228AEBA5-5D3F-49F6-B6D5-BC2AAE6688F5}.Ad-Hoc|iPhoneSimulator.Deploy.0 = Release|Any CPU
		{228AEBA5-5D3F-49F6-B6D5-BC2AAE6688F5}.Ad-Hoc|x64.ActiveCfg = Release|Any CPU
		{228AEBA5-5D3F-49F6-B6D5-BC2AAE6688F5}.Ad-Hoc|x64.Build.0 = Release|Any CPU
		{228AEBA5-5D3F-49F6-B6D5-BC2AAE6688F5}.Ad-Hoc|x64.Deploy.0 = Release|Any CPU
		{228AEBA5-5D3F-49F6-B6D5-BC2AAE6688F5}.Ad-Hoc|x86.ActiveCfg = Release|Any CPU
		{228AEBA5-5D3F-49F6-B6D5-BC2AAE6688F5}.Ad-Hoc|x86.Build.0 = Release|Any CPU
		{228AEBA5-5D3F-49F6-B6D5-BC2AAE6688F5}.Ad-Hoc|x86.Deploy.0 = Release|Any CPU
		{228AEBA5-5D3F-49F6-B6D5-BC2AAE6688F5}.AppStore|Any CPU.ActiveCfg = Release|Any CPU
		{228AEBA5-5D3F-49F6-B6D5-BC2AAE6688F5}.AppStore|Any CPU.Build.0 = Release|Any CPU
		{228AEBA5-5D3F-49F6-B6D5-BC2AAE6688F5}.AppStore|Any CPU.Deploy.0 = Release|Any CPU
		{228AEBA5-5D3F-49F6-B6D5-BC2AAE6688F5}.AppStore|ARM.ActiveCfg = Release|Any CPU
		{228AEBA5-5D3F-49F6-B6D5-BC2AAE6688F5}.AppStore|ARM.Build.0 = Release|Any CPU
		{228AEBA5-5D3F-49F6-B6D5-BC2AAE6688F5}.AppStore|ARM.Deploy.0 = Release|Any CPU
		{228AEBA5-5D3F-49F6-B6D5-BC2AAE6688F5}.AppStore|iPhone.ActiveCfg = Release|Any CPU
		{228AEBA5-5D3F-49F6-B6D5-BC2AAE6688F5}.AppStore|iPhone.Build.0 = Release|Any CPU
		{228AEBA5-5D3F-49F6-B6D5-BC2AAE6688F5}.AppStore|iPhone.Deploy.0 = Release|Any CPU
		{228AEBA5-5D3F-49F6-B6D5-BC2AAE6688F5}.AppStore|iPhoneSimulator.ActiveCfg = Release|Any CPU
		{228AEBA5-5D3F-49F6-B6D5-BC2AAE6688F5}.AppStore|iPhoneSimulator.Build.0 = Release|Any CPU
		{228AEBA5-5D3F-49F6-B6D5-BC2AAE6688F5}.AppStore|iPhoneSimulator.Deploy.0 = Release|Any CPU
		{228AEBA5-5D3F-49F6-B6D5-BC2AAE6688F5}.AppStore|x64.ActiveCfg = Release|Any CPU
		{228AEBA5-5D3F-49F6-B6D5-BC2AAE6688F5}.AppStore|x64.Build.0 = Release|Any CPU
		{228AEBA5-5D3F-49F6-B6D5-BC2AAE6688F5}.AppStore|x64.Deploy.0 = Release|Any CPU
		{228AEBA5-5D3F-49F6-B6D5-BC2AAE6688F5}.AppStore|x86.ActiveCfg = Release|Any CPU
		{228AEBA5-5D3F-49F6-B6D5-BC2AAE6688F5}.AppStore|x86.Build.0 = Release|Any CPU
		{228AEBA5-5D3F-49F6-B6D5-BC2AAE6688F5}.AppStore|x86.Deploy.0 = Release|Any CPU
		{228AEBA5-5D3F-49F6-B6D5-BC2AAE6688F5}.Debug|Any CPU.ActiveCfg = Debug|Any CPU
		{228AEBA5-5D3F-49F6-B6D5-BC2AAE6688F5}.Debug|Any CPU.Build.0 = Debug|Any CPU
		{228AEBA5-5D3F-49F6-B6D5-BC2AAE6688F5}.Debug|Any CPU.Deploy.0 = Debug|Any CPU
		{228AEBA5-5D3F-49F6-B6D5-BC2AAE6688F5}.Debug|ARM.ActiveCfg = Debug|Any CPU
		{228AEBA5-5D3F-49F6-B6D5-BC2AAE6688F5}.Debug|ARM.Build.0 = Debug|Any CPU
		{228AEBA5-5D3F-49F6-B6D5-BC2AAE6688F5}.Debug|ARM.Deploy.0 = Debug|Any CPU
		{228AEBA5-5D3F-49F6-B6D5-BC2AAE6688F5}.Debug|iPhone.ActiveCfg = Debug|Any CPU
		{228AEBA5-5D3F-49F6-B6D5-BC2AAE6688F5}.Debug|iPhone.Build.0 = Debug|Any CPU
		{228AEBA5-5D3F-49F6-B6D5-BC2AAE6688F5}.Debug|iPhone.Deploy.0 = Debug|Any CPU
		{228AEBA5-5D3F-49F6-B6D5-BC2AAE6688F5}.Debug|iPhoneSimulator.ActiveCfg = Debug|Any CPU
		{228AEBA5-5D3F-49F6-B6D5-BC2AAE6688F5}.Debug|iPhoneSimulator.Build.0 = Debug|Any CPU
		{228AEBA5-5D3F-49F6-B6D5-BC2AAE6688F5}.Debug|iPhoneSimulator.Deploy.0 = Debug|Any CPU
		{228AEBA5-5D3F-49F6-B6D5-BC2AAE6688F5}.Debug|x64.ActiveCfg = Debug|Any CPU
		{228AEBA5-5D3F-49F6-B6D5-BC2AAE6688F5}.Debug|x64.Build.0 = Debug|Any CPU
		{228AEBA5-5D3F-49F6-B6D5-BC2AAE6688F5}.Debug|x64.Deploy.0 = Debug|Any CPU
		{228AEBA5-5D3F-49F6-B6D5-BC2AAE6688F5}.Debug|x86.ActiveCfg = Debug|Any CPU
		{228AEBA5-5D3F-49F6-B6D5-BC2AAE6688F5}.Debug|x86.Build.0 = Debug|Any CPU
		{228AEBA5-5D3F-49F6-B6D5-BC2AAE6688F5}.Debug|x86.Deploy.0 = Debug|Any CPU
		{228AEBA5-5D3F-49F6-B6D5-BC2AAE6688F5}.Release|Any CPU.ActiveCfg = Release|Any CPU
		{228AEBA5-5D3F-49F6-B6D5-BC2AAE6688F5}.Release|Any CPU.Build.0 = Release|Any CPU
		{228AEBA5-5D3F-49F6-B6D5-BC2AAE6688F5}.Release|Any CPU.Deploy.0 = Release|Any CPU
		{228AEBA5-5D3F-49F6-B6D5-BC2AAE6688F5}.Release|ARM.ActiveCfg = Release|Any CPU
		{228AEBA5-5D3F-49F6-B6D5-BC2AAE6688F5}.Release|ARM.Build.0 = Release|Any CPU
		{228AEBA5-5D3F-49F6-B6D5-BC2AAE6688F5}.Release|ARM.Deploy.0 = Release|Any CPU
		{228AEBA5-5D3F-49F6-B6D5-BC2AAE6688F5}.Release|iPhone.ActiveCfg = Release|Any CPU
		{228AEBA5-5D3F-49F6-B6D5-BC2AAE6688F5}.Release|iPhone.Build.0 = Release|Any CPU
		{228AEBA5-5D3F-49F6-B6D5-BC2AAE6688F5}.Release|iPhone.Deploy.0 = Release|Any CPU
		{228AEBA5-5D3F-49F6-B6D5-BC2AAE6688F5}.Release|iPhoneSimulator.ActiveCfg = Release|Any CPU
		{228AEBA5-5D3F-49F6-B6D5-BC2AAE6688F5}.Release|iPhoneSimulator.Build.0 = Release|Any CPU
		{228AEBA5-5D3F-49F6-B6D5-BC2AAE6688F5}.Release|iPhoneSimulator.Deploy.0 = Release|Any CPU
		{228AEBA5-5D3F-49F6-B6D5-BC2AAE6688F5}.Release|x64.ActiveCfg = Release|Any CPU
		{228AEBA5-5D3F-49F6-B6D5-BC2AAE6688F5}.Release|x64.Build.0 = Release|Any CPU
		{228AEBA5-5D3F-49F6-B6D5-BC2AAE6688F5}.Release|x64.Deploy.0 = Release|Any CPU
		{228AEBA5-5D3F-49F6-B6D5-BC2AAE6688F5}.Release|x86.ActiveCfg = Release|Any CPU
		{228AEBA5-5D3F-49F6-B6D5-BC2AAE6688F5}.Release|x86.Build.0 = Release|Any CPU
		{228AEBA5-5D3F-49F6-B6D5-BC2AAE6688F5}.Release|x86.Deploy.0 = Release|Any CPU
		{4BC81863-38EA-445B-9E08-E3F259E46539}.Ad-Hoc|Any CPU.ActiveCfg = Ad-Hoc|iPhone
		{4BC81863-38EA-445B-9E08-E3F259E46539}.Ad-Hoc|ARM.ActiveCfg = Ad-Hoc|iPhone
		{4BC81863-38EA-445B-9E08-E3F259E46539}.Ad-Hoc|iPhone.ActiveCfg = Ad-Hoc|iPhone
		{4BC81863-38EA-445B-9E08-E3F259E46539}.Ad-Hoc|iPhone.Build.0 = Ad-Hoc|iPhone
		{4BC81863-38EA-445B-9E08-E3F259E46539}.Ad-Hoc|iPhoneSimulator.ActiveCfg = Ad-Hoc|iPhoneSimulator
		{4BC81863-38EA-445B-9E08-E3F259E46539}.Ad-Hoc|iPhoneSimulator.Build.0 = Ad-Hoc|iPhoneSimulator
		{4BC81863-38EA-445B-9E08-E3F259E46539}.Ad-Hoc|x64.ActiveCfg = Ad-Hoc|iPhone
		{4BC81863-38EA-445B-9E08-E3F259E46539}.Ad-Hoc|x86.ActiveCfg = Ad-Hoc|iPhone
		{4BC81863-38EA-445B-9E08-E3F259E46539}.AppStore|Any CPU.ActiveCfg = AppStore|iPhone
		{4BC81863-38EA-445B-9E08-E3F259E46539}.AppStore|ARM.ActiveCfg = AppStore|iPhone
		{4BC81863-38EA-445B-9E08-E3F259E46539}.AppStore|iPhone.ActiveCfg = AppStore|iPhone
		{4BC81863-38EA-445B-9E08-E3F259E46539}.AppStore|iPhone.Build.0 = AppStore|iPhone
		{4BC81863-38EA-445B-9E08-E3F259E46539}.AppStore|iPhoneSimulator.ActiveCfg = AppStore|iPhoneSimulator
		{4BC81863-38EA-445B-9E08-E3F259E46539}.AppStore|iPhoneSimulator.Build.0 = AppStore|iPhoneSimulator
		{4BC81863-38EA-445B-9E08-E3F259E46539}.AppStore|x64.ActiveCfg = AppStore|iPhone
		{4BC81863-38EA-445B-9E08-E3F259E46539}.AppStore|x86.ActiveCfg = AppStore|iPhone
		{4BC81863-38EA-445B-9E08-E3F259E46539}.Debug|Any CPU.ActiveCfg = Debug|iPhone
		{4BC81863-38EA-445B-9E08-E3F259E46539}.Debug|ARM.ActiveCfg = Debug|iPhone
		{4BC81863-38EA-445B-9E08-E3F259E46539}.Debug|iPhone.ActiveCfg = Debug|iPhone
		{4BC81863-38EA-445B-9E08-E3F259E46539}.Debug|iPhone.Build.0 = Debug|iPhone
		{4BC81863-38EA-445B-9E08-E3F259E46539}.Debug|iPhoneSimulator.ActiveCfg = Debug|iPhoneSimulator
		{4BC81863-38EA-445B-9E08-E3F259E46539}.Debug|iPhoneSimulator.Build.0 = Debug|iPhoneSimulator
		{4BC81863-38EA-445B-9E08-E3F259E46539}.Debug|x64.ActiveCfg = Debug|iPhone
		{4BC81863-38EA-445B-9E08-E3F259E46539}.Debug|x86.ActiveCfg = Debug|iPhone
		{4BC81863-38EA-445B-9E08-E3F259E46539}.Release|Any CPU.ActiveCfg = Release|iPhone
		{4BC81863-38EA-445B-9E08-E3F259E46539}.Release|ARM.ActiveCfg = Release|iPhone
		{4BC81863-38EA-445B-9E08-E3F259E46539}.Release|iPhone.ActiveCfg = Release|iPhone
		{4BC81863-38EA-445B-9E08-E3F259E46539}.Release|iPhone.Build.0 = Release|iPhone
		{4BC81863-38EA-445B-9E08-E3F259E46539}.Release|iPhoneSimulator.ActiveCfg = Release|iPhoneSimulator
		{4BC81863-38EA-445B-9E08-E3F259E46539}.Release|iPhoneSimulator.Build.0 = Release|iPhoneSimulator
		{4BC81863-38EA-445B-9E08-E3F259E46539}.Release|x64.ActiveCfg = Release|iPhone
		{4BC81863-38EA-445B-9E08-E3F259E46539}.Release|x86.ActiveCfg = Release|iPhone
		{7F7F9DE7-BCB2-44B6-B3BD-D5FEE2CB0284}.Ad-Hoc|Any CPU.ActiveCfg = Release|Any CPU
		{7F7F9DE7-BCB2-44B6-B3BD-D5FEE2CB0284}.Ad-Hoc|Any CPU.Build.0 = Release|Any CPU
		{7F7F9DE7-BCB2-44B6-B3BD-D5FEE2CB0284}.Ad-Hoc|Any CPU.Deploy.0 = Release|Any CPU
		{7F7F9DE7-BCB2-44B6-B3BD-D5FEE2CB0284}.Ad-Hoc|ARM.ActiveCfg = Release|ARM
		{7F7F9DE7-BCB2-44B6-B3BD-D5FEE2CB0284}.Ad-Hoc|ARM.Build.0 = Release|ARM
		{7F7F9DE7-BCB2-44B6-B3BD-D5FEE2CB0284}.Ad-Hoc|ARM.Deploy.0 = Release|ARM
		{7F7F9DE7-BCB2-44B6-B3BD-D5FEE2CB0284}.Ad-Hoc|iPhone.ActiveCfg = Release|Any CPU
		{7F7F9DE7-BCB2-44B6-B3BD-D5FEE2CB0284}.Ad-Hoc|iPhone.Build.0 = Release|Any CPU
		{7F7F9DE7-BCB2-44B6-B3BD-D5FEE2CB0284}.Ad-Hoc|iPhone.Deploy.0 = Release|Any CPU
		{7F7F9DE7-BCB2-44B6-B3BD-D5FEE2CB0284}.Ad-Hoc|iPhoneSimulator.ActiveCfg = Release|Any CPU
		{7F7F9DE7-BCB2-44B6-B3BD-D5FEE2CB0284}.Ad-Hoc|iPhoneSimulator.Build.0 = Release|Any CPU
		{7F7F9DE7-BCB2-44B6-B3BD-D5FEE2CB0284}.Ad-Hoc|iPhoneSimulator.Deploy.0 = Release|Any CPU
		{7F7F9DE7-BCB2-44B6-B3BD-D5FEE2CB0284}.Ad-Hoc|x64.ActiveCfg = Release|Any CPU
		{7F7F9DE7-BCB2-44B6-B3BD-D5FEE2CB0284}.Ad-Hoc|x64.Build.0 = Release|Any CPU
		{7F7F9DE7-BCB2-44B6-B3BD-D5FEE2CB0284}.Ad-Hoc|x64.Deploy.0 = Release|Any CPU
		{7F7F9DE7-BCB2-44B6-B3BD-D5FEE2CB0284}.Ad-Hoc|x86.ActiveCfg = Release|x86
		{7F7F9DE7-BCB2-44B6-B3BD-D5FEE2CB0284}.Ad-Hoc|x86.Build.0 = Release|x86
		{7F7F9DE7-BCB2-44B6-B3BD-D5FEE2CB0284}.Ad-Hoc|x86.Deploy.0 = Release|x86
		{7F7F9DE7-BCB2-44B6-B3BD-D5FEE2CB0284}.AppStore|Any CPU.ActiveCfg = Release|Any CPU
		{7F7F9DE7-BCB2-44B6-B3BD-D5FEE2CB0284}.AppStore|Any CPU.Build.0 = Release|Any CPU
		{7F7F9DE7-BCB2-44B6-B3BD-D5FEE2CB0284}.AppStore|Any CPU.Deploy.0 = Release|Any CPU
		{7F7F9DE7-BCB2-44B6-B3BD-D5FEE2CB0284}.AppStore|ARM.ActiveCfg = Release|ARM
		{7F7F9DE7-BCB2-44B6-B3BD-D5FEE2CB0284}.AppStore|ARM.Build.0 = Release|ARM
		{7F7F9DE7-BCB2-44B6-B3BD-D5FEE2CB0284}.AppStore|ARM.Deploy.0 = Release|ARM
		{7F7F9DE7-BCB2-44B6-B3BD-D5FEE2CB0284}.AppStore|iPhone.ActiveCfg = Release|Any CPU
		{7F7F9DE7-BCB2-44B6-B3BD-D5FEE2CB0284}.AppStore|iPhone.Build.0 = Release|Any CPU
		{7F7F9DE7-BCB2-44B6-B3BD-D5FEE2CB0284}.AppStore|iPhone.Deploy.0 = Release|Any CPU
		{7F7F9DE7-BCB2-44B6-B3BD-D5FEE2CB0284}.AppStore|iPhoneSimulator.ActiveCfg = Release|Any CPU
		{7F7F9DE7-BCB2-44B6-B3BD-D5FEE2CB0284}.AppStore|iPhoneSimulator.Build.0 = Release|Any CPU
		{7F7F9DE7-BCB2-44B6-B3BD-D5FEE2CB0284}.AppStore|iPhoneSimulator.Deploy.0 = Release|Any CPU
		{7F7F9DE7-BCB2-44B6-B3BD-D5FEE2CB0284}.AppStore|x64.ActiveCfg = Release|Any CPU
		{7F7F9DE7-BCB2-44B6-B3BD-D5FEE2CB0284}.AppStore|x64.Build.0 = Release|Any CPU
		{7F7F9DE7-BCB2-44B6-B3BD-D5FEE2CB0284}.AppStore|x64.Deploy.0 = Release|Any CPU
		{7F7F9DE7-BCB2-44B6-B3BD-D5FEE2CB0284}.AppStore|x86.ActiveCfg = Release|x86
		{7F7F9DE7-BCB2-44B6-B3BD-D5FEE2CB0284}.AppStore|x86.Build.0 = Release|x86
		{7F7F9DE7-BCB2-44B6-B3BD-D5FEE2CB0284}.AppStore|x86.Deploy.0 = Release|x86
		{7F7F9DE7-BCB2-44B6-B3BD-D5FEE2CB0284}.Debug|Any CPU.ActiveCfg = Debug|Any CPU
		{7F7F9DE7-BCB2-44B6-B3BD-D5FEE2CB0284}.Debug|Any CPU.Build.0 = Debug|Any CPU
		{7F7F9DE7-BCB2-44B6-B3BD-D5FEE2CB0284}.Debug|Any CPU.Deploy.0 = Debug|Any CPU
		{7F7F9DE7-BCB2-44B6-B3BD-D5FEE2CB0284}.Debug|ARM.ActiveCfg = Debug|ARM
		{7F7F9DE7-BCB2-44B6-B3BD-D5FEE2CB0284}.Debug|ARM.Build.0 = Debug|ARM
		{7F7F9DE7-BCB2-44B6-B3BD-D5FEE2CB0284}.Debug|ARM.Deploy.0 = Debug|ARM
		{7F7F9DE7-BCB2-44B6-B3BD-D5FEE2CB0284}.Debug|iPhone.ActiveCfg = Debug|Any CPU
		{7F7F9DE7-BCB2-44B6-B3BD-D5FEE2CB0284}.Debug|iPhone.Build.0 = Debug|Any CPU
		{7F7F9DE7-BCB2-44B6-B3BD-D5FEE2CB0284}.Debug|iPhone.Deploy.0 = Debug|Any CPU
		{7F7F9DE7-BCB2-44B6-B3BD-D5FEE2CB0284}.Debug|iPhoneSimulator.ActiveCfg = Debug|Any CPU
		{7F7F9DE7-BCB2-44B6-B3BD-D5FEE2CB0284}.Debug|iPhoneSimulator.Build.0 = Debug|Any CPU
		{7F7F9DE7-BCB2-44B6-B3BD-D5FEE2CB0284}.Debug|iPhoneSimulator.Deploy.0 = Debug|Any CPU
		{7F7F9DE7-BCB2-44B6-B3BD-D5FEE2CB0284}.Debug|x64.ActiveCfg = Debug|Any CPU
		{7F7F9DE7-BCB2-44B6-B3BD-D5FEE2CB0284}.Debug|x64.Build.0 = Debug|Any CPU
		{7F7F9DE7-BCB2-44B6-B3BD-D5FEE2CB0284}.Debug|x64.Deploy.0 = Debug|Any CPU
		{7F7F9DE7-BCB2-44B6-B3BD-D5FEE2CB0284}.Debug|x86.ActiveCfg = Debug|x86
		{7F7F9DE7-BCB2-44B6-B3BD-D5FEE2CB0284}.Debug|x86.Build.0 = Debug|x86
		{7F7F9DE7-BCB2-44B6-B3BD-D5FEE2CB0284}.Debug|x86.Deploy.0 = Debug|x86
		{7F7F9DE7-BCB2-44B6-B3BD-D5FEE2CB0284}.Release|Any CPU.ActiveCfg = Release|Any CPU
		{7F7F9DE7-BCB2-44B6-B3BD-D5FEE2CB0284}.Release|Any CPU.Build.0 = Release|Any CPU
		{7F7F9DE7-BCB2-44B6-B3BD-D5FEE2CB0284}.Release|Any CPU.Deploy.0 = Release|Any CPU
		{7F7F9DE7-BCB2-44B6-B3BD-D5FEE2CB0284}.Release|ARM.ActiveCfg = Release|ARM
		{7F7F9DE7-BCB2-44B6-B3BD-D5FEE2CB0284}.Release|ARM.Build.0 = Release|ARM
		{7F7F9DE7-BCB2-44B6-B3BD-D5FEE2CB0284}.Release|ARM.Deploy.0 = Release|ARM
		{7F7F9DE7-BCB2-44B6-B3BD-D5FEE2CB0284}.Release|iPhone.ActiveCfg = Release|Any CPU
		{7F7F9DE7-BCB2-44B6-B3BD-D5FEE2CB0284}.Release|iPhone.Build.0 = Release|Any CPU
		{7F7F9DE7-BCB2-44B6-B3BD-D5FEE2CB0284}.Release|iPhone.Deploy.0 = Release|Any CPU
		{7F7F9DE7-BCB2-44B6-B3BD-D5FEE2CB0284}.Release|iPhoneSimulator.ActiveCfg = Release|Any CPU
		{7F7F9DE7-BCB2-44B6-B3BD-D5FEE2CB0284}.Release|iPhoneSimulator.Build.0 = Release|Any CPU
		{7F7F9DE7-BCB2-44B6-B3BD-D5FEE2CB0284}.Release|iPhoneSimulator.Deploy.0 = Release|Any CPU
		{7F7F9DE7-BCB2-44B6-B3BD-D5FEE2CB0284}.Release|x64.ActiveCfg = Release|Any CPU
		{7F7F9DE7-BCB2-44B6-B3BD-D5FEE2CB0284}.Release|x64.Build.0 = Release|Any CPU
		{7F7F9DE7-BCB2-44B6-B3BD-D5FEE2CB0284}.Release|x64.Deploy.0 = Release|Any CPU
		{7F7F9DE7-BCB2-44B6-B3BD-D5FEE2CB0284}.Release|x86.ActiveCfg = Release|x86
		{7F7F9DE7-BCB2-44B6-B3BD-D5FEE2CB0284}.Release|x86.Build.0 = Release|x86
		{7F7F9DE7-BCB2-44B6-B3BD-D5FEE2CB0284}.Release|x86.Deploy.0 = Release|x86
		{2AAFE0F7-5879-48FD-BDE6-234C197F93F3}.Ad-Hoc|Any CPU.ActiveCfg = Release|Any CPU
		{2AAFE0F7-5879-48FD-BDE6-234C197F93F3}.Ad-Hoc|Any CPU.Build.0 = Release|Any CPU
		{2AAFE0F7-5879-48FD-BDE6-234C197F93F3}.Ad-Hoc|Any CPU.Deploy.0 = Release|Any CPU
		{2AAFE0F7-5879-48FD-BDE6-234C197F93F3}.Ad-Hoc|ARM.ActiveCfg = Release|ARM
		{2AAFE0F7-5879-48FD-BDE6-234C197F93F3}.Ad-Hoc|ARM.Build.0 = Release|ARM
		{2AAFE0F7-5879-48FD-BDE6-234C197F93F3}.Ad-Hoc|ARM.Deploy.0 = Release|ARM
		{2AAFE0F7-5879-48FD-BDE6-234C197F93F3}.Ad-Hoc|iPhone.ActiveCfg = Release|Any CPU
		{2AAFE0F7-5879-48FD-BDE6-234C197F93F3}.Ad-Hoc|iPhone.Build.0 = Release|Any CPU
		{2AAFE0F7-5879-48FD-BDE6-234C197F93F3}.Ad-Hoc|iPhone.Deploy.0 = Release|Any CPU
		{2AAFE0F7-5879-48FD-BDE6-234C197F93F3}.Ad-Hoc|iPhoneSimulator.ActiveCfg = Release|Any CPU
		{2AAFE0F7-5879-48FD-BDE6-234C197F93F3}.Ad-Hoc|iPhoneSimulator.Build.0 = Release|Any CPU
		{2AAFE0F7-5879-48FD-BDE6-234C197F93F3}.Ad-Hoc|iPhoneSimulator.Deploy.0 = Release|Any CPU
		{2AAFE0F7-5879-48FD-BDE6-234C197F93F3}.Ad-Hoc|x64.ActiveCfg = Release|x64
		{2AAFE0F7-5879-48FD-BDE6-234C197F93F3}.Ad-Hoc|x64.Build.0 = Release|x64
		{2AAFE0F7-5879-48FD-BDE6-234C197F93F3}.Ad-Hoc|x64.Deploy.0 = Release|x64
		{2AAFE0F7-5879-48FD-BDE6-234C197F93F3}.Ad-Hoc|x86.ActiveCfg = Release|x86
		{2AAFE0F7-5879-48FD-BDE6-234C197F93F3}.Ad-Hoc|x86.Build.0 = Release|x86
		{2AAFE0F7-5879-48FD-BDE6-234C197F93F3}.Ad-Hoc|x86.Deploy.0 = Release|x86
		{2AAFE0F7-5879-48FD-BDE6-234C197F93F3}.AppStore|Any CPU.ActiveCfg = Release|Any CPU
		{2AAFE0F7-5879-48FD-BDE6-234C197F93F3}.AppStore|Any CPU.Build.0 = Release|Any CPU
		{2AAFE0F7-5879-48FD-BDE6-234C197F93F3}.AppStore|Any CPU.Deploy.0 = Release|Any CPU
		{2AAFE0F7-5879-48FD-BDE6-234C197F93F3}.AppStore|ARM.ActiveCfg = Release|ARM
		{2AAFE0F7-5879-48FD-BDE6-234C197F93F3}.AppStore|ARM.Build.0 = Release|ARM
		{2AAFE0F7-5879-48FD-BDE6-234C197F93F3}.AppStore|ARM.Deploy.0 = Release|ARM
		{2AAFE0F7-5879-48FD-BDE6-234C197F93F3}.AppStore|iPhone.ActiveCfg = Release|Any CPU
		{2AAFE0F7-5879-48FD-BDE6-234C197F93F3}.AppStore|iPhone.Build.0 = Release|Any CPU
		{2AAFE0F7-5879-48FD-BDE6-234C197F93F3}.AppStore|iPhone.Deploy.0 = Release|Any CPU
		{2AAFE0F7-5879-48FD-BDE6-234C197F93F3}.AppStore|iPhoneSimulator.ActiveCfg = Release|Any CPU
		{2AAFE0F7-5879-48FD-BDE6-234C197F93F3}.AppStore|iPhoneSimulator.Build.0 = Release|Any CPU
		{2AAFE0F7-5879-48FD-BDE6-234C197F93F3}.AppStore|iPhoneSimulator.Deploy.0 = Release|Any CPU
		{2AAFE0F7-5879-48FD-BDE6-234C197F93F3}.AppStore|x64.ActiveCfg = Release|x64
		{2AAFE0F7-5879-48FD-BDE6-234C197F93F3}.AppStore|x64.Build.0 = Release|x64
		{2AAFE0F7-5879-48FD-BDE6-234C197F93F3}.AppStore|x64.Deploy.0 = Release|x64
		{2AAFE0F7-5879-48FD-BDE6-234C197F93F3}.AppStore|x86.ActiveCfg = Release|x86
		{2AAFE0F7-5879-48FD-BDE6-234C197F93F3}.AppStore|x86.Build.0 = Release|x86
		{2AAFE0F7-5879-48FD-BDE6-234C197F93F3}.AppStore|x86.Deploy.0 = Release|x86
		{2AAFE0F7-5879-48FD-BDE6-234C197F93F3}.Debug|Any CPU.ActiveCfg = Debug|Any CPU
		{2AAFE0F7-5879-48FD-BDE6-234C197F93F3}.Debug|Any CPU.Build.0 = Debug|Any CPU
		{2AAFE0F7-5879-48FD-BDE6-234C197F93F3}.Debug|Any CPU.Deploy.0 = Debug|Any CPU
		{2AAFE0F7-5879-48FD-BDE6-234C197F93F3}.Debug|ARM.ActiveCfg = Debug|ARM
		{2AAFE0F7-5879-48FD-BDE6-234C197F93F3}.Debug|ARM.Build.0 = Debug|ARM
		{2AAFE0F7-5879-48FD-BDE6-234C197F93F3}.Debug|ARM.Deploy.0 = Debug|ARM
		{2AAFE0F7-5879-48FD-BDE6-234C197F93F3}.Debug|iPhone.ActiveCfg = Debug|Any CPU
		{2AAFE0F7-5879-48FD-BDE6-234C197F93F3}.Debug|iPhone.Build.0 = Debug|Any CPU
		{2AAFE0F7-5879-48FD-BDE6-234C197F93F3}.Debug|iPhone.Deploy.0 = Debug|Any CPU
		{2AAFE0F7-5879-48FD-BDE6-234C197F93F3}.Debug|iPhoneSimulator.ActiveCfg = Debug|Any CPU
		{2AAFE0F7-5879-48FD-BDE6-234C197F93F3}.Debug|iPhoneSimulator.Build.0 = Debug|Any CPU
		{2AAFE0F7-5879-48FD-BDE6-234C197F93F3}.Debug|iPhoneSimulator.Deploy.0 = Debug|Any CPU
		{2AAFE0F7-5879-48FD-BDE6-234C197F93F3}.Debug|x64.ActiveCfg = Debug|x64
		{2AAFE0F7-5879-48FD-BDE6-234C197F93F3}.Debug|x64.Build.0 = Debug|x64
		{2AAFE0F7-5879-48FD-BDE6-234C197F93F3}.Debug|x64.Deploy.0 = Debug|x64
		{2AAFE0F7-5879-48FD-BDE6-234C197F93F3}.Debug|x86.ActiveCfg = Debug|x86
		{2AAFE0F7-5879-48FD-BDE6-234C197F93F3}.Debug|x86.Build.0 = Debug|x86
		{2AAFE0F7-5879-48FD-BDE6-234C197F93F3}.Debug|x86.Deploy.0 = Debug|x86
		{2AAFE0F7-5879-48FD-BDE6-234C197F93F3}.Release|Any CPU.ActiveCfg = Release|Any CPU
		{2AAFE0F7-5879-48FD-BDE6-234C197F93F3}.Release|Any CPU.Build.0 = Release|Any CPU
		{2AAFE0F7-5879-48FD-BDE6-234C197F93F3}.Release|Any CPU.Deploy.0 = Release|Any CPU
		{2AAFE0F7-5879-48FD-BDE6-234C197F93F3}.Release|ARM.ActiveCfg = Release|ARM
		{2AAFE0F7-5879-48FD-BDE6-234C197F93F3}.Release|ARM.Build.0 = Release|ARM
		{2AAFE0F7-5879-48FD-BDE6-234C197F93F3}.Release|ARM.Deploy.0 = Release|ARM
		{2AAFE0F7-5879-48FD-BDE6-234C197F93F3}.Release|iPhone.ActiveCfg = Release|Any CPU
		{2AAFE0F7-5879-48FD-BDE6-234C197F93F3}.Release|iPhone.Build.0 = Release|Any CPU
		{2AAFE0F7-5879-48FD-BDE6-234C197F93F3}.Release|iPhone.Deploy.0 = Release|Any CPU
		{2AAFE0F7-5879-48FD-BDE6-234C197F93F3}.Release|iPhoneSimulator.ActiveCfg = Release|Any CPU
		{2AAFE0F7-5879-48FD-BDE6-234C197F93F3}.Release|iPhoneSimulator.Build.0 = Release|Any CPU
		{2AAFE0F7-5879-48FD-BDE6-234C197F93F3}.Release|iPhoneSimulator.Deploy.0 = Release|Any CPU
		{2AAFE0F7-5879-48FD-BDE6-234C197F93F3}.Release|x64.ActiveCfg = Release|x64
		{2AAFE0F7-5879-48FD-BDE6-234C197F93F3}.Release|x64.Build.0 = Release|x64
		{2AAFE0F7-5879-48FD-BDE6-234C197F93F3}.Release|x64.Deploy.0 = Release|x64
		{2AAFE0F7-5879-48FD-BDE6-234C197F93F3}.Release|x86.ActiveCfg = Release|x86
		{2AAFE0F7-5879-48FD-BDE6-234C197F93F3}.Release|x86.Build.0 = Release|x86
		{2AAFE0F7-5879-48FD-BDE6-234C197F93F3}.Release|x86.Deploy.0 = Release|x86
		{D46F647A-2A6A-43C8-80F6-7541D3F3BCA7}.Ad-Hoc|Any CPU.ActiveCfg = Release|Any CPU
		{D46F647A-2A6A-43C8-80F6-7541D3F3BCA7}.Ad-Hoc|Any CPU.Build.0 = Release|Any CPU
		{D46F647A-2A6A-43C8-80F6-7541D3F3BCA7}.Ad-Hoc|ARM.ActiveCfg = Release|Any CPU
		{D46F647A-2A6A-43C8-80F6-7541D3F3BCA7}.Ad-Hoc|ARM.Build.0 = Release|Any CPU
		{D46F647A-2A6A-43C8-80F6-7541D3F3BCA7}.Ad-Hoc|iPhone.ActiveCfg = Release|Any CPU
		{D46F647A-2A6A-43C8-80F6-7541D3F3BCA7}.Ad-Hoc|iPhone.Build.0 = Release|Any CPU
		{D46F647A-2A6A-43C8-80F6-7541D3F3BCA7}.Ad-Hoc|iPhoneSimulator.ActiveCfg = Release|Any CPU
		{D46F647A-2A6A-43C8-80F6-7541D3F3BCA7}.Ad-Hoc|iPhoneSimulator.Build.0 = Release|Any CPU
		{D46F647A-2A6A-43C8-80F6-7541D3F3BCA7}.Ad-Hoc|x64.ActiveCfg = Release|Any CPU
		{D46F647A-2A6A-43C8-80F6-7541D3F3BCA7}.Ad-Hoc|x64.Build.0 = Release|Any CPU
		{D46F647A-2A6A-43C8-80F6-7541D3F3BCA7}.Ad-Hoc|x86.ActiveCfg = Release|Any CPU
		{D46F647A-2A6A-43C8-80F6-7541D3F3BCA7}.Ad-Hoc|x86.Build.0 = Release|Any CPU
		{D46F647A-2A6A-43C8-80F6-7541D3F3BCA7}.AppStore|Any CPU.ActiveCfg = Release|Any CPU
		{D46F647A-2A6A-43C8-80F6-7541D3F3BCA7}.AppStore|Any CPU.Build.0 = Release|Any CPU
		{D46F647A-2A6A-43C8-80F6-7541D3F3BCA7}.AppStore|ARM.ActiveCfg = Release|Any CPU
		{D46F647A-2A6A-43C8-80F6-7541D3F3BCA7}.AppStore|ARM.Build.0 = Release|Any CPU
		{D46F647A-2A6A-43C8-80F6-7541D3F3BCA7}.AppStore|iPhone.ActiveCfg = Release|Any CPU
		{D46F647A-2A6A-43C8-80F6-7541D3F3BCA7}.AppStore|iPhone.Build.0 = Release|Any CPU
		{D46F647A-2A6A-43C8-80F6-7541D3F3BCA7}.AppStore|iPhoneSimulator.ActiveCfg = Release|Any CPU
		{D46F647A-2A6A-43C8-80F6-7541D3F3BCA7}.AppStore|iPhoneSimulator.Build.0 = Release|Any CPU
		{D46F647A-2A6A-43C8-80F6-7541D3F3BCA7}.AppStore|x64.ActiveCfg = Release|Any CPU
		{D46F647A-2A6A-43C8-80F6-7541D3F3BCA7}.AppStore|x64.Build.0 = Release|Any CPU
		{D46F647A-2A6A-43C8-80F6-7541D3F3BCA7}.AppStore|x86.ActiveCfg = Release|Any CPU
		{D46F647A-2A6A-43C8-80F6-7541D3F3BCA7}.AppStore|x86.Build.0 = Release|Any CPU
		{D46F647A-2A6A-43C8-80F6-7541D3F3BCA7}.Debug|Any CPU.ActiveCfg = Debug|Any CPU
		{D46F647A-2A6A-43C8-80F6-7541D3F3BCA7}.Debug|Any CPU.Build.0 = Debug|Any CPU
		{D46F647A-2A6A-43C8-80F6-7541D3F3BCA7}.Debug|ARM.ActiveCfg = Debug|Any CPU
		{D46F647A-2A6A-43C8-80F6-7541D3F3BCA7}.Debug|ARM.Build.0 = Debug|Any CPU
		{D46F647A-2A6A-43C8-80F6-7541D3F3BCA7}.Debug|iPhone.ActiveCfg = Debug|Any CPU
		{D46F647A-2A6A-43C8-80F6-7541D3F3BCA7}.Debug|iPhone.Build.0 = Debug|Any CPU
		{D46F647A-2A6A-43C8-80F6-7541D3F3BCA7}.Debug|iPhoneSimulator.ActiveCfg = Debug|Any CPU
		{D46F647A-2A6A-43C8-80F6-7541D3F3BCA7}.Debug|iPhoneSimulator.Build.0 = Debug|Any CPU
		{D46F647A-2A6A-43C8-80F6-7541D3F3BCA7}.Debug|x64.ActiveCfg = Debug|Any CPU
		{D46F647A-2A6A-43C8-80F6-7541D3F3BCA7}.Debug|x64.Build.0 = Debug|Any CPU
		{D46F647A-2A6A-43C8-80F6-7541D3F3BCA7}.Debug|x86.ActiveCfg = Debug|Any CPU
		{D46F647A-2A6A-43C8-80F6-7541D3F3BCA7}.Debug|x86.Build.0 = Debug|Any CPU
		{D46F647A-2A6A-43C8-80F6-7541D3F3BCA7}.Release|Any CPU.ActiveCfg = Release|Any CPU
		{D46F647A-2A6A-43C8-80F6-7541D3F3BCA7}.Release|Any CPU.Build.0 = Release|Any CPU
		{D46F647A-2A6A-43C8-80F6-7541D3F3BCA7}.Release|ARM.ActiveCfg = Release|Any CPU
		{D46F647A-2A6A-43C8-80F6-7541D3F3BCA7}.Release|ARM.Build.0 = Release|Any CPU
		{D46F647A-2A6A-43C8-80F6-7541D3F3BCA7}.Release|iPhone.ActiveCfg = Release|Any CPU
		{D46F647A-2A6A-43C8-80F6-7541D3F3BCA7}.Release|iPhone.Build.0 = Release|Any CPU
		{D46F647A-2A6A-43C8-80F6-7541D3F3BCA7}.Release|iPhoneSimulator.ActiveCfg = Release|Any CPU
		{D46F647A-2A6A-43C8-80F6-7541D3F3BCA7}.Release|iPhoneSimulator.Build.0 = Release|Any CPU
		{D46F647A-2A6A-43C8-80F6-7541D3F3BCA7}.Release|x64.ActiveCfg = Release|Any CPU
		{D46F647A-2A6A-43C8-80F6-7541D3F3BCA7}.Release|x64.Build.0 = Release|Any CPU
		{D46F647A-2A6A-43C8-80F6-7541D3F3BCA7}.Release|x86.ActiveCfg = Release|Any CPU
		{D46F647A-2A6A-43C8-80F6-7541D3F3BCA7}.Release|x86.Build.0 = Release|Any CPU
	EndGlobalSection
	GlobalSection(SolutionProperties) = preSolution
		HideSolutionNode = FALSE
	EndGlobalSection
EndGlobal
