
Microsoft Visual Studio Solution File, Format Version 12.00
# Visual Studio 14
VisualStudioVersion = 14.0.25420.1
MinimumVisualStudioVersion = 10.0.40219.1
Project("{FAE04EC0-301F-11D3-BF4B-00C04F79EFBC}") = "NotificationTestApp.Droid", "NotificationTestApp\NotificationTestApp.Droid\NotificationTestApp.Droid.csproj", "{0EEBA4BE-A976-4595-AD3B-869CADE89EB9}"
EndProject
Project("{FAE04EC0-301F-11D3-BF4B-00C04F79EFBC}") = "NotificationTestApp.iOS", "NotificationTestApp\NotificationTestApp.iOS\NotificationTestApp.iOS.csproj", "{8D511ACB-905F-4900-BD35-C6525C46F448}"
EndProject
Project("{FAE04EC0-301F-11D3-BF4B-00C04F79EFBC}") = "NotificationTestApp", "NotificationTestApp\NotificationTestApp\NotificationTestApp.csproj", "{472818F6-352C-4738-9972-4455A947A081}"
EndProject
Global
	GlobalSection(SolutionConfigurationPlatforms) = preSolution
		Ad-Hoc|Any CPU = Ad-Hoc|Any CPU
		Ad-Hoc|ARM = Ad-Hoc|ARM
		Ad-Hoc|iPhone = Ad-Hoc|iPhone
		Ad-Hoc|iPhoneSimulator = Ad-Hoc|iPhoneSimulator
		Ad-Hoc|x64 = Ad-Hoc|x64
		Ad-Hoc|x86 = Ad-Hoc|x86
		AppStore|Any CPU = AppStore|Any CPU
		AppStore|ARM = AppStore|ARM
		AppStore|iPhone = AppStore|iPhone
		AppStore|iPhoneSimulator = AppStore|iPhoneSimulator
		AppStore|x64 = AppStore|x64
		AppStore|x86 = AppStore|x86
		Debug|Any CPU = Debug|Any CPU
		Debug|ARM = Debug|ARM
		Debug|iPhone = Debug|iPhone
		Debug|iPhoneSimulator = Debug|iPhoneSimulator
		Debug|x64 = Debug|x64
		Debug|x86 = Debug|x86
		Release|Any CPU = Release|Any CPU
		Release|ARM = Release|ARM
		Release|iPhone = Release|iPhone
		Release|iPhoneSimulator = Release|iPhoneSimulator
		Release|x64 = Release|x64
		Release|x86 = Release|x86
	EndGlobalSection
	GlobalSection(ProjectConfigurationPlatforms) = postSolution
		{0EEBA4BE-A976-4595-AD3B-869CADE89EB9}.Ad-Hoc|Any CPU.ActiveCfg = Release|Any CPU
		{0EEBA4BE-A976-4595-AD3B-869CADE89EB9}.Ad-Hoc|Any CPU.Build.0 = Release|Any CPU
		{0EEBA4BE-A976-4595-AD3B-869CADE89EB9}.Ad-Hoc|Any CPU.Deploy.0 = Release|Any CPU
		{0EEBA4BE-A976-4595-AD3B-869CADE89EB9}.Ad-Hoc|ARM.ActiveCfg = Release|Any CPU
		{0EEBA4BE-A976-4595-AD3B-869CADE89EB9}.Ad-Hoc|ARM.Build.0 = Release|Any CPU
		{0EEBA4BE-A976-4595-AD3B-869CADE89EB9}.Ad-Hoc|ARM.Deploy.0 = Release|Any CPU
		{0EEBA4BE-A976-4595-AD3B-869CADE89EB9}.Ad-Hoc|iPhone.ActiveCfg = Release|Any CPU
		{0EEBA4BE-A976-4595-AD3B-869CADE89EB9}.Ad-Hoc|iPhone.Build.0 = Release|Any CPU
		{0EEBA4BE-A976-4595-AD3B-869CADE89EB9}.Ad-Hoc|iPhone.Deploy.0 = Release|Any CPU
		{0EEBA4BE-A976-4595-AD3B-869CADE89EB9}.Ad-Hoc|iPhoneSimulator.ActiveCfg = Release|Any CPU
		{0EEBA4BE-A976-4595-AD3B-869CADE89EB9}.Ad-Hoc|iPhoneSimulator.Build.0 = Release|Any CPU
		{0EEBA4BE-A976-4595-AD3B-869CADE89EB9}.Ad-Hoc|iPhoneSimulator.Deploy.0 = Release|Any CPU
		{0EEBA4BE-A976-4595-AD3B-869CADE89EB9}.Ad-Hoc|x64.ActiveCfg = Release|Any CPU
		{0EEBA4BE-A976-4595-AD3B-869CADE89EB9}.Ad-Hoc|x64.Build.0 = Release|Any CPU
		{0EEBA4BE-A976-4595-AD3B-869CADE89EB9}.Ad-Hoc|x64.Deploy.0 = Release|Any CPU
		{0EEBA4BE-A976-4595-AD3B-869CADE89EB9}.Ad-Hoc|x86.ActiveCfg = Release|Any CPU
		{0EEBA4BE-A976-4595-AD3B-869CADE89EB9}.Ad-Hoc|x86.Build.0 = Release|Any CPU
		{0EEBA4BE-A976-4595-AD3B-869CADE89EB9}.Ad-Hoc|x86.Deploy.0 = Release|Any CPU
		{0EEBA4BE-A976-4595-AD3B-869CADE89EB9}.AppStore|Any CPU.ActiveCfg = Release|Any CPU
		{0EEBA4BE-A976-4595-AD3B-869CADE89EB9}.AppStore|Any CPU.Build.0 = Release|Any CPU
		{0EEBA4BE-A976-4595-AD3B-869CADE89EB9}.AppStore|Any CPU.Deploy.0 = Release|Any CPU
		{0EEBA4BE-A976-4595-AD3B-869CADE89EB9}.AppStore|ARM.ActiveCfg = Release|Any CPU
		{0EEBA4BE-A976-4595-AD3B-869CADE89EB9}.AppStore|ARM.Build.0 = Release|Any CPU
		{0EEBA4BE-A976-4595-AD3B-869CADE89EB9}.AppStore|ARM.Deploy.0 = Release|Any CPU
		{0EEBA4BE-A976-4595-AD3B-869CADE89EB9}.AppStore|iPhone.ActiveCfg = Release|Any CPU
		{0EEBA4BE-A976-4595-AD3B-869CADE89EB9}.AppStore|iPhone.Build.0 = Release|Any CPU
		{0EEBA4BE-A976-4595-AD3B-869CADE89EB9}.AppStore|iPhone.Deploy.0 = Release|Any CPU
		{0EEBA4BE-A976-4595-AD3B-869CADE89EB9}.AppStore|iPhoneSimulator.ActiveCfg = Release|Any CPU
		{0EEBA4BE-A976-4595-AD3B-869CADE89EB9}.AppStore|iPhoneSimulator.Build.0 = Release|Any CPU
		{0EEBA4BE-A976-4595-AD3B-869CADE89EB9}.AppStore|iPhoneSimulator.Deploy.0 = Release|Any CPU
		{0EEBA4BE-A976-4595-AD3B-869CADE89EB9}.AppStore|x64.ActiveCfg = Release|Any CPU
		{0EEBA4BE-A976-4595-AD3B-869CADE89EB9}.AppStore|x64.Build.0 = Release|Any CPU
		{0EEBA4BE-A976-4595-AD3B-869CADE89EB9}.AppStore|x64.Deploy.0 = Release|Any CPU
		{0EEBA4BE-A976-4595-AD3B-869CADE89EB9}.AppStore|x86.ActiveCfg = Release|Any CPU
		{0EEBA4BE-A976-4595-AD3B-869CADE89EB9}.AppStore|x86.Build.0 = Release|Any CPU
		{0EEBA4BE-A976-4595-AD3B-869CADE89EB9}.AppStore|x86.Deploy.0 = Release|Any CPU
		{0EEBA4BE-A976-4595-AD3B-869CADE89EB9}.Debug|Any CPU.ActiveCfg = Debug|Any CPU
		{0EEBA4BE-A976-4595-AD3B-869CADE89EB9}.Debug|Any CPU.Build.0 = Debug|Any CPU
		{0EEBA4BE-A976-4595-AD3B-869CADE89EB9}.Debug|Any CPU.Deploy.0 = Debug|Any CPU
		{0EEBA4BE-A976-4595-AD3B-869CADE89EB9}.Debug|ARM.ActiveCfg = Debug|Any CPU
		{0EEBA4BE-A976-4595-AD3B-869CADE89EB9}.Debug|ARM.Build.0 = Debug|Any CPU
		{0EEBA4BE-A976-4595-AD3B-869CADE89EB9}.Debug|ARM.Deploy.0 = Debug|Any CPU
		{0EEBA4BE-A976-4595-AD3B-869CADE89EB9}.Debug|iPhone.ActiveCfg = Debug|Any CPU
		{0EEBA4BE-A976-4595-AD3B-869CADE89EB9}.Debug|iPhone.Build.0 = Debug|Any CPU
		{0EEBA4BE-A976-4595-AD3B-869CADE89EB9}.Debug|iPhone.Deploy.0 = Debug|Any CPU
		{0EEBA4BE-A976-4595-AD3B-869CADE89EB9}.Debug|iPhoneSimulator.ActiveCfg = Debug|Any CPU
		{0EEBA4BE-A976-4595-AD3B-869CADE89EB9}.Debug|iPhoneSimulator.Build.0 = Debug|Any CPU
		{0EEBA4BE-A976-4595-AD3B-869CADE89EB9}.Debug|iPhoneSimulator.Deploy.0 = Debug|Any CPU
		{0EEBA4BE-A976-4595-AD3B-869CADE89EB9}.Debug|x64.ActiveCfg = Debug|Any CPU
		{0EEBA4BE-A976-4595-AD3B-869CADE89EB9}.Debug|x64.Build.0 = Debug|Any CPU
		{0EEBA4BE-A976-4595-AD3B-869CADE89EB9}.Debug|x64.Deploy.0 = Debug|Any CPU
		{0EEBA4BE-A976-4595-AD3B-869CADE89EB9}.Debug|x86.ActiveCfg = Debug|Any CPU
		{0EEBA4BE-A976-4595-AD3B-869CADE89EB9}.Debug|x86.Build.0 = Debug|Any CPU
		{0EEBA4BE-A976-4595-AD3B-869CADE89EB9}.Debug|x86.Deploy.0 = Debug|Any CPU
		{0EEBA4BE-A976-4595-AD3B-869CADE89EB9}.Release|Any CPU.ActiveCfg = Release|Any CPU
		{0EEBA4BE-A976-4595-AD3B-869CADE89EB9}.Release|Any CPU.Build.0 = Release|Any CPU
		{0EEBA4BE-A976-4595-AD3B-869CADE89EB9}.Release|Any CPU.Deploy.0 = Release|Any CPU
		{0EEBA4BE-A976-4595-AD3B-869CADE89EB9}.Release|ARM.ActiveCfg = Release|Any CPU
		{0EEBA4BE-A976-4595-AD3B-869CADE89EB9}.Release|ARM.Build.0 = Release|Any CPU
		{0EEBA4BE-A976-4595-AD3B-869CADE89EB9}.Release|ARM.Deploy.0 = Release|Any CPU
		{0EEBA4BE-A976-4595-AD3B-869CADE89EB9}.Release|iPhone.ActiveCfg = Release|Any CPU
		{0EEBA4BE-A976-4595-AD3B-869CADE89EB9}.Release|iPhone.Build.0 = Release|Any CPU
		{0EEBA4BE-A976-4595-AD3B-869CADE89EB9}.Release|iPhone.Deploy.0 = Release|Any CPU
		{0EEBA4BE-A976-4595-AD3B-869CADE89EB9}.Release|iPhoneSimulator.ActiveCfg = Release|Any CPU
		{0EEBA4BE-A976-4595-AD3B-869CADE89EB9}.Release|iPhoneSimulator.Build.0 = Release|Any CPU
		{0EEBA4BE-A976-4595-AD3B-869CADE89EB9}.Release|iPhoneSimulator.Deploy.0 = Release|Any CPU
		{0EEBA4BE-A976-4595-AD3B-869CADE89EB9}.Release|x64.ActiveCfg = Release|Any CPU
		{0EEBA4BE-A976-4595-AD3B-869CADE89EB9}.Release|x64.Build.0 = Release|Any CPU
		{0EEBA4BE-A976-4595-AD3B-869CADE89EB9}.Release|x64.Deploy.0 = Release|Any CPU
		{0EEBA4BE-A976-4595-AD3B-869CADE89EB9}.Release|x86.ActiveCfg = Release|Any CPU
		{0EEBA4BE-A976-4595-AD3B-869CADE89EB9}.Release|x86.Build.0 = Release|Any CPU
		{0EEBA4BE-A976-4595-AD3B-869CADE89EB9}.Release|x86.Deploy.0 = Release|Any CPU
		{8D511ACB-905F-4900-BD35-C6525C46F448}.Ad-Hoc|Any CPU.ActiveCfg = Ad-Hoc|iPhone
		{8D511ACB-905F-4900-BD35-C6525C46F448}.Ad-Hoc|ARM.ActiveCfg = Ad-Hoc|iPhone
		{8D511ACB-905F-4900-BD35-C6525C46F448}.Ad-Hoc|iPhone.ActiveCfg = Ad-Hoc|iPhone
		{8D511ACB-905F-4900-BD35-C6525C46F448}.Ad-Hoc|iPhone.Build.0 = Ad-Hoc|iPhone
		{8D511ACB-905F-4900-BD35-C6525C46F448}.Ad-Hoc|iPhoneSimulator.ActiveCfg = Ad-Hoc|iPhoneSimulator
		{8D511ACB-905F-4900-BD35-C6525C46F448}.Ad-Hoc|iPhoneSimulator.Build.0 = Ad-Hoc|iPhoneSimulator
		{8D511ACB-905F-4900-BD35-C6525C46F448}.Ad-Hoc|x64.ActiveCfg = Ad-Hoc|iPhone
		{8D511ACB-905F-4900-BD35-C6525C46F448}.Ad-Hoc|x86.ActiveCfg = Ad-Hoc|iPhone
		{8D511ACB-905F-4900-BD35-C6525C46F448}.AppStore|Any CPU.ActiveCfg = AppStore|iPhone
		{8D511ACB-905F-4900-BD35-C6525C46F448}.AppStore|ARM.ActiveCfg = AppStore|iPhone
		{8D511ACB-905F-4900-BD35-C6525C46F448}.AppStore|iPhone.ActiveCfg = AppStore|iPhone
		{8D511ACB-905F-4900-BD35-C6525C46F448}.AppStore|iPhone.Build.0 = AppStore|iPhone
		{8D511ACB-905F-4900-BD35-C6525C46F448}.AppStore|iPhoneSimulator.ActiveCfg = AppStore|iPhoneSimulator
		{8D511ACB-905F-4900-BD35-C6525C46F448}.AppStore|iPhoneSimulator.Build.0 = AppStore|iPhoneSimulator
		{8D511ACB-905F-4900-BD35-C6525C46F448}.AppStore|x64.ActiveCfg = AppStore|iPhone
		{8D511ACB-905F-4900-BD35-C6525C46F448}.AppStore|x86.ActiveCfg = AppStore|iPhone
		{8D511ACB-905F-4900-BD35-C6525C46F448}.Debug|Any CPU.ActiveCfg = Debug|iPhone
		{8D511ACB-905F-4900-BD35-C6525C46F448}.Debug|ARM.ActiveCfg = Debug|iPhone
		{8D511ACB-905F-4900-BD35-C6525C46F448}.Debug|iPhone.ActiveCfg = Debug|iPhone
		{8D511ACB-905F-4900-BD35-C6525C46F448}.Debug|iPhone.Build.0 = Debug|iPhone
		{8D511ACB-905F-4900-BD35-C6525C46F448}.Debug|iPhoneSimulator.ActiveCfg = Debug|iPhoneSimulator
		{8D511ACB-905F-4900-BD35-C6525C46F448}.Debug|iPhoneSimulator.Build.0 = Debug|iPhoneSimulator
		{8D511ACB-905F-4900-BD35-C6525C46F448}.Debug|x64.ActiveCfg = Debug|iPhone
		{8D511ACB-905F-4900-BD35-C6525C46F448}.Debug|x86.ActiveCfg = Debug|iPhone
		{8D511ACB-905F-4900-BD35-C6525C46F448}.Release|Any CPU.ActiveCfg = Release|iPhone
		{8D511ACB-905F-4900-BD35-C6525C46F448}.Release|ARM.ActiveCfg = Release|iPhone
		{8D511ACB-905F-4900-BD35-C6525C46F448}.Release|iPhone.ActiveCfg = Release|iPhone
		{8D511ACB-905F-4900-BD35-C6525C46F448}.Release|iPhone.Build.0 = Release|iPhone
		{8D511ACB-905F-4900-BD35-C6525C46F448}.Release|iPhoneSimulator.ActiveCfg = Release|iPhoneSimulator
		{8D511ACB-905F-4900-BD35-C6525C46F448}.Release|iPhoneSimulator.Build.0 = Release|iPhoneSimulator
		{8D511ACB-905F-4900-BD35-C6525C46F448}.Release|x64.ActiveCfg = Release|iPhone
		{8D511ACB-905F-4900-BD35-C6525C46F448}.Release|x86.ActiveCfg = Release|iPhone
		{472818F6-352C-4738-9972-4455A947A081}.Ad-Hoc|Any CPU.ActiveCfg = Release|Any CPU
		{472818F6-352C-4738-9972-4455A947A081}.Ad-Hoc|Any CPU.Build.0 = Release|Any CPU
		{472818F6-352C-4738-9972-4455A947A081}.Ad-Hoc|ARM.ActiveCfg = Release|Any CPU
		{472818F6-352C-4738-9972-4455A947A081}.Ad-Hoc|ARM.Build.0 = Release|Any CPU
		{472818F6-352C-4738-9972-4455A947A081}.Ad-Hoc|iPhone.ActiveCfg = Release|Any CPU
		{472818F6-352C-4738-9972-4455A947A081}.Ad-Hoc|iPhone.Build.0 = Release|Any CPU
		{472818F6-352C-4738-9972-4455A947A081}.Ad-Hoc|iPhoneSimulator.ActiveCfg = Release|Any CPU
		{472818F6-352C-4738-9972-4455A947A081}.Ad-Hoc|iPhoneSimulator.Build.0 = Release|Any CPU
		{472818F6-352C-4738-9972-4455A947A081}.Ad-Hoc|x64.ActiveCfg = Release|Any CPU
		{472818F6-352C-4738-9972-4455A947A081}.Ad-Hoc|x64.Build.0 = Release|Any CPU
		{472818F6-352C-4738-9972-4455A947A081}.Ad-Hoc|x86.ActiveCfg = Release|Any CPU
		{472818F6-352C-4738-9972-4455A947A081}.Ad-Hoc|x86.Build.0 = Release|Any CPU
		{472818F6-352C-4738-9972-4455A947A081}.AppStore|Any CPU.ActiveCfg = Release|Any CPU
		{472818F6-352C-4738-9972-4455A947A081}.AppStore|Any CPU.Build.0 = Release|Any CPU
		{472818F6-352C-4738-9972-4455A947A081}.AppStore|ARM.ActiveCfg = Release|Any CPU
		{472818F6-352C-4738-9972-4455A947A081}.AppStore|ARM.Build.0 = Release|Any CPU
		{472818F6-352C-4738-9972-4455A947A081}.AppStore|iPhone.ActiveCfg = Release|Any CPU
		{472818F6-352C-4738-9972-4455A947A081}.AppStore|iPhone.Build.0 = Release|Any CPU
		{472818F6-352C-4738-9972-4455A947A081}.AppStore|iPhoneSimulator.ActiveCfg = Release|Any CPU
		{472818F6-352C-4738-9972-4455A947A081}.AppStore|iPhoneSimulator.Build.0 = Release|Any CPU
		{472818F6-352C-4738-9972-4455A947A081}.AppStore|x64.ActiveCfg = Release|Any CPU
		{472818F6-352C-4738-9972-4455A947A081}.AppStore|x64.Build.0 = Release|Any CPU
		{472818F6-352C-4738-9972-4455A947A081}.AppStore|x86.ActiveCfg = Release|Any CPU
		{472818F6-352C-4738-9972-4455A947A081}.AppStore|x86.Build.0 = Release|Any CPU
		{472818F6-352C-4738-9972-4455A947A081}.Debug|Any CPU.ActiveCfg = Debug|Any CPU
		{472818F6-352C-4738-9972-4455A947A081}.Debug|Any CPU.Build.0 = Debug|Any CPU
		{472818F6-352C-4738-9972-4455A947A081}.Debug|ARM.ActiveCfg = Debug|Any CPU
		{472818F6-352C-4738-9972-4455A947A081}.Debug|ARM.Build.0 = Debug|Any CPU
		{472818F6-352C-4738-9972-4455A947A081}.Debug|iPhone.ActiveCfg = Debug|Any CPU
		{472818F6-352C-4738-9972-4455A947A081}.Debug|iPhone.Build.0 = Debug|Any CPU
		{472818F6-352C-4738-9972-4455A947A081}.Debug|iPhoneSimulator.ActiveCfg = Debug|Any CPU
		{472818F6-352C-4738-9972-4455A947A081}.Debug|iPhoneSimulator.Build.0 = Debug|Any CPU
		{472818F6-352C-4738-9972-4455A947A081}.Debug|x64.ActiveCfg = Debug|Any CPU
		{472818F6-352C-4738-9972-4455A947A081}.Debug|x64.Build.0 = Debug|Any CPU
		{472818F6-352C-4738-9972-4455A947A081}.Debug|x86.ActiveCfg = Debug|Any CPU
		{472818F6-352C-4738-9972-4455A947A081}.Debug|x86.Build.0 = Debug|Any CPU
		{472818F6-352C-4738-9972-4455A947A081}.Release|Any CPU.ActiveCfg = Release|Any CPU
		{472818F6-352C-4738-9972-4455A947A081}.Release|Any CPU.Build.0 = Release|Any CPU
		{472818F6-352C-4738-9972-4455A947A081}.Release|ARM.ActiveCfg = Release|Any CPU
		{472818F6-352C-4738-9972-4455A947A081}.Release|ARM.Build.0 = Release|Any CPU
		{472818F6-352C-4738-9972-4455A947A081}.Release|iPhone.ActiveCfg = Release|Any CPU
		{472818F6-352C-4738-9972-4455A947A081}.Release|iPhone.Build.0 = Release|Any CPU
		{472818F6-352C-4738-9972-4455A947A081}.Release|iPhoneSimulator.ActiveCfg = Release|Any CPU
		{472818F6-352C-4738-9972-4455A947A081}.Release|iPhoneSimulator.Build.0 = Release|Any CPU
		{472818F6-352C-4738-9972-4455A947A081}.Release|x64.ActiveCfg = Release|Any CPU
		{472818F6-352C-4738-9972-4455A947A081}.Release|x64.Build.0 = Release|Any CPU
		{472818F6-352C-4738-9972-4455A947A081}.Release|x86.ActiveCfg = Release|Any CPU
		{472818F6-352C-4738-9972-4455A947A081}.Release|x86.Build.0 = Release|Any CPU
	EndGlobalSection
	GlobalSection(SolutionProperties) = preSolution
		HideSolutionNode = FALSE
	EndGlobalSection
EndGlobal
