
Microsoft Visual Studio Solution File, Format Version 12.00
# Visual Studio 14
VisualStudioVersion = 14.0.25420.1
MinimumVisualStudioVersion = 10.0.40219.1
Project("{FAE04EC0-301F-11D3-BF4B-00C04F79EFBC}") = "MVVMOpgave2.Droid", "MVVMOpgave2\MVVMOpgave2.Droid\MVVMOpgave2.Droid.csproj", "{937F0EA2-2663-44ED-AF85-9C06103C3927}"
EndProject
Project("{FAE04EC0-301F-11D3-BF4B-00C04F79EFBC}") = "MVVMOpgave2.iOS", "MVVMOpgave2\MVVMOpgave2.iOS\MVVMOpgave2.iOS.csproj", "{BA36538E-6EDA-4AA8-9F46-9D45FECF589A}"
EndProject
Project("{FAE04EC0-301F-11D3-BF4B-00C04F79EFBC}") = "MVVMOpgave2.WinPhone", "MVVMOpgave2\MVVMOpgave2.WinPhone\MVVMOpgave2.WinPhone.csproj", "{112E2AA0-1DB7-4720-A249-E017D6B0CA69}"
EndProject
Project("{FAE04EC0-301F-11D3-BF4B-00C04F79EFBC}") = "MVVMOpgave2.Windows", "MVVMOpgave2\MVVMOpgave2.Windows\MVVMOpgave2.Windows.csproj", "{84083838-EF47-4835-AB61-7A8F6E106528}"
EndProject
Project("{FAE04EC0-301F-11D3-BF4B-00C04F79EFBC}") = "MVVMOpgave2", "MVVMOpgave2\MVVMOpgave2\MVVMOpgave2.csproj", "{6D1A24F3-EA29-4272-8108-A8483148AC2A}"
EndProject
Global
	GlobalSection(SolutionConfigurationPlatforms) = preSolution
		Ad-Hoc|Any CPU = Ad-Hoc|Any CPU
		Ad-Hoc|ARM = Ad-Hoc|ARM
		Ad-Hoc|iPhone = Ad-Hoc|iPhone
		Ad-Hoc|iPhoneSimulator = Ad-Hoc|iPhoneSimulator
		Ad-Hoc|x64 = Ad-Hoc|x64
		Ad-Hoc|x86 = Ad-Hoc|x86
		AppStore|Any CPU = AppStore|Any CPU
		AppStore|ARM = AppStore|ARM
		AppStore|iPhone = AppStore|iPhone
		AppStore|iPhoneSimulator = AppStore|iPhoneSimulator
		AppStore|x64 = AppStore|x64
		AppStore|x86 = AppStore|x86
		Debug|Any CPU = Debug|Any CPU
		Debug|ARM = Debug|ARM
		Debug|iPhone = Debug|iPhone
		Debug|iPhoneSimulator = Debug|iPhoneSimulator
		Debug|x64 = Debug|x64
		Debug|x86 = Debug|x86
		Release|Any CPU = Release|Any CPU
		Release|ARM = Release|ARM
		Release|iPhone = Release|iPhone
		Release|iPhoneSimulator = Release|iPhoneSimulator
		Release|x64 = Release|x64
		Release|x86 = Release|x86
	EndGlobalSection
	GlobalSection(ProjectConfigurationPlatforms) = postSolution
		{937F0EA2-2663-44ED-AF85-9C06103C3927}.Ad-Hoc|Any CPU.ActiveCfg = Release|Any CPU
		{937F0EA2-2663-44ED-AF85-9C06103C3927}.Ad-Hoc|Any CPU.Build.0 = Release|Any CPU
		{937F0EA2-2663-44ED-AF85-9C06103C3927}.Ad-Hoc|Any CPU.Deploy.0 = Release|Any CPU
		{937F0EA2-2663-44ED-AF85-9C06103C3927}.Ad-Hoc|ARM.ActiveCfg = Release|Any CPU
		{937F0EA2-2663-44ED-AF85-9C06103C3927}.Ad-Hoc|ARM.Build.0 = Release|Any CPU
		{937F0EA2-2663-44ED-AF85-9C06103C3927}.Ad-Hoc|ARM.Deploy.0 = Release|Any CPU
		{937F0EA2-2663-44ED-AF85-9C06103C3927}.Ad-Hoc|iPhone.ActiveCfg = Release|Any CPU
		{937F0EA2-2663-44ED-AF85-9C06103C3927}.Ad-Hoc|iPhone.Build.0 = Release|Any CPU
		{937F0EA2-2663-44ED-AF85-9C06103C3927}.Ad-Hoc|iPhone.Deploy.0 = Release|Any CPU
		{937F0EA2-2663-44ED-AF85-9C06103C3927}.Ad-Hoc|iPhoneSimulator.ActiveCfg = Release|Any CPU
		{937F0EA2-2663-44ED-AF85-9C06103C3927}.Ad-Hoc|iPhoneSimulator.Build.0 = Release|Any CPU
		{937F0EA2-2663-44ED-AF85-9C06103C3927}.Ad-Hoc|iPhoneSimulator.Deploy.0 = Release|Any CPU
		{937F0EA2-2663-44ED-AF85-9C06103C3927}.Ad-Hoc|x64.ActiveCfg = Release|Any CPU
		{937F0EA2-2663-44ED-AF85-9C06103C3927}.Ad-Hoc|x64.Build.0 = Release|Any CPU
		{937F0EA2-2663-44ED-AF85-9C06103C3927}.Ad-Hoc|x64.Deploy.0 = Release|Any CPU
		{937F0EA2-2663-44ED-AF85-9C06103C3927}.Ad-Hoc|x86.ActiveCfg = Release|Any CPU
		{937F0EA2-2663-44ED-AF85-9C06103C3927}.Ad-Hoc|x86.Build.0 = Release|Any CPU
		{937F0EA2-2663-44ED-AF85-9C06103C3927}.Ad-Hoc|x86.Deploy.0 = Release|Any CPU
		{937F0EA2-2663-44ED-AF85-9C06103C3927}.AppStore|Any CPU.ActiveCfg = Release|Any CPU
		{937F0EA2-2663-44ED-AF85-9C06103C3927}.AppStore|Any CPU.Build.0 = Release|Any CPU
		{937F0EA2-2663-44ED-AF85-9C06103C3927}.AppStore|Any CPU.Deploy.0 = Release|Any CPU
		{937F0EA2-2663-44ED-AF85-9C06103C3927}.AppStore|ARM.ActiveCfg = Release|Any CPU
		{937F0EA2-2663-44ED-AF85-9C06103C3927}.AppStore|ARM.Build.0 = Release|Any CPU
		{937F0EA2-2663-44ED-AF85-9C06103C3927}.AppStore|ARM.Deploy.0 = Release|Any CPU
		{937F0EA2-2663-44ED-AF85-9C06103C3927}.AppStore|iPhone.ActiveCfg = Release|Any CPU
		{937F0EA2-2663-44ED-AF85-9C06103C3927}.AppStore|iPhone.Build.0 = Release|Any CPU
		{937F0EA2-2663-44ED-AF85-9C06103C3927}.AppStore|iPhone.Deploy.0 = Release|Any CPU
		{937F0EA2-2663-44ED-AF85-9C06103C3927}.AppStore|iPhoneSimulator.ActiveCfg = Release|Any CPU
		{937F0EA2-2663-44ED-AF85-9C06103C3927}.AppStore|iPhoneSimulator.Build.0 = Release|Any CPU
		{937F0EA2-2663-44ED-AF85-9C06103C3927}.AppStore|iPhoneSimulator.Deploy.0 = Release|Any CPU
		{937F0EA2-2663-44ED-AF85-9C06103C3927}.AppStore|x64.ActiveCfg = Release|Any CPU
		{937F0EA2-2663-44ED-AF85-9C06103C3927}.AppStore|x64.Build.0 = Release|Any CPU
		{937F0EA2-2663-44ED-AF85-9C06103C3927}.AppStore|x64.Deploy.0 = Release|Any CPU
		{937F0EA2-2663-44ED-AF85-9C06103C3927}.AppStore|x86.ActiveCfg = Release|Any CPU
		{937F0EA2-2663-44ED-AF85-9C06103C3927}.AppStore|x86.Build.0 = Release|Any CPU
		{937F0EA2-2663-44ED-AF85-9C06103C3927}.AppStore|x86.Deploy.0 = Release|Any CPU
		{937F0EA2-2663-44ED-AF85-9C06103C3927}.Debug|Any CPU.ActiveCfg = Debug|Any CPU
		{937F0EA2-2663-44ED-AF85-9C06103C3927}.Debug|Any CPU.Build.0 = Debug|Any CPU
		{937F0EA2-2663-44ED-AF85-9C06103C3927}.Debug|Any CPU.Deploy.0 = Debug|Any CPU
		{937F0EA2-2663-44ED-AF85-9C06103C3927}.Debug|ARM.ActiveCfg = Debug|Any CPU
		{937F0EA2-2663-44ED-AF85-9C06103C3927}.Debug|ARM.Build.0 = Debug|Any CPU
		{937F0EA2-2663-44ED-AF85-9C06103C3927}.Debug|ARM.Deploy.0 = Debug|Any CPU
		{937F0EA2-2663-44ED-AF85-9C06103C3927}.Debug|iPhone.ActiveCfg = Debug|Any CPU
		{937F0EA2-2663-44ED-AF85-9C06103C3927}.Debug|iPhone.Build.0 = Debug|Any CPU
		{937F0EA2-2663-44ED-AF85-9C06103C3927}.Debug|iPhone.Deploy.0 = Debug|Any CPU
		{937F0EA2-2663-44ED-AF85-9C06103C3927}.Debug|iPhoneSimulator.ActiveCfg = Debug|Any CPU
		{937F0EA2-2663-44ED-AF85-9C06103C3927}.Debug|iPhoneSimulator.Build.0 = Debug|Any CPU
		{937F0EA2-2663-44ED-AF85-9C06103C3927}.Debug|iPhoneSimulator.Deploy.0 = Debug|Any CPU
		{937F0EA2-2663-44ED-AF85-9C06103C3927}.Debug|x64.ActiveCfg = Debug|Any CPU
		{937F0EA2-2663-44ED-AF85-9C06103C3927}.Debug|x64.Build.0 = Debug|Any CPU
		{937F0EA2-2663-44ED-AF85-9C06103C3927}.Debug|x64.Deploy.0 = Debug|Any CPU
		{937F0EA2-2663-44ED-AF85-9C06103C3927}.Debug|x86.ActiveCfg = Debug|Any CPU
		{937F0EA2-2663-44ED-AF85-9C06103C3927}.Debug|x86.Build.0 = Debug|Any CPU
		{937F0EA2-2663-44ED-AF85-9C06103C3927}.Debug|x86.Deploy.0 = Debug|Any CPU
		{937F0EA2-2663-44ED-AF85-9C06103C3927}.Release|Any CPU.ActiveCfg = Release|Any CPU
		{937F0EA2-2663-44ED-AF85-9C06103C3927}.Release|Any CPU.Build.0 = Release|Any CPU
		{937F0EA2-2663-44ED-AF85-9C06103C3927}.Release|Any CPU.Deploy.0 = Release|Any CPU
		{937F0EA2-2663-44ED-AF85-9C06103C3927}.Release|ARM.ActiveCfg = Release|Any CPU
		{937F0EA2-2663-44ED-AF85-9C06103C3927}.Release|ARM.Build.0 = Release|Any CPU
		{937F0EA2-2663-44ED-AF85-9C06103C3927}.Release|ARM.Deploy.0 = Release|Any CPU
		{937F0EA2-2663-44ED-AF85-9C06103C3927}.Release|iPhone.ActiveCfg = Release|Any CPU
		{937F0EA2-2663-44ED-AF85-9C06103C3927}.Release|iPhone.Build.0 = Release|Any CPU
		{937F0EA2-2663-44ED-AF85-9C06103C3927}.Release|iPhone.Deploy.0 = Release|Any CPU
		{937F0EA2-2663-44ED-AF85-9C06103C3927}.Release|iPhoneSimulator.ActiveCfg = Release|Any CPU
		{937F0EA2-2663-44ED-AF85-9C06103C3927}.Release|iPhoneSimulator.Build.0 = Release|Any CPU
		{937F0EA2-2663-44ED-AF85-9C06103C3927}.Release|iPhoneSimulator.Deploy.0 = Release|Any CPU
		{937F0EA2-2663-44ED-AF85-9C06103C3927}.Release|x64.ActiveCfg = Release|Any CPU
		{937F0EA2-2663-44ED-AF85-9C06103C3927}.Release|x64.Build.0 = Release|Any CPU
		{937F0EA2-2663-44ED-AF85-9C06103C3927}.Release|x64.Deploy.0 = Release|Any CPU
		{937F0EA2-2663-44ED-AF85-9C06103C3927}.Release|x86.ActiveCfg = Release|Any CPU
		{937F0EA2-2663-44ED-AF85-9C06103C3927}.Release|x86.Build.0 = Release|Any CPU
		{937F0EA2-2663-44ED-AF85-9C06103C3927}.Release|x86.Deploy.0 = Release|Any CPU
		{BA36538E-6EDA-4AA8-9F46-9D45FECF589A}.Ad-Hoc|Any CPU.ActiveCfg = Ad-Hoc|iPhone
		{BA36538E-6EDA-4AA8-9F46-9D45FECF589A}.Ad-Hoc|ARM.ActiveCfg = Ad-Hoc|iPhone
		{BA36538E-6EDA-4AA8-9F46-9D45FECF589A}.Ad-Hoc|iPhone.ActiveCfg = Ad-Hoc|iPhone
		{BA36538E-6EDA-4AA8-9F46-9D45FECF589A}.Ad-Hoc|iPhone.Build.0 = Ad-Hoc|iPhone
		{BA36538E-6EDA-4AA8-9F46-9D45FECF589A}.Ad-Hoc|iPhoneSimulator.ActiveCfg = Ad-Hoc|iPhoneSimulator
		{BA36538E-6EDA-4AA8-9F46-9D45FECF589A}.Ad-Hoc|iPhoneSimulator.Build.0 = Ad-Hoc|iPhoneSimulator
		{BA36538E-6EDA-4AA8-9F46-9D45FECF589A}.Ad-Hoc|x64.ActiveCfg = Ad-Hoc|iPhone
		{BA36538E-6EDA-4AA8-9F46-9D45FECF589A}.Ad-Hoc|x86.ActiveCfg = Ad-Hoc|iPhone
		{BA36538E-6EDA-4AA8-9F46-9D45FECF589A}.AppStore|Any CPU.ActiveCfg = AppStore|iPhone
		{BA36538E-6EDA-4AA8-9F46-9D45FECF589A}.AppStore|ARM.ActiveCfg = AppStore|iPhone
		{BA36538E-6EDA-4AA8-9F46-9D45FECF589A}.AppStore|iPhone.ActiveCfg = AppStore|iPhone
		{BA36538E-6EDA-4AA8-9F46-9D45FECF589A}.AppStore|iPhone.Build.0 = AppStore|iPhone
		{BA36538E-6EDA-4AA8-9F46-9D45FECF589A}.AppStore|iPhoneSimulator.ActiveCfg = AppStore|iPhoneSimulator
		{BA36538E-6EDA-4AA8-9F46-9D45FECF589A}.AppStore|iPhoneSimulator.Build.0 = AppStore|iPhoneSimulator
		{BA36538E-6EDA-4AA8-9F46-9D45FECF589A}.AppStore|x64.ActiveCfg = AppStore|iPhone
		{BA36538E-6EDA-4AA8-9F46-9D45FECF589A}.AppStore|x86.ActiveCfg = AppStore|iPhone
		{BA36538E-6EDA-4AA8-9F46-9D45FECF589A}.Debug|Any CPU.ActiveCfg = Debug|iPhone
		{BA36538E-6EDA-4AA8-9F46-9D45FECF589A}.Debug|ARM.ActiveCfg = Debug|iPhone
		{BA36538E-6EDA-4AA8-9F46-9D45FECF589A}.Debug|iPhone.ActiveCfg = Debug|iPhone
		{BA36538E-6EDA-4AA8-9F46-9D45FECF589A}.Debug|iPhone.Build.0 = Debug|iPhone
		{BA36538E-6EDA-4AA8-9F46-9D45FECF589A}.Debug|iPhoneSimulator.ActiveCfg = Debug|iPhoneSimulator
		{BA36538E-6EDA-4AA8-9F46-9D45FECF589A}.Debug|iPhoneSimulator.Build.0 = Debug|iPhoneSimulator
		{BA36538E-6EDA-4AA8-9F46-9D45FECF589A}.Debug|x64.ActiveCfg = Debug|iPhone
		{BA36538E-6EDA-4AA8-9F46-9D45FECF589A}.Debug|x86.ActiveCfg = Debug|iPhone
		{BA36538E-6EDA-4AA8-9F46-9D45FECF589A}.Release|Any CPU.ActiveCfg = Release|iPhone
		{BA36538E-6EDA-4AA8-9F46-9D45FECF589A}.Release|ARM.ActiveCfg = Release|iPhone
		{BA36538E-6EDA-4AA8-9F46-9D45FECF589A}.Release|iPhone.ActiveCfg = Release|iPhone
		{BA36538E-6EDA-4AA8-9F46-9D45FECF589A}.Release|iPhone.Build.0 = Release|iPhone
		{BA36538E-6EDA-4AA8-9F46-9D45FECF589A}.Release|iPhoneSimulator.ActiveCfg = Release|iPhoneSimulator
		{BA36538E-6EDA-4AA8-9F46-9D45FECF589A}.Release|iPhoneSimulator.Build.0 = Release|iPhoneSimulator
		{BA36538E-6EDA-4AA8-9F46-9D45FECF589A}.Release|x64.ActiveCfg = Release|iPhone
		{BA36538E-6EDA-4AA8-9F46-9D45FECF589A}.Release|x86.ActiveCfg = Release|iPhone
		{112E2AA0-1DB7-4720-A249-E017D6B0CA69}.Ad-Hoc|Any CPU.ActiveCfg = Release|Any CPU
		{112E2AA0-1DB7-4720-A249-E017D6B0CA69}.Ad-Hoc|Any CPU.Build.0 = Release|Any CPU
		{112E2AA0-1DB7-4720-A249-E017D6B0CA69}.Ad-Hoc|Any CPU.Deploy.0 = Release|Any CPU
		{112E2AA0-1DB7-4720-A249-E017D6B0CA69}.Ad-Hoc|ARM.ActiveCfg = Release|ARM
		{112E2AA0-1DB7-4720-A249-E017D6B0CA69}.Ad-Hoc|ARM.Build.0 = Release|ARM
		{112E2AA0-1DB7-4720-A249-E017D6B0CA69}.Ad-Hoc|ARM.Deploy.0 = Release|ARM
		{112E2AA0-1DB7-4720-A249-E017D6B0CA69}.Ad-Hoc|iPhone.ActiveCfg = Release|Any CPU
		{112E2AA0-1DB7-4720-A249-E017D6B0CA69}.Ad-Hoc|iPhone.Build.0 = Release|Any CPU
		{112E2AA0-1DB7-4720-A249-E017D6B0CA69}.Ad-Hoc|iPhone.Deploy.0 = Release|Any CPU
		{112E2AA0-1DB7-4720-A249-E017D6B0CA69}.Ad-Hoc|iPhoneSimulator.ActiveCfg = Release|Any CPU
		{112E2AA0-1DB7-4720-A249-E017D6B0CA69}.Ad-Hoc|iPhoneSimulator.Build.0 = Release|Any CPU
		{112E2AA0-1DB7-4720-A249-E017D6B0CA69}.Ad-Hoc|iPhoneSimulator.Deploy.0 = Release|Any CPU
		{112E2AA0-1DB7-4720-A249-E017D6B0CA69}.Ad-Hoc|x64.ActiveCfg = Release|Any CPU
		{112E2AA0-1DB7-4720-A249-E017D6B0CA69}.Ad-Hoc|x64.Build.0 = Release|Any CPU
		{112E2AA0-1DB7-4720-A249-E017D6B0CA69}.Ad-Hoc|x64.Deploy.0 = Release|Any CPU
		{112E2AA0-1DB7-4720-A249-E017D6B0CA69}.Ad-Hoc|x86.ActiveCfg = Release|x86
		{112E2AA0-1DB7-4720-A249-E017D6B0CA69}.Ad-Hoc|x86.Build.0 = Release|x86
		{112E2AA0-1DB7-4720-A249-E017D6B0CA69}.Ad-Hoc|x86.Deploy.0 = Release|x86
		{112E2AA0-1DB7-4720-A249-E017D6B0CA69}.AppStore|Any CPU.ActiveCfg = Release|Any CPU
		{112E2AA0-1DB7-4720-A249-E017D6B0CA69}.AppStore|Any CPU.Build.0 = Release|Any CPU
		{112E2AA0-1DB7-4720-A249-E017D6B0CA69}.AppStore|Any CPU.Deploy.0 = Release|Any CPU
		{112E2AA0-1DB7-4720-A249-E017D6B0CA69}.AppStore|ARM.ActiveCfg = Release|ARM
		{112E2AA0-1DB7-4720-A249-E017D6B0CA69}.AppStore|ARM.Build.0 = Release|ARM
		{112E2AA0-1DB7-4720-A249-E017D6B0CA69}.AppStore|ARM.Deploy.0 = Release|ARM
		{112E2AA0-1DB7-4720-A249-E017D6B0CA69}.AppStore|iPhone.ActiveCfg = Release|Any CPU
		{112E2AA0-1DB7-4720-A249-E017D6B0CA69}.AppStore|iPhone.Build.0 = Release|Any CPU
		{112E2AA0-1DB7-4720-A249-E017D6B0CA69}.AppStore|iPhone.Deploy.0 = Release|Any CPU
		{112E2AA0-1DB7-4720-A249-E017D6B0CA69}.AppStore|iPhoneSimulator.ActiveCfg = Release|Any CPU
		{112E2AA0-1DB7-4720-A249-E017D6B0CA69}.AppStore|iPhoneSimulator.Build.0 = Release|Any CPU
		{112E2AA0-1DB7-4720-A249-E017D6B0CA69}.AppStore|iPhoneSimulator.Deploy.0 = Release|Any CPU
		{112E2AA0-1DB7-4720-A249-E017D6B0CA69}.AppStore|x64.ActiveCfg = Release|Any CPU
		{112E2AA0-1DB7-4720-A249-E017D6B0CA69}.AppStore|x64.Build.0 = Release|Any CPU
		{112E2AA0-1DB7-4720-A249-E017D6B0CA69}.AppStore|x64.Deploy.0 = Release|Any CPU
		{112E2AA0-1DB7-4720-A249-E017D6B0CA69}.AppStore|x86.ActiveCfg = Release|x86
		{112E2AA0-1DB7-4720-A249-E017D6B0CA69}.AppStore|x86.Build.0 = Release|x86
		{112E2AA0-1DB7-4720-A249-E017D6B0CA69}.AppStore|x86.Deploy.0 = Release|x86
		{112E2AA0-1DB7-4720-A249-E017D6B0CA69}.Debug|Any CPU.ActiveCfg = Debug|Any CPU
		{112E2AA0-1DB7-4720-A249-E017D6B0CA69}.Debug|Any CPU.Build.0 = Debug|Any CPU
		{112E2AA0-1DB7-4720-A249-E017D6B0CA69}.Debug|Any CPU.Deploy.0 = Debug|Any CPU
		{112E2AA0-1DB7-4720-A249-E017D6B0CA69}.Debug|ARM.ActiveCfg = Debug|ARM
		{112E2AA0-1DB7-4720-A249-E017D6B0CA69}.Debug|ARM.Build.0 = Debug|ARM
		{112E2AA0-1DB7-4720-A249-E017D6B0CA69}.Debug|ARM.Deploy.0 = Debug|ARM
		{112E2AA0-1DB7-4720-A249-E017D6B0CA69}.Debug|iPhone.ActiveCfg = Debug|Any CPU
		{112E2AA0-1DB7-4720-A249-E017D6B0CA69}.Debug|iPhone.Build.0 = Debug|Any CPU
		{112E2AA0-1DB7-4720-A249-E017D6B0CA69}.Debug|iPhone.Deploy.0 = Debug|Any CPU
		{112E2AA0-1DB7-4720-A249-E017D6B0CA69}.Debug|iPhoneSimulator.ActiveCfg = Debug|Any CPU
		{112E2AA0-1DB7-4720-A249-E017D6B0CA69}.Debug|iPhoneSimulator.Build.0 = Debug|Any CPU
		{112E2AA0-1DB7-4720-A249-E017D6B0CA69}.Debug|iPhoneSimulator.Deploy.0 = Debug|Any CPU
		{112E2AA0-1DB7-4720-A249-E017D6B0CA69}.Debug|x64.ActiveCfg = Debug|Any CPU
		{112E2AA0-1DB7-4720-A249-E017D6B0CA69}.Debug|x64.Build.0 = Debug|Any CPU
		{112E2AA0-1DB7-4720-A249-E017D6B0CA69}.Debug|x64.Deploy.0 = Debug|Any CPU
		{112E2AA0-1DB7-4720-A249-E017D6B0CA69}.Debug|x86.ActiveCfg = Debug|x86
		{112E2AA0-1DB7-4720-A249-E017D6B0CA69}.Debug|x86.Build.0 = Debug|x86
		{112E2AA0-1DB7-4720-A249-E017D6B0CA69}.Debug|x86.Deploy.0 = Debug|x86
		{112E2AA0-1DB7-4720-A249-E017D6B0CA69}.Release|Any CPU.ActiveCfg = Release|Any CPU
		{112E2AA0-1DB7-4720-A249-E017D6B0CA69}.Release|Any CPU.Build.0 = Release|Any CPU
		{112E2AA0-1DB7-4720-A249-E017D6B0CA69}.Release|Any CPU.Deploy.0 = Release|Any CPU
		{112E2AA0-1DB7-4720-A249-E017D6B0CA69}.Release|ARM.ActiveCfg = Release|ARM
		{112E2AA0-1DB7-4720-A249-E017D6B0CA69}.Release|ARM.Build.0 = Release|ARM
		{112E2AA0-1DB7-4720-A249-E017D6B0CA69}.Release|ARM.Deploy.0 = Release|ARM
		{112E2AA0-1DB7-4720-A249-E017D6B0CA69}.Release|iPhone.ActiveCfg = Release|Any CPU
		{112E2AA0-1DB7-4720-A249-E017D6B0CA69}.Release|iPhone.Build.0 = Release|Any CPU
		{112E2AA0-1DB7-4720-A249-E017D6B0CA69}.Release|iPhone.Deploy.0 = Release|Any CPU
		{112E2AA0-1DB7-4720-A249-E017D6B0CA69}.Release|iPhoneSimulator.ActiveCfg = Release|Any CPU
		{112E2AA0-1DB7-4720-A249-E017D6B0CA69}.Release|iPhoneSimulator.Build.0 = Release|Any CPU
		{112E2AA0-1DB7-4720-A249-E017D6B0CA69}.Release|iPhoneSimulator.Deploy.0 = Release|Any CPU
		{112E2AA0-1DB7-4720-A249-E017D6B0CA69}.Release|x64.ActiveCfg = Release|Any CPU
		{112E2AA0-1DB7-4720-A249-E017D6B0CA69}.Release|x64.Build.0 = Release|Any CPU
		{112E2AA0-1DB7-4720-A249-E017D6B0CA69}.Release|x64.Deploy.0 = Release|Any CPU
		{112E2AA0-1DB7-4720-A249-E017D6B0CA69}.Release|x86.ActiveCfg = Release|x86
		{112E2AA0-1DB7-4720-A249-E017D6B0CA69}.Release|x86.Build.0 = Release|x86
		{112E2AA0-1DB7-4720-A249-E017D6B0CA69}.Release|x86.Deploy.0 = Release|x86
		{84083838-EF47-4835-AB61-7A8F6E106528}.Ad-Hoc|Any CPU.ActiveCfg = Release|Any CPU
		{84083838-EF47-4835-AB61-7A8F6E106528}.Ad-Hoc|Any CPU.Build.0 = Release|Any CPU
		{84083838-EF47-4835-AB61-7A8F6E106528}.Ad-Hoc|Any CPU.Deploy.0 = Release|Any CPU
		{84083838-EF47-4835-AB61-7A8F6E106528}.Ad-Hoc|ARM.ActiveCfg = Release|ARM
		{84083838-EF47-4835-AB61-7A8F6E106528}.Ad-Hoc|ARM.Build.0 = Release|ARM
		{84083838-EF47-4835-AB61-7A8F6E106528}.Ad-Hoc|ARM.Deploy.0 = Release|ARM
		{84083838-EF47-4835-AB61-7A8F6E106528}.Ad-Hoc|iPhone.ActiveCfg = Release|Any CPU
		{84083838-EF47-4835-AB61-7A8F6E106528}.Ad-Hoc|iPhone.Build.0 = Release|Any CPU
		{84083838-EF47-4835-AB61-7A8F6E106528}.Ad-Hoc|iPhone.Deploy.0 = Release|Any CPU
		{84083838-EF47-4835-AB61-7A8F6E106528}.Ad-Hoc|iPhoneSimulator.ActiveCfg = Release|Any CPU
		{84083838-EF47-4835-AB61-7A8F6E106528}.Ad-Hoc|iPhoneSimulator.Build.0 = Release|Any CPU
		{84083838-EF47-4835-AB61-7A8F6E106528}.Ad-Hoc|iPhoneSimulator.Deploy.0 = Release|Any CPU
		{84083838-EF47-4835-AB61-7A8F6E106528}.Ad-Hoc|x64.ActiveCfg = Release|x64
		{84083838-EF47-4835-AB61-7A8F6E106528}.Ad-Hoc|x64.Build.0 = Release|x64
		{84083838-EF47-4835-AB61-7A8F6E106528}.Ad-Hoc|x64.Deploy.0 = Release|x64
		{84083838-EF47-4835-AB61-7A8F6E106528}.Ad-Hoc|x86.ActiveCfg = Release|x86
		{84083838-EF47-4835-AB61-7A8F6E106528}.Ad-Hoc|x86.Build.0 = Release|x86
		{84083838-EF47-4835-AB61-7A8F6E106528}.Ad-Hoc|x86.Deploy.0 = Release|x86
		{84083838-EF47-4835-AB61-7A8F6E106528}.AppStore|Any CPU.ActiveCfg = Release|Any CPU
		{84083838-EF47-4835-AB61-7A8F6E106528}.AppStore|Any CPU.Build.0 = Release|Any CPU
		{84083838-EF47-4835-AB61-7A8F6E106528}.AppStore|Any CPU.Deploy.0 = Release|Any CPU
		{84083838-EF47-4835-AB61-7A8F6E106528}.AppStore|ARM.ActiveCfg = Release|ARM
		{84083838-EF47-4835-AB61-7A8F6E106528}.AppStore|ARM.Build.0 = Release|ARM
		{84083838-EF47-4835-AB61-7A8F6E106528}.AppStore|ARM.Deploy.0 = Release|ARM
		{84083838-EF47-4835-AB61-7A8F6E106528}.AppStore|iPhone.ActiveCfg = Release|Any CPU
		{84083838-EF47-4835-AB61-7A8F6E106528}.AppStore|iPhone.Build.0 = Release|Any CPU
		{84083838-EF47-4835-AB61-7A8F6E106528}.AppStore|iPhone.Deploy.0 = Release|Any CPU
		{84083838-EF47-4835-AB61-7A8F6E106528}.AppStore|iPhoneSimulator.ActiveCfg = Release|Any CPU
		{84083838-EF47-4835-AB61-7A8F6E106528}.AppStore|iPhoneSimulator.Build.0 = Release|Any CPU
		{84083838-EF47-4835-AB61-7A8F6E106528}.AppStore|iPhoneSimulator.Deploy.0 = Release|Any CPU
		{84083838-EF47-4835-AB61-7A8F6E106528}.AppStore|x64.ActiveCfg = Release|x64
		{84083838-EF47-4835-AB61-7A8F6E106528}.AppStore|x64.Build.0 = Release|x64
		{84083838-EF47-4835-AB61-7A8F6E106528}.AppStore|x64.Deploy.0 = Release|x64
		{84083838-EF47-4835-AB61-7A8F6E106528}.AppStore|x86.ActiveCfg = Release|x86
		{84083838-EF47-4835-AB61-7A8F6E106528}.AppStore|x86.Build.0 = Release|x86
		{84083838-EF47-4835-AB61-7A8F6E106528}.AppStore|x86.Deploy.0 = Release|x86
		{84083838-EF47-4835-AB61-7A8F6E106528}.Debug|Any CPU.ActiveCfg = Debug|Any CPU
		{84083838-EF47-4835-AB61-7A8F6E106528}.Debug|Any CPU.Build.0 = Debug|Any CPU
		{84083838-EF47-4835-AB61-7A8F6E106528}.Debug|Any CPU.Deploy.0 = Debug|Any CPU
		{84083838-EF47-4835-AB61-7A8F6E106528}.Debug|ARM.ActiveCfg = Debug|ARM
		{84083838-EF47-4835-AB61-7A8F6E106528}.Debug|ARM.Build.0 = Debug|ARM
		{84083838-EF47-4835-AB61-7A8F6E106528}.Debug|ARM.Deploy.0 = Debug|ARM
		{84083838-EF47-4835-AB61-7A8F6E106528}.Debug|iPhone.ActiveCfg = Debug|Any CPU
		{84083838-EF47-4835-AB61-7A8F6E106528}.Debug|iPhone.Build.0 = Debug|Any CPU
		{84083838-EF47-4835-AB61-7A8F6E106528}.Debug|iPhone.Deploy.0 = Debug|Any CPU
		{84083838-EF47-4835-AB61-7A8F6E106528}.Debug|iPhoneSimulator.ActiveCfg = Debug|Any CPU
		{84083838-EF47-4835-AB61-7A8F6E106528}.Debug|iPhoneSimulator.Build.0 = Debug|Any CPU
		{84083838-EF47-4835-AB61-7A8F6E106528}.Debug|iPhoneSimulator.Deploy.0 = Debug|Any CPU
		{84083838-EF47-4835-AB61-7A8F6E106528}.Debug|x64.ActiveCfg = Debug|x64
		{84083838-EF47-4835-AB61-7A8F6E106528}.Debug|x64.Build.0 = Debug|x64
		{84083838-EF47-4835-AB61-7A8F6E106528}.Debug|x64.Deploy.0 = Debug|x64
		{84083838-EF47-4835-AB61-7A8F6E106528}.Debug|x86.ActiveCfg = Debug|x86
		{84083838-EF47-4835-AB61-7A8F6E106528}.Debug|x86.Build.0 = Debug|x86
		{84083838-EF47-4835-AB61-7A8F6E106528}.Debug|x86.Deploy.0 = Debug|x86
		{84083838-EF47-4835-AB61-7A8F6E106528}.Release|Any CPU.ActiveCfg = Release|Any CPU
		{84083838-EF47-4835-AB61-7A8F6E106528}.Release|Any CPU.Build.0 = Release|Any CPU
		{84083838-EF47-4835-AB61-7A8F6E106528}.Release|Any CPU.Deploy.0 = Release|Any CPU
		{84083838-EF47-4835-AB61-7A8F6E106528}.Release|ARM.ActiveCfg = Release|ARM
		{84083838-EF47-4835-AB61-7A8F6E106528}.Release|ARM.Build.0 = Release|ARM
		{84083838-EF47-4835-AB61-7A8F6E106528}.Release|ARM.Deploy.0 = Release|ARM
		{84083838-EF47-4835-AB61-7A8F6E106528}.Release|iPhone.ActiveCfg = Release|Any CPU
		{84083838-EF47-4835-AB61-7A8F6E106528}.Release|iPhone.Build.0 = Release|Any CPU
		{84083838-EF47-4835-AB61-7A8F6E106528}.Release|iPhone.Deploy.0 = Release|Any CPU
		{84083838-EF47-4835-AB61-7A8F6E106528}.Release|iPhoneSimulator.ActiveCfg = Release|Any CPU
		{84083838-EF47-4835-AB61-7A8F6E106528}.Release|iPhoneSimulator.Build.0 = Release|Any CPU
		{84083838-EF47-4835-AB61-7A8F6E106528}.Release|iPhoneSimulator.Deploy.0 = Release|Any CPU
		{84083838-EF47-4835-AB61-7A8F6E106528}.Release|x64.ActiveCfg = Release|x64
		{84083838-EF47-4835-AB61-7A8F6E106528}.Release|x64.Build.0 = Release|x64
		{84083838-EF47-4835-AB61-7A8F6E106528}.Release|x64.Deploy.0 = Release|x64
		{84083838-EF47-4835-AB61-7A8F6E106528}.Release|x86.ActiveCfg = Release|x86
		{84083838-EF47-4835-AB61-7A8F6E106528}.Release|x86.Build.0 = Release|x86
		{84083838-EF47-4835-AB61-7A8F6E106528}.Release|x86.Deploy.0 = Release|x86
		{6D1A24F3-EA29-4272-8108-A8483148AC2A}.Ad-Hoc|Any CPU.ActiveCfg = Release|Any CPU
		{6D1A24F3-EA29-4272-8108-A8483148AC2A}.Ad-Hoc|Any CPU.Build.0 = Release|Any CPU
		{6D1A24F3-EA29-4272-8108-A8483148AC2A}.Ad-Hoc|ARM.ActiveCfg = Release|Any CPU
		{6D1A24F3-EA29-4272-8108-A8483148AC2A}.Ad-Hoc|ARM.Build.0 = Release|Any CPU
		{6D1A24F3-EA29-4272-8108-A8483148AC2A}.Ad-Hoc|iPhone.ActiveCfg = Release|Any CPU
		{6D1A24F3-EA29-4272-8108-A8483148AC2A}.Ad-Hoc|iPhone.Build.0 = Release|Any CPU
		{6D1A24F3-EA29-4272-8108-A8483148AC2A}.Ad-Hoc|iPhoneSimulator.ActiveCfg = Release|Any CPU
		{6D1A24F3-EA29-4272-8108-A8483148AC2A}.Ad-Hoc|iPhoneSimulator.Build.0 = Release|Any CPU
		{6D1A24F3-EA29-4272-8108-A8483148AC2A}.Ad-Hoc|x64.ActiveCfg = Release|Any CPU
		{6D1A24F3-EA29-4272-8108-A8483148AC2A}.Ad-Hoc|x64.Build.0 = Release|Any CPU
		{6D1A24F3-EA29-4272-8108-A8483148AC2A}.Ad-Hoc|x86.ActiveCfg = Release|Any CPU
		{6D1A24F3-EA29-4272-8108-A8483148AC2A}.Ad-Hoc|x86.Build.0 = Release|Any CPU
		{6D1A24F3-EA29-4272-8108-A8483148AC2A}.AppStore|Any CPU.ActiveCfg = Release|Any CPU
		{6D1A24F3-EA29-4272-8108-A8483148AC2A}.AppStore|Any CPU.Build.0 = Release|Any CPU
		{6D1A24F3-EA29-4272-8108-A8483148AC2A}.AppStore|ARM.ActiveCfg = Release|Any CPU
		{6D1A24F3-EA29-4272-8108-A8483148AC2A}.AppStore|ARM.Build.0 = Release|Any CPU
		{6D1A24F3-EA29-4272-8108-A8483148AC2A}.AppStore|iPhone.ActiveCfg = Release|Any CPU
		{6D1A24F3-EA29-4272-8108-A8483148AC2A}.AppStore|iPhone.Build.0 = Release|Any CPU
		{6D1A24F3-EA29-4272-8108-A8483148AC2A}.AppStore|iPhoneSimulator.ActiveCfg = Release|Any CPU
		{6D1A24F3-EA29-4272-8108-A8483148AC2A}.AppStore|iPhoneSimulator.Build.0 = Release|Any CPU
		{6D1A24F3-EA29-4272-8108-A8483148AC2A}.AppStore|x64.ActiveCfg = Release|Any CPU
		{6D1A24F3-EA29-4272-8108-A8483148AC2A}.AppStore|x64.Build.0 = Release|Any CPU
		{6D1A24F3-EA29-4272-8108-A8483148AC2A}.AppStore|x86.ActiveCfg = Release|Any CPU
		{6D1A24F3-EA29-4272-8108-A8483148AC2A}.AppStore|x86.Build.0 = Release|Any CPU
		{6D1A24F3-EA29-4272-8108-A8483148AC2A}.Debug|Any CPU.ActiveCfg = Debug|Any CPU
		{6D1A24F3-EA29-4272-8108-A8483148AC2A}.Debug|Any CPU.Build.0 = Debug|Any CPU
		{6D1A24F3-EA29-4272-8108-A8483148AC2A}.Debug|ARM.ActiveCfg = Debug|Any CPU
		{6D1A24F3-EA29-4272-8108-A8483148AC2A}.Debug|ARM.Build.0 = Debug|Any CPU
		{6D1A24F3-EA29-4272-8108-A8483148AC2A}.Debug|iPhone.ActiveCfg = Debug|Any CPU
		{6D1A24F3-EA29-4272-8108-A8483148AC2A}.Debug|iPhone.Build.0 = Debug|Any CPU
		{6D1A24F3-EA29-4272-8108-A8483148AC2A}.Debug|iPhoneSimulator.ActiveCfg = Debug|Any CPU
		{6D1A24F3-EA29-4272-8108-A8483148AC2A}.Debug|iPhoneSimulator.Build.0 = Debug|Any CPU
		{6D1A24F3-EA29-4272-8108-A8483148AC2A}.Debug|x64.ActiveCfg = Debug|Any CPU
		{6D1A24F3-EA29-4272-8108-A8483148AC2A}.Debug|x64.Build.0 = Debug|Any CPU
		{6D1A24F3-EA29-4272-8108-A8483148AC2A}.Debug|x86.ActiveCfg = Debug|Any CPU
		{6D1A24F3-EA29-4272-8108-A8483148AC2A}.Debug|x86.Build.0 = Debug|Any CPU
		{6D1A24F3-EA29-4272-8108-A8483148AC2A}.Release|Any CPU.ActiveCfg = Release|Any CPU
		{6D1A24F3-EA29-4272-8108-A8483148AC2A}.Release|Any CPU.Build.0 = Release|Any CPU
		{6D1A24F3-EA29-4272-8108-A8483148AC2A}.Release|ARM.ActiveCfg = Release|Any CPU
		{6D1A24F3-EA29-4272-8108-A8483148AC2A}.Release|ARM.Build.0 = Release|Any CPU
		{6D1A24F3-EA29-4272-8108-A8483148AC2A}.Release|iPhone.ActiveCfg = Release|Any CPU
		{6D1A24F3-EA29-4272-8108-A8483148AC2A}.Release|iPhone.Build.0 = Release|Any CPU
		{6D1A24F3-EA29-4272-8108-A8483148AC2A}.Release|iPhoneSimulator.ActiveCfg = Release|Any CPU
		{6D1A24F3-EA29-4272-8108-A8483148AC2A}.Release|iPhoneSimulator.Build.0 = Release|Any CPU
		{6D1A24F3-EA29-4272-8108-A8483148AC2A}.Release|x64.ActiveCfg = Release|Any CPU
		{6D1A24F3-EA29-4272-8108-A8483148AC2A}.Release|x64.Build.0 = Release|Any CPU
		{6D1A24F3-EA29-4272-8108-A8483148AC2A}.Release|x86.ActiveCfg = Release|Any CPU
		{6D1A24F3-EA29-4272-8108-A8483148AC2A}.Release|x86.Build.0 = Release|Any CPU
	EndGlobalSection
	GlobalSection(SolutionProperties) = preSolution
		HideSolutionNode = FALSE
	EndGlobalSection
EndGlobal
