
Microsoft Visual Studio Solution File, Format Version 12.00
# Visual Studio 14
VisualStudioVersion = 14.0.25420.1
MinimumVisualStudioVersion = 10.0.40219.1
Project("{FAE04EC0-301F-11D3-BF4B-00C04F79EFBC}") = "MVVMOpgave2.Droid", "MVVMOpgave2\MVVMOpgave2.Droid\MVVMOpgave2.Droid.csproj", "{3EAEB1C8-419C-485D-A352-9519212FEDBD}"
EndProject
Project("{FAE04EC0-301F-11D3-BF4B-00C04F79EFBC}") = "MVVMOpgave2.iOS", "MVVMOpgave2\MVVMOpgave2.iOS\MVVMOpgave2.iOS.csproj", "{DBDAB60F-3157-430F-9C3F-BAE5B006EDB9}"
EndProject
Project("{FAE04EC0-301F-11D3-BF4B-00C04F79EFBC}") = "MVVMOpgave2.WinPhone", "MVVMOpgave2\MVVMOpgave2.WinPhone\MVVMOpgave2.WinPhone.csproj", "{C71C5985-25F1-49B5-B9B5-625F1CE7913E}"
EndProject
Project("{FAE04EC0-301F-11D3-BF4B-00C04F79EFBC}") = "MVVMOpgave2.Windows", "MVVMOpgave2\MVVMOpgave2.Windows\MVVMOpgave2.Windows.csproj", "{BF5DA534-3D8F-418C-94B5-71CDF954F744}"
EndProject
Project("{FAE04EC0-301F-11D3-BF4B-00C04F79EFBC}") = "MVVMOpgave2", "MVVMOpgave2\MVVMOpgave2\MVVMOpgave2.csproj", "{FE63C973-B31C-4BF6-ACF6-3B86E1EDD7C4}"
EndProject
Global
	GlobalSection(SolutionConfigurationPlatforms) = preSolution
		Ad-Hoc|Any CPU = Ad-Hoc|Any CPU
		Ad-Hoc|ARM = Ad-Hoc|ARM
		Ad-Hoc|iPhone = Ad-Hoc|iPhone
		Ad-Hoc|iPhoneSimulator = Ad-Hoc|iPhoneSimulator
		Ad-Hoc|x64 = Ad-Hoc|x64
		Ad-Hoc|x86 = Ad-Hoc|x86
		AppStore|Any CPU = AppStore|Any CPU
		AppStore|ARM = AppStore|ARM
		AppStore|iPhone = AppStore|iPhone
		AppStore|iPhoneSimulator = AppStore|iPhoneSimulator
		AppStore|x64 = AppStore|x64
		AppStore|x86 = AppStore|x86
		Debug|Any CPU = Debug|Any CPU
		Debug|ARM = Debug|ARM
		Debug|iPhone = Debug|iPhone
		Debug|iPhoneSimulator = Debug|iPhoneSimulator
		Debug|x64 = Debug|x64
		Debug|x86 = Debug|x86
		Release|Any CPU = Release|Any CPU
		Release|ARM = Release|ARM
		Release|iPhone = Release|iPhone
		Release|iPhoneSimulator = Release|iPhoneSimulator
		Release|x64 = Release|x64
		Release|x86 = Release|x86
	EndGlobalSection
	GlobalSection(ProjectConfigurationPlatforms) = postSolution
		{3EAEB1C8-419C-485D-A352-9519212FEDBD}.Ad-Hoc|Any CPU.ActiveCfg = Release|Any CPU
		{3EAEB1C8-419C-485D-A352-9519212FEDBD}.Ad-Hoc|Any CPU.Build.0 = Release|Any CPU
		{3EAEB1C8-419C-485D-A352-9519212FEDBD}.Ad-Hoc|Any CPU.Deploy.0 = Release|Any CPU
		{3EAEB1C8-419C-485D-A352-9519212FEDBD}.Ad-Hoc|ARM.ActiveCfg = Release|Any CPU
		{3EAEB1C8-419C-485D-A352-9519212FEDBD}.Ad-Hoc|ARM.Build.0 = Release|Any CPU
		{3EAEB1C8-419C-485D-A352-9519212FEDBD}.Ad-Hoc|ARM.Deploy.0 = Release|Any CPU
		{3EAEB1C8-419C-485D-A352-9519212FEDBD}.Ad-Hoc|iPhone.ActiveCfg = Release|Any CPU
		{3EAEB1C8-419C-485D-A352-9519212FEDBD}.Ad-Hoc|iPhone.Build.0 = Release|Any CPU
		{3EAEB1C8-419C-485D-A352-9519212FEDBD}.Ad-Hoc|iPhone.Deploy.0 = Release|Any CPU
		{3EAEB1C8-419C-485D-A352-9519212FEDBD}.Ad-Hoc|iPhoneSimulator.ActiveCfg = Release|Any CPU
		{3EAEB1C8-419C-485D-A352-9519212FEDBD}.Ad-Hoc|iPhoneSimulator.Build.0 = Release|Any CPU
		{3EAEB1C8-419C-485D-A352-9519212FEDBD}.Ad-Hoc|iPhoneSimulator.Deploy.0 = Release|Any CPU
		{3EAEB1C8-419C-485D-A352-9519212FEDBD}.Ad-Hoc|x64.ActiveCfg = Release|Any CPU
		{3EAEB1C8-419C-485D-A352-9519212FEDBD}.Ad-Hoc|x64.Build.0 = Release|Any CPU
		{3EAEB1C8-419C-485D-A352-9519212FEDBD}.Ad-Hoc|x64.Deploy.0 = Release|Any CPU
		{3EAEB1C8-419C-485D-A352-9519212FEDBD}.Ad-Hoc|x86.ActiveCfg = Release|Any CPU
		{3EAEB1C8-419C-485D-A352-9519212FEDBD}.Ad-Hoc|x86.Build.0 = Release|Any CPU
		{3EAEB1C8-419C-485D-A352-9519212FEDBD}.Ad-Hoc|x86.Deploy.0 = Release|Any CPU
		{3EAEB1C8-419C-485D-A352-9519212FEDBD}.AppStore|Any CPU.ActiveCfg = Release|Any CPU
		{3EAEB1C8-419C-485D-A352-9519212FEDBD}.AppStore|Any CPU.Build.0 = Release|Any CPU
		{3EAEB1C8-419C-485D-A352-9519212FEDBD}.AppStore|Any CPU.Deploy.0 = Release|Any CPU
		{3EAEB1C8-419C-485D-A352-9519212FEDBD}.AppStore|ARM.ActiveCfg = Release|Any CPU
		{3EAEB1C8-419C-485D-A352-9519212FEDBD}.AppStore|ARM.Build.0 = Release|Any CPU
		{3EAEB1C8-419C-485D-A352-9519212FEDBD}.AppStore|ARM.Deploy.0 = Release|Any CPU
		{3EAEB1C8-419C-485D-A352-9519212FEDBD}.AppStore|iPhone.ActiveCfg = Release|Any CPU
		{3EAEB1C8-419C-485D-A352-9519212FEDBD}.AppStore|iPhone.Build.0 = Release|Any CPU
		{3EAEB1C8-419C-485D-A352-9519212FEDBD}.AppStore|iPhone.Deploy.0 = Release|Any CPU
		{3EAEB1C8-419C-485D-A352-9519212FEDBD}.AppStore|iPhoneSimulator.ActiveCfg = Release|Any CPU
		{3EAEB1C8-419C-485D-A352-9519212FEDBD}.AppStore|iPhoneSimulator.Build.0 = Release|Any CPU
		{3EAEB1C8-419C-485D-A352-9519212FEDBD}.AppStore|iPhoneSimulator.Deploy.0 = Release|Any CPU
		{3EAEB1C8-419C-485D-A352-9519212FEDBD}.AppStore|x64.ActiveCfg = Release|Any CPU
		{3EAEB1C8-419C-485D-A352-9519212FEDBD}.AppStore|x64.Build.0 = Release|Any CPU
		{3EAEB1C8-419C-485D-A352-9519212FEDBD}.AppStore|x64.Deploy.0 = Release|Any CPU
		{3EAEB1C8-419C-485D-A352-9519212FEDBD}.AppStore|x86.ActiveCfg = Release|Any CPU
		{3EAEB1C8-419C-485D-A352-9519212FEDBD}.AppStore|x86.Build.0 = Release|Any CPU
		{3EAEB1C8-419C-485D-A352-9519212FEDBD}.AppStore|x86.Deploy.0 = Release|Any CPU
		{3EAEB1C8-419C-485D-A352-9519212FEDBD}.Debug|Any CPU.ActiveCfg = Debug|Any CPU
		{3EAEB1C8-419C-485D-A352-9519212FEDBD}.Debug|Any CPU.Build.0 = Debug|Any CPU
		{3EAEB1C8-419C-485D-A352-9519212FEDBD}.Debug|Any CPU.Deploy.0 = Debug|Any CPU
		{3EAEB1C8-419C-485D-A352-9519212FEDBD}.Debug|ARM.ActiveCfg = Debug|Any CPU
		{3EAEB1C8-419C-485D-A352-9519212FEDBD}.Debug|ARM.Build.0 = Debug|Any CPU
		{3EAEB1C8-419C-485D-A352-9519212FEDBD}.Debug|ARM.Deploy.0 = Debug|Any CPU
		{3EAEB1C8-419C-485D-A352-9519212FEDBD}.Debug|iPhone.ActiveCfg = Debug|Any CPU
		{3EAEB1C8-419C-485D-A352-9519212FEDBD}.Debug|iPhone.Build.0 = Debug|Any CPU
		{3EAEB1C8-419C-485D-A352-9519212FEDBD}.Debug|iPhone.Deploy.0 = Debug|Any CPU
		{3EAEB1C8-419C-485D-A352-9519212FEDBD}.Debug|iPhoneSimulator.ActiveCfg = Debug|Any CPU
		{3EAEB1C8-419C-485D-A352-9519212FEDBD}.Debug|iPhoneSimulator.Build.0 = Debug|Any CPU
		{3EAEB1C8-419C-485D-A352-9519212FEDBD}.Debug|iPhoneSimulator.Deploy.0 = Debug|Any CPU
		{3EAEB1C8-419C-485D-A352-9519212FEDBD}.Debug|x64.ActiveCfg = Debug|Any CPU
		{3EAEB1C8-419C-485D-A352-9519212FEDBD}.Debug|x64.Build.0 = Debug|Any CPU
		{3EAEB1C8-419C-485D-A352-9519212FEDBD}.Debug|x64.Deploy.0 = Debug|Any CPU
		{3EAEB1C8-419C-485D-A352-9519212FEDBD}.Debug|x86.ActiveCfg = Debug|Any CPU
		{3EAEB1C8-419C-485D-A352-9519212FEDBD}.Debug|x86.Build.0 = Debug|Any CPU
		{3EAEB1C8-419C-485D-A352-9519212FEDBD}.Debug|x86.Deploy.0 = Debug|Any CPU
		{3EAEB1C8-419C-485D-A352-9519212FEDBD}.Release|Any CPU.ActiveCfg = Release|Any CPU
		{3EAEB1C8-419C-485D-A352-9519212FEDBD}.Release|Any CPU.Build.0 = Release|Any CPU
		{3EAEB1C8-419C-485D-A352-9519212FEDBD}.Release|Any CPU.Deploy.0 = Release|Any CPU
		{3EAEB1C8-419C-485D-A352-9519212FEDBD}.Release|ARM.ActiveCfg = Release|Any CPU
		{3EAEB1C8-419C-485D-A352-9519212FEDBD}.Release|ARM.Build.0 = Release|Any CPU
		{3EAEB1C8-419C-485D-A352-9519212FEDBD}.Release|ARM.Deploy.0 = Release|Any CPU
		{3EAEB1C8-419C-485D-A352-9519212FEDBD}.Release|iPhone.ActiveCfg = Release|Any CPU
		{3EAEB1C8-419C-485D-A352-9519212FEDBD}.Release|iPhone.Build.0 = Release|Any CPU
		{3EAEB1C8-419C-485D-A352-9519212FEDBD}.Release|iPhone.Deploy.0 = Release|Any CPU
		{3EAEB1C8-419C-485D-A352-9519212FEDBD}.Release|iPhoneSimulator.ActiveCfg = Release|Any CPU
		{3EAEB1C8-419C-485D-A352-9519212FEDBD}.Release|iPhoneSimulator.Build.0 = Release|Any CPU
		{3EAEB1C8-419C-485D-A352-9519212FEDBD}.Release|iPhoneSimulator.Deploy.0 = Release|Any CPU
		{3EAEB1C8-419C-485D-A352-9519212FEDBD}.Release|x64.ActiveCfg = Release|Any CPU
		{3EAEB1C8-419C-485D-A352-9519212FEDBD}.Release|x64.Build.0 = Release|Any CPU
		{3EAEB1C8-419C-485D-A352-9519212FEDBD}.Release|x64.Deploy.0 = Release|Any CPU
		{3EAEB1C8-419C-485D-A352-9519212FEDBD}.Release|x86.ActiveCfg = Release|Any CPU
		{3EAEB1C8-419C-485D-A352-9519212FEDBD}.Release|x86.Build.0 = Release|Any CPU
		{3EAEB1C8-419C-485D-A352-9519212FEDBD}.Release|x86.Deploy.0 = Release|Any CPU
		{DBDAB60F-3157-430F-9C3F-BAE5B006EDB9}.Ad-Hoc|Any CPU.ActiveCfg = Ad-Hoc|iPhone
		{DBDAB60F-3157-430F-9C3F-BAE5B006EDB9}.Ad-Hoc|ARM.ActiveCfg = Ad-Hoc|iPhone
		{DBDAB60F-3157-430F-9C3F-BAE5B006EDB9}.Ad-Hoc|iPhone.ActiveCfg = Ad-Hoc|iPhone
		{DBDAB60F-3157-430F-9C3F-BAE5B006EDB9}.Ad-Hoc|iPhone.Build.0 = Ad-Hoc|iPhone
		{DBDAB60F-3157-430F-9C3F-BAE5B006EDB9}.Ad-Hoc|iPhoneSimulator.ActiveCfg = Ad-Hoc|iPhoneSimulator
		{DBDAB60F-3157-430F-9C3F-BAE5B006EDB9}.Ad-Hoc|iPhoneSimulator.Build.0 = Ad-Hoc|iPhoneSimulator
		{DBDAB60F-3157-430F-9C3F-BAE5B006EDB9}.Ad-Hoc|x64.ActiveCfg = Ad-Hoc|iPhone
		{DBDAB60F-3157-430F-9C3F-BAE5B006EDB9}.Ad-Hoc|x86.ActiveCfg = Ad-Hoc|iPhone
		{DBDAB60F-3157-430F-9C3F-BAE5B006EDB9}.AppStore|Any CPU.ActiveCfg = AppStore|iPhone
		{DBDAB60F-3157-430F-9C3F-BAE5B006EDB9}.AppStore|ARM.ActiveCfg = AppStore|iPhone
		{DBDAB60F-3157-430F-9C3F-BAE5B006EDB9}.AppStore|iPhone.ActiveCfg = AppStore|iPhone
		{DBDAB60F-3157-430F-9C3F-BAE5B006EDB9}.AppStore|iPhone.Build.0 = AppStore|iPhone
		{DBDAB60F-3157-430F-9C3F-BAE5B006EDB9}.AppStore|iPhoneSimulator.ActiveCfg = AppStore|iPhoneSimulator
		{DBDAB60F-3157-430F-9C3F-BAE5B006EDB9}.AppStore|iPhoneSimulator.Build.0 = AppStore|iPhoneSimulator
		{DBDAB60F-3157-430F-9C3F-BAE5B006EDB9}.AppStore|x64.ActiveCfg = AppStore|iPhone
		{DBDAB60F-3157-430F-9C3F-BAE5B006EDB9}.AppStore|x86.ActiveCfg = AppStore|iPhone
		{DBDAB60F-3157-430F-9C3F-BAE5B006EDB9}.Debug|Any CPU.ActiveCfg = Debug|iPhone
		{DBDAB60F-3157-430F-9C3F-BAE5B006EDB9}.Debug|ARM.ActiveCfg = Debug|iPhone
		{DBDAB60F-3157-430F-9C3F-BAE5B006EDB9}.Debug|iPhone.ActiveCfg = Debug|iPhone
		{DBDAB60F-3157-430F-9C3F-BAE5B006EDB9}.Debug|iPhone.Build.0 = Debug|iPhone
		{DBDAB60F-3157-430F-9C3F-BAE5B006EDB9}.Debug|iPhoneSimulator.ActiveCfg = Debug|iPhoneSimulator
		{DBDAB60F-3157-430F-9C3F-BAE5B006EDB9}.Debug|iPhoneSimulator.Build.0 = Debug|iPhoneSimulator
		{DBDAB60F-3157-430F-9C3F-BAE5B006EDB9}.Debug|x64.ActiveCfg = Debug|iPhone
		{DBDAB60F-3157-430F-9C3F-BAE5B006EDB9}.Debug|x86.ActiveCfg = Debug|iPhone
		{DBDAB60F-3157-430F-9C3F-BAE5B006EDB9}.Release|Any CPU.ActiveCfg = Release|iPhone
		{DBDAB60F-3157-430F-9C3F-BAE5B006EDB9}.Release|ARM.ActiveCfg = Release|iPhone
		{DBDAB60F-3157-430F-9C3F-BAE5B006EDB9}.Release|iPhone.ActiveCfg = Release|iPhone
		{DBDAB60F-3157-430F-9C3F-BAE5B006EDB9}.Release|iPhone.Build.0 = Release|iPhone
		{DBDAB60F-3157-430F-9C3F-BAE5B006EDB9}.Release|iPhoneSimulator.ActiveCfg = Release|iPhoneSimulator
		{DBDAB60F-3157-430F-9C3F-BAE5B006EDB9}.Release|iPhoneSimulator.Build.0 = Release|iPhoneSimulator
		{DBDAB60F-3157-430F-9C3F-BAE5B006EDB9}.Release|x64.ActiveCfg = Release|iPhone
		{DBDAB60F-3157-430F-9C3F-BAE5B006EDB9}.Release|x86.ActiveCfg = Release|iPhone
		{C71C5985-25F1-49B5-B9B5-625F1CE7913E}.Ad-Hoc|Any CPU.ActiveCfg = Release|Any CPU
		{C71C5985-25F1-49B5-B9B5-625F1CE7913E}.Ad-Hoc|Any CPU.Build.0 = Release|Any CPU
		{C71C5985-25F1-49B5-B9B5-625F1CE7913E}.Ad-Hoc|Any CPU.Deploy.0 = Release|Any CPU
		{C71C5985-25F1-49B5-B9B5-625F1CE7913E}.Ad-Hoc|ARM.ActiveCfg = Release|ARM
		{C71C5985-25F1-49B5-B9B5-625F1CE7913E}.Ad-Hoc|ARM.Build.0 = Release|ARM
		{C71C5985-25F1-49B5-B9B5-625F1CE7913E}.Ad-Hoc|ARM.Deploy.0 = Release|ARM
		{C71C5985-25F1-49B5-B9B5-625F1CE7913E}.Ad-Hoc|iPhone.ActiveCfg = Release|Any CPU
		{C71C5985-25F1-49B5-B9B5-625F1CE7913E}.Ad-Hoc|iPhone.Build.0 = Release|Any CPU
		{C71C5985-25F1-49B5-B9B5-625F1CE7913E}.Ad-Hoc|iPhone.Deploy.0 = Release|Any CPU
		{C71C5985-25F1-49B5-B9B5-625F1CE7913E}.Ad-Hoc|iPhoneSimulator.ActiveCfg = Release|Any CPU
		{C71C5985-25F1-49B5-B9B5-625F1CE7913E}.Ad-Hoc|iPhoneSimulator.Build.0 = Release|Any CPU
		{C71C5985-25F1-49B5-B9B5-625F1CE7913E}.Ad-Hoc|iPhoneSimulator.Deploy.0 = Release|Any CPU
		{C71C5985-25F1-49B5-B9B5-625F1CE7913E}.Ad-Hoc|x64.ActiveCfg = Release|Any CPU
		{C71C5985-25F1-49B5-B9B5-625F1CE7913E}.Ad-Hoc|x64.Build.0 = Release|Any CPU
		{C71C5985-25F1-49B5-B9B5-625F1CE7913E}.Ad-Hoc|x64.Deploy.0 = Release|Any CPU
		{C71C5985-25F1-49B5-B9B5-625F1CE7913E}.Ad-Hoc|x86.ActiveCfg = Release|x86
		{C71C5985-25F1-49B5-B9B5-625F1CE7913E}.Ad-Hoc|x86.Build.0 = Release|x86
		{C71C5985-25F1-49B5-B9B5-625F1CE7913E}.Ad-Hoc|x86.Deploy.0 = Release|x86
		{C71C5985-25F1-49B5-B9B5-625F1CE7913E}.AppStore|Any CPU.ActiveCfg = Release|Any CPU
		{C71C5985-25F1-49B5-B9B5-625F1CE7913E}.AppStore|Any CPU.Build.0 = Release|Any CPU
		{C71C5985-25F1-49B5-B9B5-625F1CE7913E}.AppStore|Any CPU.Deploy.0 = Release|Any CPU
		{C71C5985-25F1-49B5-B9B5-625F1CE7913E}.AppStore|ARM.ActiveCfg = Release|ARM
		{C71C5985-25F1-49B5-B9B5-625F1CE7913E}.AppStore|ARM.Build.0 = Release|ARM
		{C71C5985-25F1-49B5-B9B5-625F1CE7913E}.AppStore|ARM.Deploy.0 = Release|ARM
		{C71C5985-25F1-49B5-B9B5-625F1CE7913E}.AppStore|iPhone.ActiveCfg = Release|Any CPU
		{C71C5985-25F1-49B5-B9B5-625F1CE7913E}.AppStore|iPhone.Build.0 = Release|Any CPU
		{C71C5985-25F1-49B5-B9B5-625F1CE7913E}.AppStore|iPhone.Deploy.0 = Release|Any CPU
		{C71C5985-25F1-49B5-B9B5-625F1CE7913E}.AppStore|iPhoneSimulator.ActiveCfg = Release|Any CPU
		{C71C5985-25F1-49B5-B9B5-625F1CE7913E}.AppStore|iPhoneSimulator.Build.0 = Release|Any CPU
		{C71C5985-25F1-49B5-B9B5-625F1CE7913E}.AppStore|iPhoneSimulator.Deploy.0 = Release|Any CPU
		{C71C5985-25F1-49B5-B9B5-625F1CE7913E}.AppStore|x64.ActiveCfg = Release|Any CPU
		{C71C5985-25F1-49B5-B9B5-625F1CE7913E}.AppStore|x64.Build.0 = Release|Any CPU
		{C71C5985-25F1-49B5-B9B5-625F1CE7913E}.AppStore|x64.Deploy.0 = Release|Any CPU
		{C71C5985-25F1-49B5-B9B5-625F1CE7913E}.AppStore|x86.ActiveCfg = Release|x86
		{C71C5985-25F1-49B5-B9B5-625F1CE7913E}.AppStore|x86.Build.0 = Release|x86
		{C71C5985-25F1-49B5-B9B5-625F1CE7913E}.AppStore|x86.Deploy.0 = Release|x86
		{C71C5985-25F1-49B5-B9B5-625F1CE7913E}.Debug|Any CPU.ActiveCfg = Debug|Any CPU
		{C71C5985-25F1-49B5-B9B5-625F1CE7913E}.Debug|Any CPU.Build.0 = Debug|Any CPU
		{C71C5985-25F1-49B5-B9B5-625F1CE7913E}.Debug|Any CPU.Deploy.0 = Debug|Any CPU
		{C71C5985-25F1-49B5-B9B5-625F1CE7913E}.Debug|ARM.ActiveCfg = Debug|ARM
		{C71C5985-25F1-49B5-B9B5-625F1CE7913E}.Debug|ARM.Build.0 = Debug|ARM
		{C71C5985-25F1-49B5-B9B5-625F1CE7913E}.Debug|ARM.Deploy.0 = Debug|ARM
		{C71C5985-25F1-49B5-B9B5-625F1CE7913E}.Debug|iPhone.ActiveCfg = Debug|Any CPU
		{C71C5985-25F1-49B5-B9B5-625F1CE7913E}.Debug|iPhone.Build.0 = Debug|Any CPU
		{C71C5985-25F1-49B5-B9B5-625F1CE7913E}.Debug|iPhone.Deploy.0 = Debug|Any CPU
		{C71C5985-25F1-49B5-B9B5-625F1CE7913E}.Debug|iPhoneSimulator.ActiveCfg = Debug|Any CPU
		{C71C5985-25F1-49B5-B9B5-625F1CE7913E}.Debug|iPhoneSimulator.Build.0 = Debug|Any CPU
		{C71C5985-25F1-49B5-B9B5-625F1CE7913E}.Debug|iPhoneSimulator.Deploy.0 = Debug|Any CPU
		{C71C5985-25F1-49B5-B9B5-625F1CE7913E}.Debug|x64.ActiveCfg = Debug|Any CPU
		{C71C5985-25F1-49B5-B9B5-625F1CE7913E}.Debug|x64.Build.0 = Debug|Any CPU
		{C71C5985-25F1-49B5-B9B5-625F1CE7913E}.Debug|x64.Deploy.0 = Debug|Any CPU
		{C71C5985-25F1-49B5-B9B5-625F1CE7913E}.Debug|x86.ActiveCfg = Debug|x86
		{C71C5985-25F1-49B5-B9B5-625F1CE7913E}.Debug|x86.Build.0 = Debug|x86
		{C71C5985-25F1-49B5-B9B5-625F1CE7913E}.Debug|x86.Deploy.0 = Debug|x86
		{C71C5985-25F1-49B5-B9B5-625F1CE7913E}.Release|Any CPU.ActiveCfg = Release|Any CPU
		{C71C5985-25F1-49B5-B9B5-625F1CE7913E}.Release|Any CPU.Build.0 = Release|Any CPU
		{C71C5985-25F1-49B5-B9B5-625F1CE7913E}.Release|Any CPU.Deploy.0 = Release|Any CPU
		{C71C5985-25F1-49B5-B9B5-625F1CE7913E}.Release|ARM.ActiveCfg = Release|ARM
		{C71C5985-25F1-49B5-B9B5-625F1CE7913E}.Release|ARM.Build.0 = Release|ARM
		{C71C5985-25F1-49B5-B9B5-625F1CE7913E}.Release|ARM.Deploy.0 = Release|ARM
		{C71C5985-25F1-49B5-B9B5-625F1CE7913E}.Release|iPhone.ActiveCfg = Release|Any CPU
		{C71C5985-25F1-49B5-B9B5-625F1CE7913E}.Release|iPhone.Build.0 = Release|Any CPU
		{C71C5985-25F1-49B5-B9B5-625F1CE7913E}.Release|iPhone.Deploy.0 = Release|Any CPU
		{C71C5985-25F1-49B5-B9B5-625F1CE7913E}.Release|iPhoneSimulator.ActiveCfg = Release|Any CPU
		{C71C5985-25F1-49B5-B9B5-625F1CE7913E}.Release|iPhoneSimulator.Build.0 = Release|Any CPU
		{C71C5985-25F1-49B5-B9B5-625F1CE7913E}.Release|iPhoneSimulator.Deploy.0 = Release|Any CPU
		{C71C5985-25F1-49B5-B9B5-625F1CE7913E}.Release|x64.ActiveCfg = Release|Any CPU
		{C71C5985-25F1-49B5-B9B5-625F1CE7913E}.Release|x64.Build.0 = Release|Any CPU
		{C71C5985-25F1-49B5-B9B5-625F1CE7913E}.Release|x64.Deploy.0 = Release|Any CPU
		{C71C5985-25F1-49B5-B9B5-625F1CE7913E}.Release|x86.ActiveCfg = Release|x86
		{C71C5985-25F1-49B5-B9B5-625F1CE7913E}.Release|x86.Build.0 = Release|x86
		{C71C5985-25F1-49B5-B9B5-625F1CE7913E}.Release|x86.Deploy.0 = Release|x86
		{BF5DA534-3D8F-418C-94B5-71CDF954F744}.Ad-Hoc|Any CPU.ActiveCfg = Release|Any CPU
		{BF5DA534-3D8F-418C-94B5-71CDF954F744}.Ad-Hoc|Any CPU.Build.0 = Release|Any CPU
		{BF5DA534-3D8F-418C-94B5-71CDF954F744}.Ad-Hoc|Any CPU.Deploy.0 = Release|Any CPU
		{BF5DA534-3D8F-418C-94B5-71CDF954F744}.Ad-Hoc|ARM.ActiveCfg = Release|ARM
		{BF5DA534-3D8F-418C-94B5-71CDF954F744}.Ad-Hoc|ARM.Build.0 = Release|ARM
		{BF5DA534-3D8F-418C-94B5-71CDF954F744}.Ad-Hoc|ARM.Deploy.0 = Release|ARM
		{BF5DA534-3D8F-418C-94B5-71CDF954F744}.Ad-Hoc|iPhone.ActiveCfg = Release|Any CPU
		{BF5DA534-3D8F-418C-94B5-71CDF954F744}.Ad-Hoc|iPhone.Build.0 = Release|Any CPU
		{BF5DA534-3D8F-418C-94B5-71CDF954F744}.Ad-Hoc|iPhone.Deploy.0 = Release|Any CPU
		{BF5DA534-3D8F-418C-94B5-71CDF954F744}.Ad-Hoc|iPhoneSimulator.ActiveCfg = Release|Any CPU
		{BF5DA534-3D8F-418C-94B5-71CDF954F744}.Ad-Hoc|iPhoneSimulator.Build.0 = Release|Any CPU
		{BF5DA534-3D8F-418C-94B5-71CDF954F744}.Ad-Hoc|iPhoneSimulator.Deploy.0 = Release|Any CPU
		{BF5DA534-3D8F-418C-94B5-71CDF954F744}.Ad-Hoc|x64.ActiveCfg = Release|x64
		{BF5DA534-3D8F-418C-94B5-71CDF954F744}.Ad-Hoc|x64.Build.0 = Release|x64
		{BF5DA534-3D8F-418C-94B5-71CDF954F744}.Ad-Hoc|x64.Deploy.0 = Release|x64
		{BF5DA534-3D8F-418C-94B5-71CDF954F744}.Ad-Hoc|x86.ActiveCfg = Release|x86
		{BF5DA534-3D8F-418C-94B5-71CDF954F744}.Ad-Hoc|x86.Build.0 = Release|x86
		{BF5DA534-3D8F-418C-94B5-71CDF954F744}.Ad-Hoc|x86.Deploy.0 = Release|x86
		{BF5DA534-3D8F-418C-94B5-71CDF954F744}.AppStore|Any CPU.ActiveCfg = Release|Any CPU
		{BF5DA534-3D8F-418C-94B5-71CDF954F744}.AppStore|Any CPU.Build.0 = Release|Any CPU
		{BF5DA534-3D8F-418C-94B5-71CDF954F744}.AppStore|Any CPU.Deploy.0 = Release|Any CPU
		{BF5DA534-3D8F-418C-94B5-71CDF954F744}.AppStore|ARM.ActiveCfg = Release|ARM
		{BF5DA534-3D8F-418C-94B5-71CDF954F744}.AppStore|ARM.Build.0 = Release|ARM
		{BF5DA534-3D8F-418C-94B5-71CDF954F744}.AppStore|ARM.Deploy.0 = Release|ARM
		{BF5DA534-3D8F-418C-94B5-71CDF954F744}.AppStore|iPhone.ActiveCfg = Release|Any CPU
		{BF5DA534-3D8F-418C-94B5-71CDF954F744}.AppStore|iPhone.Build.0 = Release|Any CPU
		{BF5DA534-3D8F-418C-94B5-71CDF954F744}.AppStore|iPhone.Deploy.0 = Release|Any CPU
		{BF5DA534-3D8F-418C-94B5-71CDF954F744}.AppStore|iPhoneSimulator.ActiveCfg = Release|Any CPU
		{BF5DA534-3D8F-418C-94B5-71CDF954F744}.AppStore|iPhoneSimulator.Build.0 = Release|Any CPU
		{BF5DA534-3D8F-418C-94B5-71CDF954F744}.AppStore|iPhoneSimulator.Deploy.0 = Release|Any CPU
		{BF5DA534-3D8F-418C-94B5-71CDF954F744}.AppStore|x64.ActiveCfg = Release|x64
		{BF5DA534-3D8F-418C-94B5-71CDF954F744}.AppStore|x64.Build.0 = Release|x64
		{BF5DA534-3D8F-418C-94B5-71CDF954F744}.AppStore|x64.Deploy.0 = Release|x64
		{BF5DA534-3D8F-418C-94B5-71CDF954F744}.AppStore|x86.ActiveCfg = Release|x86
		{BF5DA534-3D8F-418C-94B5-71CDF954F744}.AppStore|x86.Build.0 = Release|x86
		{BF5DA534-3D8F-418C-94B5-71CDF954F744}.AppStore|x86.Deploy.0 = Release|x86
		{BF5DA534-3D8F-418C-94B5-71CDF954F744}.Debug|Any CPU.ActiveCfg = Debug|Any CPU
		{BF5DA534-3D8F-418C-94B5-71CDF954F744}.Debug|Any CPU.Build.0 = Debug|Any CPU
		{BF5DA534-3D8F-418C-94B5-71CDF954F744}.Debug|Any CPU.Deploy.0 = Debug|Any CPU
		{BF5DA534-3D8F-418C-94B5-71CDF954F744}.Debug|ARM.ActiveCfg = Debug|ARM
		{BF5DA534-3D8F-418C-94B5-71CDF954F744}.Debug|ARM.Build.0 = Debug|ARM
		{BF5DA534-3D8F-418C-94B5-71CDF954F744}.Debug|ARM.Deploy.0 = Debug|ARM
		{BF5DA534-3D8F-418C-94B5-71CDF954F744}.Debug|iPhone.ActiveCfg = Debug|Any CPU
		{BF5DA534-3D8F-418C-94B5-71CDF954F744}.Debug|iPhone.Build.0 = Debug|Any CPU
		{BF5DA534-3D8F-418C-94B5-71CDF954F744}.Debug|iPhone.Deploy.0 = Debug|Any CPU
		{BF5DA534-3D8F-418C-94B5-71CDF954F744}.Debug|iPhoneSimulator.ActiveCfg = Debug|Any CPU
		{BF5DA534-3D8F-418C-94B5-71CDF954F744}.Debug|iPhoneSimulator.Build.0 = Debug|Any CPU
		{BF5DA534-3D8F-418C-94B5-71CDF954F744}.Debug|iPhoneSimulator.Deploy.0 = Debug|Any CPU
		{BF5DA534-3D8F-418C-94B5-71CDF954F744}.Debug|x64.ActiveCfg = Debug|x64
		{BF5DA534-3D8F-418C-94B5-71CDF954F744}.Debug|x64.Build.0 = Debug|x64
		{BF5DA534-3D8F-418C-94B5-71CDF954F744}.Debug|x64.Deploy.0 = Debug|x64
		{BF5DA534-3D8F-418C-94B5-71CDF954F744}.Debug|x86.ActiveCfg = Debug|x86
		{BF5DA534-3D8F-418C-94B5-71CDF954F744}.Debug|x86.Build.0 = Debug|x86
		{BF5DA534-3D8F-418C-94B5-71CDF954F744}.Debug|x86.Deploy.0 = Debug|x86
		{BF5DA534-3D8F-418C-94B5-71CDF954F744}.Release|Any CPU.ActiveCfg = Release|Any CPU
		{BF5DA534-3D8F-418C-94B5-71CDF954F744}.Release|Any CPU.Build.0 = Release|Any CPU
		{BF5DA534-3D8F-418C-94B5-71CDF954F744}.Release|Any CPU.Deploy.0 = Release|Any CPU
		{BF5DA534-3D8F-418C-94B5-71CDF954F744}.Release|ARM.ActiveCfg = Release|ARM
		{BF5DA534-3D8F-418C-94B5-71CDF954F744}.Release|ARM.Build.0 = Release|ARM
		{BF5DA534-3D8F-418C-94B5-71CDF954F744}.Release|ARM.Deploy.0 = Release|ARM
		{BF5DA534-3D8F-418C-94B5-71CDF954F744}.Release|iPhone.ActiveCfg = Release|Any CPU
		{BF5DA534-3D8F-418C-94B5-71CDF954F744}.Release|iPhone.Build.0 = Release|Any CPU
		{BF5DA534-3D8F-418C-94B5-71CDF954F744}.Release|iPhone.Deploy.0 = Release|Any CPU
		{BF5DA534-3D8F-418C-94B5-71CDF954F744}.Release|iPhoneSimulator.ActiveCfg = Release|Any CPU
		{BF5DA534-3D8F-418C-94B5-71CDF954F744}.Release|iPhoneSimulator.Build.0 = Release|Any CPU
		{BF5DA534-3D8F-418C-94B5-71CDF954F744}.Release|iPhoneSimulator.Deploy.0 = Release|Any CPU
		{BF5DA534-3D8F-418C-94B5-71CDF954F744}.Release|x64.ActiveCfg = Release|x64
		{BF5DA534-3D8F-418C-94B5-71CDF954F744}.Release|x64.Build.0 = Release|x64
		{BF5DA534-3D8F-418C-94B5-71CDF954F744}.Release|x64.Deploy.0 = Release|x64
		{BF5DA534-3D8F-418C-94B5-71CDF954F744}.Release|x86.ActiveCfg = Release|x86
		{BF5DA534-3D8F-418C-94B5-71CDF954F744}.Release|x86.Build.0 = Release|x86
		{BF5DA534-3D8F-418C-94B5-71CDF954F744}.Release|x86.Deploy.0 = Release|x86
		{FE63C973-B31C-4BF6-ACF6-3B86E1EDD7C4}.Ad-Hoc|Any CPU.ActiveCfg = Release|Any CPU
		{FE63C973-B31C-4BF6-ACF6-3B86E1EDD7C4}.Ad-Hoc|Any CPU.Build.0 = Release|Any CPU
		{FE63C973-B31C-4BF6-ACF6-3B86E1EDD7C4}.Ad-Hoc|ARM.ActiveCfg = Release|Any CPU
		{FE63C973-B31C-4BF6-ACF6-3B86E1EDD7C4}.Ad-Hoc|ARM.Build.0 = Release|Any CPU
		{FE63C973-B31C-4BF6-ACF6-3B86E1EDD7C4}.Ad-Hoc|iPhone.ActiveCfg = Release|Any CPU
		{FE63C973-B31C-4BF6-ACF6-3B86E1EDD7C4}.Ad-Hoc|iPhone.Build.0 = Release|Any CPU
		{FE63C973-B31C-4BF6-ACF6-3B86E1EDD7C4}.Ad-Hoc|iPhoneSimulator.ActiveCfg = Release|Any CPU
		{FE63C973-B31C-4BF6-ACF6-3B86E1EDD7C4}.Ad-Hoc|iPhoneSimulator.Build.0 = Release|Any CPU
		{FE63C973-B31C-4BF6-ACF6-3B86E1EDD7C4}.Ad-Hoc|x64.ActiveCfg = Release|Any CPU
		{FE63C973-B31C-4BF6-ACF6-3B86E1EDD7C4}.Ad-Hoc|x64.Build.0 = Release|Any CPU
		{FE63C973-B31C-4BF6-ACF6-3B86E1EDD7C4}.Ad-Hoc|x86.ActiveCfg = Release|Any CPU
		{FE63C973-B31C-4BF6-ACF6-3B86E1EDD7C4}.Ad-Hoc|x86.Build.0 = Release|Any CPU
		{FE63C973-B31C-4BF6-ACF6-3B86E1EDD7C4}.AppStore|Any CPU.ActiveCfg = Release|Any CPU
		{FE63C973-B31C-4BF6-ACF6-3B86E1EDD7C4}.AppStore|Any CPU.Build.0 = Release|Any CPU
		{FE63C973-B31C-4BF6-ACF6-3B86E1EDD7C4}.AppStore|ARM.ActiveCfg = Release|Any CPU
		{FE63C973-B31C-4BF6-ACF6-3B86E1EDD7C4}.AppStore|ARM.Build.0 = Release|Any CPU
		{FE63C973-B31C-4BF6-ACF6-3B86E1EDD7C4}.AppStore|iPhone.ActiveCfg = Release|Any CPU
		{FE63C973-B31C-4BF6-ACF6-3B86E1EDD7C4}.AppStore|iPhone.Build.0 = Release|Any CPU
		{FE63C973-B31C-4BF6-ACF6-3B86E1EDD7C4}.AppStore|iPhoneSimulator.ActiveCfg = Release|Any CPU
		{FE63C973-B31C-4BF6-ACF6-3B86E1EDD7C4}.AppStore|iPhoneSimulator.Build.0 = Release|Any CPU
		{FE63C973-B31C-4BF6-ACF6-3B86E1EDD7C4}.AppStore|x64.ActiveCfg = Release|Any CPU
		{FE63C973-B31C-4BF6-ACF6-3B86E1EDD7C4}.AppStore|x64.Build.0 = Release|Any CPU
		{FE63C973-B31C-4BF6-ACF6-3B86E1EDD7C4}.AppStore|x86.ActiveCfg = Release|Any CPU
		{FE63C973-B31C-4BF6-ACF6-3B86E1EDD7C4}.AppStore|x86.Build.0 = Release|Any CPU
		{FE63C973-B31C-4BF6-ACF6-3B86E1EDD7C4}.Debug|Any CPU.ActiveCfg = Debug|Any CPU
		{FE63C973-B31C-4BF6-ACF6-3B86E1EDD7C4}.Debug|Any CPU.Build.0 = Debug|Any CPU
		{FE63C973-B31C-4BF6-ACF6-3B86E1EDD7C4}.Debug|ARM.ActiveCfg = Debug|Any CPU
		{FE63C973-B31C-4BF6-ACF6-3B86E1EDD7C4}.Debug|ARM.Build.0 = Debug|Any CPU
		{FE63C973-B31C-4BF6-ACF6-3B86E1EDD7C4}.Debug|iPhone.ActiveCfg = Debug|Any CPU
		{FE63C973-B31C-4BF6-ACF6-3B86E1EDD7C4}.Debug|iPhone.Build.0 = Debug|Any CPU
		{FE63C973-B31C-4BF6-ACF6-3B86E1EDD7C4}.Debug|iPhoneSimulator.ActiveCfg = Debug|Any CPU
		{FE63C973-B31C-4BF6-ACF6-3B86E1EDD7C4}.Debug|iPhoneSimulator.Build.0 = Debug|Any CPU
		{FE63C973-B31C-4BF6-ACF6-3B86E1EDD7C4}.Debug|x64.ActiveCfg = Debug|Any CPU
		{FE63C973-B31C-4BF6-ACF6-3B86E1EDD7C4}.Debug|x64.Build.0 = Debug|Any CPU
		{FE63C973-B31C-4BF6-ACF6-3B86E1EDD7C4}.Debug|x86.ActiveCfg = Debug|Any CPU
		{FE63C973-B31C-4BF6-ACF6-3B86E1EDD7C4}.Debug|x86.Build.0 = Debug|Any CPU
		{FE63C973-B31C-4BF6-ACF6-3B86E1EDD7C4}.Release|Any CPU.ActiveCfg = Release|Any CPU
		{FE63C973-B31C-4BF6-ACF6-3B86E1EDD7C4}.Release|Any CPU.Build.0 = Release|Any CPU
		{FE63C973-B31C-4BF6-ACF6-3B86E1EDD7C4}.Release|ARM.ActiveCfg = Release|Any CPU
		{FE63C973-B31C-4BF6-ACF6-3B86E1EDD7C4}.Release|ARM.Build.0 = Release|Any CPU
		{FE63C973-B31C-4BF6-ACF6-3B86E1EDD7C4}.Release|iPhone.ActiveCfg = Release|Any CPU
		{FE63C973-B31C-4BF6-ACF6-3B86E1EDD7C4}.Release|iPhone.Build.0 = Release|Any CPU
		{FE63C973-B31C-4BF6-ACF6-3B86E1EDD7C4}.Release|iPhoneSimulator.ActiveCfg = Release|Any CPU
		{FE63C973-B31C-4BF6-ACF6-3B86E1EDD7C4}.Release|iPhoneSimulator.Build.0 = Release|Any CPU
		{FE63C973-B31C-4BF6-ACF6-3B86E1EDD7C4}.Release|x64.ActiveCfg = Release|Any CPU
		{FE63C973-B31C-4BF6-ACF6-3B86E1EDD7C4}.Release|x64.Build.0 = Release|Any CPU
		{FE63C973-B31C-4BF6-ACF6-3B86E1EDD7C4}.Release|x86.ActiveCfg = Release|Any CPU
		{FE63C973-B31C-4BF6-ACF6-3B86E1EDD7C4}.Release|x86.Build.0 = Release|Any CPU
	EndGlobalSection
	GlobalSection(SolutionProperties) = preSolution
		HideSolutionNode = FALSE
	EndGlobalSection
EndGlobal
